{
  "name": "@the-/password",
  "version": "15.1.4",
  "lockfileVersion": 1,
  "requires": true,
  "dependencies": {
    "@the-/script-build": {
      "version": "file:../script-build",
      "dev": true
    },
    "@the-/script-doc": {
      "version": "file:../script-doc",
      "dev": true
    },
    "@the-/script-test": {
      "version": "file:../script-test",
      "dev": true
    },
    "@the-/templates": {
      "version": "file:../templates",
      "dev": true
    },
    "abind": {
      "version": "1.0.5",
      "resolved": "https://registry.npmjs.org/abind/-/abind-1.0.5.tgz",
      "integrity": "sha512-dbaEZphdPje0ihqSdWg36Sb8S20TuqQomiz2593oIx+enQ9Q4vDZRjIzhnkWltGRKVKqC28kTribkgRLBexWVQ=="
    }
  }
}
