{
  "name": "@the-/scope",
  "version": "15.4.11",
  "lockfileVersion": 1,
  "requires": true,
  "dependencies": {
    "@the-/assert": {
      "version": "15.4.1",
      "resolved": "https://registry.npmjs.org/@the-/assert/-/assert-15.4.1.tgz",
      "integrity": "sha512-N90x/kUjXGGEL7jWtC1+byFXo1PYxbuuIrOxgofba9Y6LsEESiozLZ/b54tglWQhBRQlFo5Zlsb57kJlF9cBlw==",
      "requires": {
        "invariant": "^2.2.4"
      }
    },
    "@the-/check-env": {
      "version": "15.6.0",
      "resolved": "https://registry.npmjs.org/@the-/check-env/-/check-env-15.6.0.tgz",
      "integrity": "sha512-V9V9rwKUAwDYbrIgdHp7J+jAoXswvj9vyYC7jIeJCHAD+V6fk/vcAYLulfg9rGIG8DT88GnRZlLtpOMlT/m6ww=="
    },
    "@the-/store": {
      "version": "file:../store",
      "dev": true,
      "requires": {
        "@the-/assert": "^15.4.1",
        "@the-/check": "^15.5.8",
        "@the-/scope": "^15.4.9",
        "argx": "^4.0.4",
        "asobj": "^3.0.1",
        "bredux": "^3.0.7",
        "bwindow": "^2.0.3",
        "json-pointer": "^0.6.0",
        "objnest": "^5.0.10",
        "redux": "^4.0.4",
        "redux-actions": "^2.6.5",
        "redux-promise": "^0.6.0"
      },
      "dependencies": {
        "@the-/assert": {
          "version": "15.4.1",
          "resolved": "https://registry.npmjs.org/@the-/assert/-/assert-15.4.1.tgz",
          "integrity": "sha512-N90x/kUjXGGEL7jWtC1+byFXo1PYxbuuIrOxgofba9Y6LsEESiozLZ/b54tglWQhBRQlFo5Zlsb57kJlF9cBlw==",
          "dev": true,
          "requires": {
            "invariant": "^2.2.4"
          }
        },
        "@the-/check": {
          "version": "15.6.2",
          "resolved": "https://registry.npmjs.org/@the-/check/-/check-15.6.2.tgz",
          "integrity": "sha512-XhHufnY8yEkhFa/E/fk2g0//gWwo6uvsVnZks8hOIvgBGWbi/wIVTmlEFqR8BDA4icPPF+5+O6S9qlqPD7zmKg==",
          "dev": true,
          "requires": {
            "@the-/check-env": "^15.5.8",
            "bowser": "^2.7.0",
            "bwindow": "^2.0.3",
            "os-browserify": "^0.3.0"
          }
        },
        "@the-/check-env": {
          "version": "15.6.0",
          "resolved": "https://registry.npmjs.org/@the-/check-env/-/check-env-15.6.0.tgz",
          "integrity": "sha512-V9V9rwKUAwDYbrIgdHp7J+jAoXswvj9vyYC7jIeJCHAD+V6fk/vcAYLulfg9rGIG8DT88GnRZlLtpOMlT/m6ww==",
          "dev": true
        },
        "@the-/scope": {
          "version": "15.4.9",
          "resolved": "https://registry.npmjs.org/@the-/scope/-/scope-15.4.9.tgz",
          "integrity": "sha512-bsBI0FDBjp5AAtPe0jtHoeOhyiDuuwILv9eGOOSWw/NRebs7vnb5E7Ml+RzDGeG+K5/fd3GrwO+DPT2qlOglqg==",
          "dev": true,
          "requires": {
            "@the-/assert": "^15.4.1",
            "@the-/check": "^15.5.5",
            "asobj": "^3.0.1"
          }
        },
        "abind": {
          "version": "1.0.5",
          "resolved": "https://registry.npmjs.org/abind/-/abind-1.0.5.tgz",
          "integrity": "sha512-dbaEZphdPje0ihqSdWg36Sb8S20TuqQomiz2593oIx+enQ9Q4vDZRjIzhnkWltGRKVKqC28kTribkgRLBexWVQ==",
          "dev": true
        },
        "argx": {
          "version": "4.0.4",
          "resolved": "https://registry.npmjs.org/argx/-/argx-4.0.4.tgz",
          "integrity": "sha512-XLWeRTNBJRzQkbMweLIxdtnvpE7iYUBraPwrIJX57FjL4D1RHLMJRM1AyEP6KZHgvjW7TSnxF8MpGic7YdTGOA==",
          "dev": true,
          "requires": {
            "iftype": "^4.0.9"
          }
        },
        "asobj": {
          "version": "3.0.1",
          "resolved": "https://registry.npmjs.org/asobj/-/asobj-3.0.1.tgz",
          "integrity": "sha512-cIcpnl6/RU6n6LhdO2Cgno8FsAbncOxKmbG7oWvi2iO4nA7GwuYAmnVigugp5u6BYKwJxWc2/Z4NtVbGXQ6xcw==",
          "dev": true,
          "requires": {
            "deep-equal": "^1.0.1"
          }
        },
        "bowser": {
          "version": "2.7.0",
          "resolved": "https://registry.npmjs.org/bowser/-/bowser-2.7.0.tgz",
          "integrity": "sha512-aIlMvstvu8x+34KEiOHD3AsBgdrzg6sxALYiukOWhFvGMbQI6TRP/iY0LMhUrHs56aD6P1G0Z7h45PUJaa5m9w==",
          "dev": true
        },
        "bredux": {
          "version": "3.0.7",
          "resolved": "https://registry.npmjs.org/bredux/-/bredux-3.0.7.tgz",
          "integrity": "sha512-nqaAl4EMwU2Xdza3D7w1XQRgZTMUwOU70s8wkUNmrjAK5i6DUnXckzxn4mFBC6AOyaviaMGwGD/f10NUcwbvgQ==",
          "dev": true,
          "requires": {
            "bstorage": "^2.0.3"
          }
        },
        "bstorage": {
          "version": "2.0.4",
          "resolved": "https://registry.npmjs.org/bstorage/-/bstorage-2.0.4.tgz",
          "integrity": "sha512-uZRtqXqXVfGJ37aP6MlcnjF8GU3fzNB3hrbWBIXO8nx7NrGkZny0xBotV+JzpoT/ja7hfvhrbEMh47S7hBnuyA==",
          "dev": true,
          "requires": {
            "bwindow": "^2.0.2",
            "qs": "^6.6.0"
          }
        },
        "bwindow": {
          "version": "2.0.3",
          "resolved": "https://registry.npmjs.org/bwindow/-/bwindow-2.0.3.tgz",
          "integrity": "sha512-UfWQL9Zr9ORD2oTFNzzkGk4ve1GMd8iZ2AF/ozIordNtxkGs68Oa1QkemsVX0i7FWZE5T6mIR7LV9Pa3q+4d3w==",
          "dev": true
        },
        "deep-equal": {
          "version": "1.0.1",
          "resolved": "https://registry.npmjs.org/deep-equal/-/deep-equal-1.0.1.tgz",
          "integrity": "sha1-9dJgKStmDghO/0zbyfCK0yR0SLU=",
          "dev": true
        },
        "extend": {
          "version": "3.0.2",
          "resolved": "https://registry.npmjs.org/extend/-/extend-3.0.2.tgz",
          "integrity": "sha512-fjquC59cD7CyW6urNXK0FBufkZcoiGG80wTuPujX590cB5Ttln20E2UB4S/WARVqhXffZl2LNgS+gQdPIIim/g==",
          "dev": true
        },
        "flux-standard-action": {
          "version": "2.1.1",
          "resolved": "https://registry.npmjs.org/flux-standard-action/-/flux-standard-action-2.1.1.tgz",
          "integrity": "sha512-W86GzmXmIiTVq/dpYVd2HtTIUX9c35Iq3ao3xR6qcKtuXgbu+BDEj72op5VnEIe/kpuSbhl+I8kT1iS2hpcusw==",
          "dev": true,
          "requires": {
            "lodash": "^4.17.15"
          }
        },
        "foreach": {
          "version": "2.0.5",
          "resolved": "https://registry.npmjs.org/foreach/-/foreach-2.0.5.tgz",
          "integrity": "sha1-C+4AUBiusmDQo6865ljdATbsG5k=",
          "dev": true
        },
        "iftype": {
          "version": "4.0.9",
          "resolved": "https://registry.npmjs.org/iftype/-/iftype-4.0.9.tgz",
          "integrity": "sha512-01Klo+04dkDzY193D1GVfOdQzmpqaYFJTAlZKRztkT/BOaU7sSnvxGimSln+7DMqLUP4tpDTNFgxqVPLYZVypA==",
          "dev": true
        },
        "invariant": {
          "version": "2.2.4",
          "resolved": "https://registry.npmjs.org/invariant/-/invariant-2.2.4.tgz",
          "integrity": "sha512-phJfQVBuaJM5raOpJjSfkiD6BpbCE4Ns//LaXl6wGYtUBY83nWS6Rf9tXm2e8VaK60JEjYldbPif/A2B1C2gNA==",
          "dev": true,
          "requires": {
            "loose-envify": "^1.0.0"
          }
        },
        "is-promise": {
          "version": "2.1.0",
          "resolved": "https://registry.npmjs.org/is-promise/-/is-promise-2.1.0.tgz",
          "integrity": "sha1-eaKp7OfwlugPNtKy87wWwf9L8/o=",
          "dev": true
        },
        "js-tokens": {
          "version": "4.0.0",
          "resolved": "https://registry.npmjs.org/js-tokens/-/js-tokens-4.0.0.tgz",
          "integrity": "sha512-RdJUflcE3cUzKiMqQgsCu06FPu9UdIJO0beYbPhHN4k6apgJtifcoCtT9bcxOpYBtpD2kCM6Sbzg4CausW/PKQ==",
          "dev": true
        },
        "json-pointer": {
          "version": "0.6.0",
          "resolved": "https://registry.npmjs.org/json-pointer/-/json-pointer-0.6.0.tgz",
          "integrity": "sha1-jlAFUKaqxUZKRzN32leqbMIoKNc=",
          "dev": true,
          "requires": {
            "foreach": "^2.0.4"
          }
        },
        "just-curry-it": {
          "version": "3.1.0",
          "resolved": "https://registry.npmjs.org/just-curry-it/-/just-curry-it-3.1.0.tgz",
          "integrity": "sha512-mjzgSOFzlrurlURaHVjnQodyPNvrHrf1TbQP2XU9NSqBtHQPuHZ+Eb6TAJP7ASeJN9h9K0KXoRTs8u6ouHBKvg==",
          "dev": true
        },
        "lodash": {
          "version": "4.17.15",
          "resolved": "https://registry.npmjs.org/lodash/-/lodash-4.17.15.tgz",
          "integrity": "sha512-8xOcRHvCjnocdS5cpwXQXVzmmh5e5+saE2QGoeQmbKmRS6J3VQppPOIt0MnmE+4xlZoumy0GPG0D0MVIQbNA1A==",
          "dev": true
        },
        "loose-envify": {
          "version": "1.4.0",
          "resolved": "https://registry.npmjs.org/loose-envify/-/loose-envify-1.4.0.tgz",
          "integrity": "sha512-lyuxPGr/Wfhrlem2CL/UcnUc1zcqKAImBDzukY7Y5F/yQiNdko6+fRLevlw1HgMySw7f611UIY408EtxRSoK3Q==",
          "dev": true,
          "requires": {
            "js-tokens": "^3.0.0 || ^4.0.0"
          }
        },
        "objnest": {
          "version": "5.0.10",
          "resolved": "https://registry.npmjs.org/objnest/-/objnest-5.0.10.tgz",
          "integrity": "sha512-sIXiWbzbaOszhnaioxGyaLvBUF86nnEX/zgTrGskEJsXEqjBwLCsVy+a7Na93mW474lvtSIc3tOYiaXgHQw7Mg==",
          "dev": true,
          "requires": {
            "abind": "^1.0.4",
            "extend": "^3.0.2"
          }
        },
        "os-browserify": {
          "version": "0.3.0",
          "resolved": "https://registry.npmjs.org/os-browserify/-/os-browserify-0.3.0.tgz",
          "integrity": "sha1-hUNzx/XCMVkU/Jv8a9gjj92h7Cc=",
          "dev": true
        },
        "qs": {
          "version": "6.8.0",
          "resolved": "https://registry.npmjs.org/qs/-/qs-6.8.0.tgz",
          "integrity": "sha512-tPSkj8y92PfZVbinY1n84i1Qdx75lZjMQYx9WZhnkofyxzw2r7Ho39G3/aEvSUdebxpnnM4LZJCtvE/Aq3+s9w==",
          "dev": true
        },
        "reduce-reducers": {
          "version": "0.4.3",
          "resolved": "https://registry.npmjs.org/reduce-reducers/-/reduce-reducers-0.4.3.tgz",
          "integrity": "sha512-+CNMnI8QhgVMtAt54uQs3kUxC3Sybpa7Y63HR14uGLgI9/QR5ggHvpxwhGGe3wmx5V91YwqQIblN9k5lspAmGw==",
          "dev": true
        },
        "redux": {
          "version": "4.0.4",
          "resolved": "https://registry.npmjs.org/redux/-/redux-4.0.4.tgz",
          "integrity": "sha512-vKv4WdiJxOWKxK0yRoaK3Y4pxxB0ilzVx6dszU2W8wLxlb2yikRph4iV/ymtdJ6ZxpBLFbyrxklnT5yBbQSl3Q==",
          "dev": true,
          "requires": {
            "loose-envify": "^1.4.0",
            "symbol-observable": "^1.2.0"
          }
        },
        "redux-actions": {
          "version": "2.6.5",
          "resolved": "https://registry.npmjs.org/redux-actions/-/redux-actions-2.6.5.tgz",
          "integrity": "sha512-pFhEcWFTYNk7DhQgxMGnbsB1H2glqhQJRQrtPb96kD3hWiZRzXHwwmFPswg6V2MjraXRXWNmuP9P84tvdLAJmw==",
          "dev": true,
          "requires": {
            "invariant": "^2.2.4",
            "just-curry-it": "^3.1.0",
            "loose-envify": "^1.4.0",
            "reduce-reducers": "^0.4.3",
            "to-camel-case": "^1.0.0"
          }
        },
        "redux-promise": {
          "version": "0.6.0",
          "resolved": "https://registry.npmjs.org/redux-promise/-/redux-promise-0.6.0.tgz",
          "integrity": "sha512-R2mGxJbPFgXyCNbFDE6LjTZhCEuACF54g1bxld3nqBhnRMX0OsUyWk77moF7UMGkUdl5WOAwc4BC5jOd1dunqQ==",
          "dev": true,
          "requires": {
            "flux-standard-action": "^2.0.3",
            "is-promise": "^2.1.0"
          }
        },
        "symbol-observable": {
          "version": "1.2.0",
          "resolved": "https://registry.npmjs.org/symbol-observable/-/symbol-observable-1.2.0.tgz",
          "integrity": "sha512-e900nM8RRtGhlV36KGEU9k65K3mPb1WV70OdjfxlG2EAuM1noi/E/BaW/uMhL7bPEssK8QV57vN3esixjUvcXQ==",
          "dev": true
        },
        "to-camel-case": {
          "version": "1.0.0",
          "resolved": "https://registry.npmjs.org/to-camel-case/-/to-camel-case-1.0.0.tgz",
          "integrity": "sha1-GlYFSy+daWKYzmamCJcyK29CPkY=",
          "dev": true,
          "requires": {
            "to-space-case": "^1.0.0"
          }
        },
        "to-no-case": {
          "version": "1.0.2",
          "resolved": "https://registry.npmjs.org/to-no-case/-/to-no-case-1.0.2.tgz",
          "integrity": "sha1-xyKQcWTvaxeBMsjmmTAhLRtKoWo=",
          "dev": true
        },
        "to-space-case": {
          "version": "1.0.0",
          "resolved": "https://registry.npmjs.org/to-space-case/-/to-space-case-1.0.0.tgz",
          "integrity": "sha1-sFLar7Gysp3HcM6gFj5ewOvJ/Bc=",
          "dev": true,
          "requires": {
            "to-no-case": "^1.0.0"
          }
        }
      }
    },
    "asobj": {
      "version": "3.0.1",
      "resolved": "https://registry.npmjs.org/asobj/-/asobj-3.0.1.tgz",
      "integrity": "sha512-cIcpnl6/RU6n6LhdO2Cgno8FsAbncOxKmbG7oWvi2iO4nA7GwuYAmnVigugp5u6BYKwJxWc2/Z4NtVbGXQ6xcw==",
      "requires": {
        "deep-equal": "^1.0.1"
      }
    },
    "deep-equal": {
      "version": "1.0.1",
      "resolved": "https://registry.npmjs.org/deep-equal/-/deep-equal-1.0.1.tgz",
      "integrity": "sha1-9dJgKStmDghO/0zbyfCK0yR0SLU="
    },
    "invariant": {
      "version": "2.2.4",
      "resolved": "https://registry.npmjs.org/invariant/-/invariant-2.2.4.tgz",
      "integrity": "sha512-phJfQVBuaJM5raOpJjSfkiD6BpbCE4Ns//LaXl6wGYtUBY83nWS6Rf9tXm2e8VaK60JEjYldbPif/A2B1C2gNA==",
      "requires": {
        "loose-envify": "^1.0.0"
      }
    },
    "js-tokens": {
      "version": "4.0.0",
      "resolved": "https://registry.npmjs.org/js-tokens/-/js-tokens-4.0.0.tgz",
      "integrity": "sha512-RdJUflcE3cUzKiMqQgsCu06FPu9UdIJO0beYbPhHN4k6apgJtifcoCtT9bcxOpYBtpD2kCM6Sbzg4CausW/PKQ=="
    },
    "loose-envify": {
      "version": "1.4.0",
      "resolved": "https://registry.npmjs.org/loose-envify/-/loose-envify-1.4.0.tgz",
      "integrity": "sha512-lyuxPGr/Wfhrlem2CL/UcnUc1zcqKAImBDzukY7Y5F/yQiNdko6+fRLevlw1HgMySw7f611UIY408EtxRSoK3Q==",
      "requires": {
        "js-tokens": "^3.0.0 || ^4.0.0"
      }
    }
  }
}
