{
  "dependencies": {
    "abind": {
      "integrity": "sha512-dbaEZphdPje0ihqSdWg36Sb8S20TuqQomiz2593oIx+enQ9Q4vDZRjIzhnkWltGRKVKqC28kTribkgRLBexWVQ==",
      "resolved": "https://registry.npmjs.org/abind/-/abind-1.0.5.tgz",
      "version": "1.0.5"
    },
    "argx": {
      "integrity": "sha512-4WvYYNIiaebHrhZnToPHiBqBPjERn8pSAL/jrDOEZfFHKUWo5EhZ3Jr5o0BXDLWI562N7Umq8i7TJxtrXkuelw==",
      "requires": {
        "iftype": "^4.0.1"
      },
      "resolved": "https://registry.npmjs.org/argx/-/argx-4.0.0.tgz",
      "version": "4.0.0"
    },
    "asobj": {
      "integrity": "sha512-cIcpnl6/RU6n6LhdO2Cgno8FsAbncOxKmbG7oWvi2iO4nA7GwuYAmnVigugp5u6BYKwJxWc2/Z4NtVbGXQ6xcw==",
      "requires": {
        "deep-equal": "^1.0.1"
      },
      "resolved": "https://registry.npmjs.org/asobj/-/asobj-3.0.1.tgz",
      "version": "3.0.1"
    },
    "deep-equal": {
      "integrity": "sha1-9dJgKStmDghO/0zbyfCK0yR0SLU=",
      "resolved": "https://registry.npmjs.org/deep-equal/-/deep-equal-1.0.1.tgz",
      "version": "1.0.1"
    },
    "evaljson": {
      "integrity": "sha512-IxOHpDIFxJPAMV7MDsc/0FzsNj8tpzH6Nb/E9IuqMJPy2NorFQKpARHVjkKkjERgwFBdKyXuN8EM908trjoQMg==",
      "requires": {
        "argx": "^4.0.0",
        "asobj": "^3.0.1",
        "objnest": "^5.0.4"
      },
      "resolved": "https://registry.npmjs.org/evaljson/-/evaljson-6.0.4.tgz",
      "version": "6.0.4"
    },
    "extend": {
      "integrity": "sha512-fjquC59cD7CyW6urNXK0FBufkZcoiGG80wTuPujX590cB5Ttln20E2UB4S/WARVqhXffZl2LNgS+gQdPIIim/g==",
      "resolved": "https://registry.npmjs.org/extend/-/extend-3.0.2.tgz",
      "version": "3.0.2"
    },
    "faker": {
      "integrity": "sha1-HkW7vsxndLPBlfrSg1EJxtdIzD8=",
      "resolved": "https://registry.npmjs.org/faker/-/faker-4.1.0.tgz",
      "version": "4.1.0"
    },
    "iftype": {
      "integrity": "sha512-PEPbC208d0CuiUb71XF+MY+xhDZp82od8aWOMOV5XP9b18l4RIrcl+FwBLq3I+aHpg5K3YJNUL6so5+6DFbONQ==",
      "resolved": "https://registry.npmjs.org/iftype/-/iftype-4.0.2.tgz",
      "version": "4.0.2"
    },
    "objnest": {
      "integrity": "sha512-KmL5Ah+xJG9+y6Xpm1IQ9EqS9EMEy49ylvhM99+iGFZ7tEErzKW5eRoCSc2cEwjYk9Vkvtu+fOTrR1CiAJfs0w==",
      "requires": {
        "abind": "^1.0.4",
        "extend": "^3.0.2"
      },
      "resolved": "https://registry.npmjs.org/objnest/-/objnest-5.0.6.tgz",
      "version": "5.0.6"
    }
  },
  "lockfileVersion": 1,
  "name": "@the-/seed",
  "requires": true,
  "version": "15.4.1"
}
