{
  "name": "@the-/util-sw",
  "version": "15.5.3",
  "lockfileVersion": 1,
  "requires": true,
  "dependencies": {
    "@the-/check-env": {
      "version": "15.6.0",
      "resolved": "https://registry.npmjs.org/@the-/check-env/-/check-env-15.6.0.tgz",
      "integrity": "sha512-V9V9rwKUAwDYbrIgdHp7J+jAoXswvj9vyYC7jIeJCHAD+V6fk/vcAYLulfg9rGIG8DT88GnRZlLtpOMlT/m6ww=="
    },
    "cross-fetch": {
      "version": "3.0.6",
      "resolved": "https://registry.npmjs.org/cross-fetch/-/cross-fetch-3.0.6.tgz",
      "integrity": "sha512-KBPUbqgFjzWlVcURG+Svp9TlhA5uliYtiNx/0r8nv0pdypeQCRJ9IaSIc3q/x3q8t3F75cHuwxVql1HFGHCNJQ==",
      "dev": true,
      "requires": {
        "node-fetch": "2.6.1"
      }
    },
    "injectmock": {
      "version": "2.0.0",
      "resolved": "https://registry.npmjs.org/injectmock/-/injectmock-2.0.0.tgz",
      "integrity": "sha1-pNaHYIf11NZqbA3JBylZzf4U5wQ=",
      "dev": true
    },
    "node-fetch": {
      "version": "2.6.1",
      "resolved": "https://registry.npmjs.org/node-fetch/-/node-fetch-2.6.1.tgz",
      "integrity": "sha512-V4aYg89jEoVRxRb2fJdAg8FHvI7cEyYdVAh94HH0UIK8oJxUfkjlDQN9RbMx+bEjP7+ggMiFRprSti032Oipxw==",
      "dev": true
    },
    "querystringify": {
      "version": "2.1.1",
      "resolved": "https://registry.npmjs.org/querystringify/-/querystringify-2.1.1.tgz",
      "integrity": "sha512-w7fLxIRCRT7U8Qu53jQnJyPkYZIaR4n5151KMfcJlO/A9397Wxb1amJvROTK6TOnp7PfoAmg/qXiNHI+08jRfA=="
    },
    "requires-port": {
      "version": "1.0.0",
      "resolved": "https://registry.npmjs.org/requires-port/-/requires-port-1.0.0.tgz",
      "integrity": "sha1-kl0mAdOaxIXgkc8NpcbmlNw9yv8="
    },
    "url-parse": {
      "version": "1.4.7",
      "resolved": "https://registry.npmjs.org/url-parse/-/url-parse-1.4.7.tgz",
      "integrity": "sha512-d3uaVyzDB9tQoSXFvuSUNFibTd9zxd2bkVrDRvF5TmvWWQwqE4lgYJ5m+x1DbecWkw+LK4RNl2CU1hHuOKPVlg==",
      "requires": {
        "querystringify": "^2.1.1",
        "requires-port": "^1.0.0"
      }
    }
  }
}
