{
  "name": "@the-/pack",
  "version": "16.2.10",
  "lockfileVersion": 1,
  "requires": true,
  "dependencies": {
    "@msgpack/msgpack": {
      "version": "1.12.1",
      "resolved": "https://registry.npmjs.org/@msgpack/msgpack/-/msgpack-1.12.1.tgz",
      "integrity": "sha512-nGwwmkdm3tuLdEkWMIwLBgFBfMFILILxcZIQY0dfqsdboN2iZdKfOYKUOKoa0wXw1FL1PL3yEYGPCXhwodQDTA=="
    },
    "asleep": {
      "version": "1.0.3",
      "resolved": "https://registry.npmjs.org/asleep/-/asleep-1.0.3.tgz",
      "integrity": "sha1-oQTiSsIpVjxCXk6n51tXihnuIY4="
    },
    "uuid": {
      "version": "7.0.3",
      "resolved": "https://registry.npmjs.org/uuid/-/uuid-7.0.3.tgz",
      "integrity": "sha512-DPSke0pXhTZgoF/d+WSt2QaKMCFSfx7QegxEWT+JOuHF5aWrKEn0G+ztjuJg/gG8/ItK+rbPCD/yNv8yyih6Cg=="
    }
  }
}
