{
  "name": "@the-/facade-scope",
  "version": "16.1.27",
  "lockfileVersion": 1,
  "requires": true,
  "dependencies": {
    "@the-/assert": {
      "version": "15.4.1",
      "resolved": "https://registry.npmjs.org/@the-/assert/-/assert-15.4.1.tgz",
      "integrity": "sha512-N90x/kUjXGGEL7jWtC1+byFXo1PYxbuuIrOxgofba9Y6LsEESiozLZ/b54tglWQhBRQlFo5Zlsb57kJlF9cBlw==",
      "requires": {
        "invariant": "^2.2.4"
      }
    },
    "@the-/check-env": {
      "version": "15.6.0",
      "resolved": "https://registry.npmjs.org/@the-/check-env/-/check-env-15.6.0.tgz",
      "integrity": "sha512-V9V9rwKUAwDYbrIgdHp7J+jAoXswvj9vyYC7jIeJCHAD+V6fk/vcAYLulfg9rGIG8DT88GnRZlLtpOMlT/m6ww==",
      "dev": true
    },
    "@the-/scope": {
      "version": "15.4.13",
      "resolved": "https://registry.npmjs.org/@the-/scope/-/scope-15.4.13.tgz",
      "integrity": "sha512-NXrUrp6YRT189dBBJdIfH6hxeUnmEygQWeLkx6kAU6QeKH1haYLsWOoLwnMaeHMWZR9KWaVFjN7nUM3fy8Xocg==",
      "dev": true,
      "requires": {
        "@the-/assert": "^15.4.1",
        "@the-/check-env": "^15.6.0",
        "asobj": "^3.0.1"
      }
    },
    "@the-/store": {
      "version": "file:../store",
      "dev": true,
      "requires": {
        "@the-/assert": "^15.4.1",
        "@the-/check-env": "^15.6.0",
        "@the-/scope": "^15.4.13",
        "argx": "^4.0.4",
        "asobj": "^3.0.1",
        "bredux": "^3.0.7",
        "bwindow": "^2.0.3",
        "json-pointer": "^0.6.0",
        "objnest": "^5.0.10"
      },
      "dependencies": {
        "@the-/assert": {
          "version": "15.4.1",
          "resolved": "https://registry.npmjs.org/@the-/assert/-/assert-15.4.1.tgz",
          "integrity": "sha512-N90x/kUjXGGEL7jWtC1+byFXo1PYxbuuIrOxgofba9Y6LsEESiozLZ/b54tglWQhBRQlFo5Zlsb57kJlF9cBlw==",
          "dev": true,
          "requires": {
            "invariant": "^2.2.4"
          }
        },
        "@the-/check-env": {
          "version": "15.6.0",
          "resolved": "https://registry.npmjs.org/@the-/check-env/-/check-env-15.6.0.tgz",
          "integrity": "sha512-V9V9rwKUAwDYbrIgdHp7J+jAoXswvj9vyYC7jIeJCHAD+V6fk/vcAYLulfg9rGIG8DT88GnRZlLtpOMlT/m6ww==",
          "dev": true
        },
        "@the-/scope": {
          "version": "15.4.13",
          "resolved": "https://registry.npmjs.org/@the-/scope/-/scope-15.4.13.tgz",
          "integrity": "sha512-NXrUrp6YRT189dBBJdIfH6hxeUnmEygQWeLkx6kAU6QeKH1haYLsWOoLwnMaeHMWZR9KWaVFjN7nUM3fy8Xocg==",
          "dev": true,
          "requires": {
            "@the-/assert": "^15.4.1",
            "@the-/check-env": "^15.6.0",
            "asobj": "^3.0.1"
          }
        },
        "abind": {
          "version": "1.0.5",
          "resolved": "https://registry.npmjs.org/abind/-/abind-1.0.5.tgz",
          "integrity": "sha512-dbaEZphdPje0ihqSdWg36Sb8S20TuqQomiz2593oIx+enQ9Q4vDZRjIzhnkWltGRKVKqC28kTribkgRLBexWVQ==",
          "dev": true
        },
        "argx": {
          "version": "4.0.4",
          "resolved": "https://registry.npmjs.org/argx/-/argx-4.0.4.tgz",
          "integrity": "sha512-XLWeRTNBJRzQkbMweLIxdtnvpE7iYUBraPwrIJX57FjL4D1RHLMJRM1AyEP6KZHgvjW7TSnxF8MpGic7YdTGOA==",
          "dev": true,
          "requires": {
            "iftype": "^4.0.9"
          }
        },
        "asobj": {
          "version": "3.0.1",
          "resolved": "https://registry.npmjs.org/asobj/-/asobj-3.0.1.tgz",
          "integrity": "sha512-cIcpnl6/RU6n6LhdO2Cgno8FsAbncOxKmbG7oWvi2iO4nA7GwuYAmnVigugp5u6BYKwJxWc2/Z4NtVbGXQ6xcw==",
          "dev": true,
          "requires": {
            "deep-equal": "^1.0.1"
          }
        },
        "bredux": {
          "version": "3.0.7",
          "resolved": "https://registry.npmjs.org/bredux/-/bredux-3.0.7.tgz",
          "integrity": "sha512-nqaAl4EMwU2Xdza3D7w1XQRgZTMUwOU70s8wkUNmrjAK5i6DUnXckzxn4mFBC6AOyaviaMGwGD/f10NUcwbvgQ==",
          "dev": true,
          "requires": {
            "bstorage": "^2.0.3"
          }
        },
        "bstorage": {
          "version": "2.0.4",
          "resolved": "https://registry.npmjs.org/bstorage/-/bstorage-2.0.4.tgz",
          "integrity": "sha512-uZRtqXqXVfGJ37aP6MlcnjF8GU3fzNB3hrbWBIXO8nx7NrGkZny0xBotV+JzpoT/ja7hfvhrbEMh47S7hBnuyA==",
          "dev": true,
          "requires": {
            "bwindow": "^2.0.2",
            "qs": "^6.6.0"
          }
        },
        "bwindow": {
          "version": "2.0.3",
          "resolved": "https://registry.npmjs.org/bwindow/-/bwindow-2.0.3.tgz",
          "integrity": "sha512-UfWQL9Zr9ORD2oTFNzzkGk4ve1GMd8iZ2AF/ozIordNtxkGs68Oa1QkemsVX0i7FWZE5T6mIR7LV9Pa3q+4d3w==",
          "dev": true
        },
        "deep-equal": {
          "version": "1.0.1",
          "resolved": "https://registry.npmjs.org/deep-equal/-/deep-equal-1.0.1.tgz",
          "integrity": "sha1-9dJgKStmDghO/0zbyfCK0yR0SLU=",
          "dev": true
        },
        "extend": {
          "version": "3.0.2",
          "resolved": "https://registry.npmjs.org/extend/-/extend-3.0.2.tgz",
          "integrity": "sha512-fjquC59cD7CyW6urNXK0FBufkZcoiGG80wTuPujX590cB5Ttln20E2UB4S/WARVqhXffZl2LNgS+gQdPIIim/g==",
          "dev": true
        },
        "flux-standard-action": {
          "version": "2.1.1",
          "resolved": "https://registry.npmjs.org/flux-standard-action/-/flux-standard-action-2.1.1.tgz",
          "integrity": "sha512-W86GzmXmIiTVq/dpYVd2HtTIUX9c35Iq3ao3xR6qcKtuXgbu+BDEj72op5VnEIe/kpuSbhl+I8kT1iS2hpcusw==",
          "requires": {
            "lodash": "^4.17.15"
          }
        },
        "foreach": {
          "version": "2.0.5",
          "resolved": "https://registry.npmjs.org/foreach/-/foreach-2.0.5.tgz",
          "integrity": "sha1-C+4AUBiusmDQo6865ljdATbsG5k=",
          "dev": true
        },
        "iftype": {
          "version": "4.0.9",
          "resolved": "https://registry.npmjs.org/iftype/-/iftype-4.0.9.tgz",
          "integrity": "sha512-01Klo+04dkDzY193D1GVfOdQzmpqaYFJTAlZKRztkT/BOaU7sSnvxGimSln+7DMqLUP4tpDTNFgxqVPLYZVypA==",
          "dev": true
        },
        "invariant": {
          "version": "2.2.4",
          "resolved": "https://registry.npmjs.org/invariant/-/invariant-2.2.4.tgz",
          "integrity": "sha512-phJfQVBuaJM5raOpJjSfkiD6BpbCE4Ns//LaXl6wGYtUBY83nWS6Rf9tXm2e8VaK60JEjYldbPif/A2B1C2gNA==",
          "requires": {
            "loose-envify": "^1.0.0"
          }
        },
        "is-promise": {
          "version": "2.1.0",
          "resolved": "https://registry.npmjs.org/is-promise/-/is-promise-2.1.0.tgz",
          "integrity": "sha1-eaKp7OfwlugPNtKy87wWwf9L8/o="
        },
        "js-tokens": {
          "version": "4.0.0",
          "resolved": "https://registry.npmjs.org/js-tokens/-/js-tokens-4.0.0.tgz",
          "integrity": "sha512-RdJUflcE3cUzKiMqQgsCu06FPu9UdIJO0beYbPhHN4k6apgJtifcoCtT9bcxOpYBtpD2kCM6Sbzg4CausW/PKQ=="
        },
        "json-pointer": {
          "version": "0.6.0",
          "resolved": "https://registry.npmjs.org/json-pointer/-/json-pointer-0.6.0.tgz",
          "integrity": "sha1-jlAFUKaqxUZKRzN32leqbMIoKNc=",
          "dev": true,
          "requires": {
            "foreach": "^2.0.4"
          }
        },
        "just-curry-it": {
          "version": "3.1.0",
          "resolved": "https://registry.npmjs.org/just-curry-it/-/just-curry-it-3.1.0.tgz",
          "integrity": "sha512-mjzgSOFzlrurlURaHVjnQodyPNvrHrf1TbQP2XU9NSqBtHQPuHZ+Eb6TAJP7ASeJN9h9K0KXoRTs8u6ouHBKvg=="
        },
        "lodash": {
          "version": "4.17.15",
          "resolved": "https://registry.npmjs.org/lodash/-/lodash-4.17.15.tgz",
          "integrity": "sha512-8xOcRHvCjnocdS5cpwXQXVzmmh5e5+saE2QGoeQmbKmRS6J3VQppPOIt0MnmE+4xlZoumy0GPG0D0MVIQbNA1A=="
        },
        "loose-envify": {
          "version": "1.4.0",
          "resolved": "https://registry.npmjs.org/loose-envify/-/loose-envify-1.4.0.tgz",
          "integrity": "sha512-lyuxPGr/Wfhrlem2CL/UcnUc1zcqKAImBDzukY7Y5F/yQiNdko6+fRLevlw1HgMySw7f611UIY408EtxRSoK3Q==",
          "requires": {
            "js-tokens": "^3.0.0 || ^4.0.0"
          }
        },
        "objnest": {
          "version": "5.0.10",
          "resolved": "https://registry.npmjs.org/objnest/-/objnest-5.0.10.tgz",
          "integrity": "sha512-sIXiWbzbaOszhnaioxGyaLvBUF86nnEX/zgTrGskEJsXEqjBwLCsVy+a7Na93mW474lvtSIc3tOYiaXgHQw7Mg==",
          "dev": true,
          "requires": {
            "abind": "^1.0.4",
            "extend": "^3.0.2"
          }
        },
        "qs": {
          "version": "6.8.0",
          "resolved": "https://registry.npmjs.org/qs/-/qs-6.8.0.tgz",
          "integrity": "sha512-tPSkj8y92PfZVbinY1n84i1Qdx75lZjMQYx9WZhnkofyxzw2r7Ho39G3/aEvSUdebxpnnM4LZJCtvE/Aq3+s9w==",
          "dev": true
        },
        "reduce-reducers": {
          "version": "0.4.3",
          "resolved": "https://registry.npmjs.org/reduce-reducers/-/reduce-reducers-0.4.3.tgz",
          "integrity": "sha512-+CNMnI8QhgVMtAt54uQs3kUxC3Sybpa7Y63HR14uGLgI9/QR5ggHvpxwhGGe3wmx5V91YwqQIblN9k5lspAmGw=="
        },
        "redux": {
          "version": "4.0.4",
          "resolved": "https://registry.npmjs.org/redux/-/redux-4.0.4.tgz",
          "integrity": "sha512-vKv4WdiJxOWKxK0yRoaK3Y4pxxB0ilzVx6dszU2W8wLxlb2yikRph4iV/ymtdJ6ZxpBLFbyrxklnT5yBbQSl3Q==",
          "requires": {
            "loose-envify": "^1.4.0",
            "symbol-observable": "^1.2.0"
          }
        },
        "redux-actions": {
          "version": "2.6.5",
          "resolved": "https://registry.npmjs.org/redux-actions/-/redux-actions-2.6.5.tgz",
          "integrity": "sha512-pFhEcWFTYNk7DhQgxMGnbsB1H2glqhQJRQrtPb96kD3hWiZRzXHwwmFPswg6V2MjraXRXWNmuP9P84tvdLAJmw==",
          "requires": {
            "invariant": "^2.2.4",
            "just-curry-it": "^3.1.0",
            "loose-envify": "^1.4.0",
            "reduce-reducers": "^0.4.3",
            "to-camel-case": "^1.0.0"
          }
        },
        "redux-promise": {
          "version": "0.6.0",
          "resolved": "https://registry.npmjs.org/redux-promise/-/redux-promise-0.6.0.tgz",
          "integrity": "sha512-R2mGxJbPFgXyCNbFDE6LjTZhCEuACF54g1bxld3nqBhnRMX0OsUyWk77moF7UMGkUdl5WOAwc4BC5jOd1dunqQ==",
          "requires": {
            "flux-standard-action": "^2.0.3",
            "is-promise": "^2.1.0"
          }
        },
        "symbol-observable": {
          "version": "1.2.0",
          "resolved": "https://registry.npmjs.org/symbol-observable/-/symbol-observable-1.2.0.tgz",
          "integrity": "sha512-e900nM8RRtGhlV36KGEU9k65K3mPb1WV70OdjfxlG2EAuM1noi/E/BaW/uMhL7bPEssK8QV57vN3esixjUvcXQ=="
        },
        "to-camel-case": {
          "version": "1.0.0",
          "resolved": "https://registry.npmjs.org/to-camel-case/-/to-camel-case-1.0.0.tgz",
          "integrity": "sha1-GlYFSy+daWKYzmamCJcyK29CPkY=",
          "requires": {
            "to-space-case": "^1.0.0"
          }
        },
        "to-no-case": {
          "version": "1.0.2",
          "resolved": "https://registry.npmjs.org/to-no-case/-/to-no-case-1.0.2.tgz",
          "integrity": "sha1-xyKQcWTvaxeBMsjmmTAhLRtKoWo="
        },
        "to-space-case": {
          "version": "1.0.0",
          "resolved": "https://registry.npmjs.org/to-space-case/-/to-space-case-1.0.0.tgz",
          "integrity": "sha1-sFLar7Gysp3HcM6gFj5ewOvJ/Bc=",
          "requires": {
            "to-no-case": "^1.0.0"
          }
        }
      }
    },
    "@the-/util-array": {
      "version": "15.4.3",
      "resolved": "https://registry.npmjs.org/@the-/util-array/-/util-array-15.4.3.tgz",
      "integrity": "sha512-huLZC+WXS4uJ6O1kdpP2xBezd/L2SewpCymcgGDEck9TGQ2BEH2dAfDP/73VUTsG1cTl/86O9yeamrYImUOsXQ=="
    },
    "abind": {
      "version": "1.0.5",
      "resolved": "https://registry.npmjs.org/abind/-/abind-1.0.5.tgz",
      "integrity": "sha512-dbaEZphdPje0ihqSdWg36Sb8S20TuqQomiz2593oIx+enQ9Q4vDZRjIzhnkWltGRKVKqC28kTribkgRLBexWVQ=="
    },
    "asobj": {
      "version": "3.0.1",
      "resolved": "https://registry.npmjs.org/asobj/-/asobj-3.0.1.tgz",
      "integrity": "sha512-cIcpnl6/RU6n6LhdO2Cgno8FsAbncOxKmbG7oWvi2iO4nA7GwuYAmnVigugp5u6BYKwJxWc2/Z4NtVbGXQ6xcw==",
      "dev": true,
      "requires": {
        "deep-equal": "^1.0.1"
      }
    },
    "deep-equal": {
      "version": "1.1.1",
      "resolved": "https://registry.npmjs.org/deep-equal/-/deep-equal-1.1.1.tgz",
      "integrity": "sha512-yd9c5AdiqVcR+JjcwUQb9DkhJc8ngNr0MahEBGvDiJw8puWab2yZlh+nkasOnZP+EGTAP6rRp2JzJhJZzvNF8g==",
      "dev": true,
      "requires": {
        "is-arguments": "^1.0.4",
        "is-date-object": "^1.0.1",
        "is-regex": "^1.0.4",
        "object-is": "^1.0.1",
        "object-keys": "^1.1.1",
        "regexp.prototype.flags": "^1.2.0"
      }
    },
    "define-properties": {
      "version": "1.1.3",
      "resolved": "https://registry.npmjs.org/define-properties/-/define-properties-1.1.3.tgz",
      "integrity": "sha512-3MqfYKj2lLzdMSf8ZIZE/V+Zuy+BgD6f164e8K2w7dgnpKArBDerGYpM46IYYcjnkdPNMjPk9A6VFB8+3SKlXQ==",
      "dev": true,
      "requires": {
        "object-keys": "^1.0.12"
      }
    },
    "es-abstract": {
      "version": "1.17.0",
      "resolved": "https://registry.npmjs.org/es-abstract/-/es-abstract-1.17.0.tgz",
      "integrity": "sha512-yYkE07YF+6SIBmg1MsJ9dlub5L48Ek7X0qz+c/CPCHS9EBXfESorzng4cJQjJW5/pB6vDF41u7F8vUhLVDqIug==",
      "dev": true,
      "requires": {
        "es-to-primitive": "^1.2.1",
        "function-bind": "^1.1.1",
        "has": "^1.0.3",
        "has-symbols": "^1.0.1",
        "is-callable": "^1.1.5",
        "is-regex": "^1.0.5",
        "object-inspect": "^1.7.0",
        "object-keys": "^1.1.1",
        "object.assign": "^4.1.0",
        "string.prototype.trimleft": "^2.1.1",
        "string.prototype.trimright": "^2.1.1"
      }
    },
    "es-to-primitive": {
      "version": "1.2.1",
      "resolved": "https://registry.npmjs.org/es-to-primitive/-/es-to-primitive-1.2.1.tgz",
      "integrity": "sha512-QCOllgZJtaUo9miYBcLChTUaHNjJF3PYs1VidD7AwiEj1kYxKeQTctLAezAOH5ZKRH0g2IgPn6KwB4IT8iRpvA==",
      "dev": true,
      "requires": {
        "is-callable": "^1.1.4",
        "is-date-object": "^1.0.1",
        "is-symbol": "^1.0.2"
      }
    },
    "extend": {
      "version": "3.0.2",
      "resolved": "https://registry.npmjs.org/extend/-/extend-3.0.2.tgz",
      "integrity": "sha512-fjquC59cD7CyW6urNXK0FBufkZcoiGG80wTuPujX590cB5Ttln20E2UB4S/WARVqhXffZl2LNgS+gQdPIIim/g=="
    },
    "function-bind": {
      "version": "1.1.1",
      "resolved": "https://registry.npmjs.org/function-bind/-/function-bind-1.1.1.tgz",
      "integrity": "sha512-yIovAzMX49sF8Yl58fSCWJ5svSLuaibPxXQJFLmBObTuCr0Mf1KiPopGM9NiFjiYBCbfaa2Fh6breQ6ANVTI0A==",
      "dev": true
    },
    "has": {
      "version": "1.0.3",
      "resolved": "https://registry.npmjs.org/has/-/has-1.0.3.tgz",
      "integrity": "sha512-f2dvO0VU6Oej7RkWJGrehjbzMAjFp5/VKPp5tTpWIV4JHHZK1/BxbFRtf/siA2SWTe09caDmVtYYzWEIbBS4zw==",
      "dev": true,
      "requires": {
        "function-bind": "^1.1.1"
      }
    },
    "has-symbols": {
      "version": "1.0.1",
      "resolved": "https://registry.npmjs.org/has-symbols/-/has-symbols-1.0.1.tgz",
      "integrity": "sha512-PLcsoqu++dmEIZB+6totNFKq/7Do+Z0u4oT0zKOJNl3lYK6vGwwu2hjHs+68OEZbTjiUE9bgOABXbP/GvrS0Kg==",
      "dev": true
    },
    "invariant": {
      "version": "2.2.4",
      "resolved": "https://registry.npmjs.org/invariant/-/invariant-2.2.4.tgz",
      "integrity": "sha512-phJfQVBuaJM5raOpJjSfkiD6BpbCE4Ns//LaXl6wGYtUBY83nWS6Rf9tXm2e8VaK60JEjYldbPif/A2B1C2gNA==",
      "requires": {
        "loose-envify": "^1.0.0"
      }
    },
    "is-arguments": {
      "version": "1.0.4",
      "resolved": "https://registry.npmjs.org/is-arguments/-/is-arguments-1.0.4.tgz",
      "integrity": "sha512-xPh0Rmt8NE65sNzvyUmWgI1tz3mKq74lGA0mL8LYZcoIzKOzDh6HmrYm3d18k60nHerC8A9Km8kYu87zfSFnLA==",
      "dev": true
    },
    "is-callable": {
      "version": "1.1.5",
      "resolved": "https://registry.npmjs.org/is-callable/-/is-callable-1.1.5.tgz",
      "integrity": "sha512-ESKv5sMCJB2jnHTWZ3O5itG+O128Hsus4K4Qh1h2/cgn2vbgnLSVqfV46AeJA9D5EeeLa9w81KUXMtn34zhX+Q==",
      "dev": true
    },
    "is-date-object": {
      "version": "1.0.2",
      "resolved": "https://registry.npmjs.org/is-date-object/-/is-date-object-1.0.2.tgz",
      "integrity": "sha512-USlDT524woQ08aoZFzh3/Z6ch9Y/EWXEHQ/AaRN0SkKq4t2Jw2R2339tSXmwuVoY7LLlBCbOIlx2myP/L5zk0g==",
      "dev": true
    },
    "is-regex": {
      "version": "1.0.5",
      "resolved": "https://registry.npmjs.org/is-regex/-/is-regex-1.0.5.tgz",
      "integrity": "sha512-vlKW17SNq44owv5AQR3Cq0bQPEb8+kF3UKZ2fiZNOWtztYE5i0CzCZxFDwO58qAOWtxdBRVO/V5Qin1wjCqFYQ==",
      "dev": true,
      "requires": {
        "has": "^1.0.3"
      }
    },
    "is-symbol": {
      "version": "1.0.3",
      "resolved": "https://registry.npmjs.org/is-symbol/-/is-symbol-1.0.3.tgz",
      "integrity": "sha512-OwijhaRSgqvhm/0ZdAcXNZt9lYdKFpcRDT5ULUuYXPoT794UNOdU+gpT6Rzo7b4V2HUl/op6GqY894AZwv9faQ==",
      "dev": true,
      "requires": {
        "has-symbols": "^1.0.1"
      }
    },
    "js-tokens": {
      "version": "4.0.0",
      "resolved": "https://registry.npmjs.org/js-tokens/-/js-tokens-4.0.0.tgz",
      "integrity": "sha512-RdJUflcE3cUzKiMqQgsCu06FPu9UdIJO0beYbPhHN4k6apgJtifcoCtT9bcxOpYBtpD2kCM6Sbzg4CausW/PKQ=="
    },
    "loose-envify": {
      "version": "1.4.0",
      "resolved": "https://registry.npmjs.org/loose-envify/-/loose-envify-1.4.0.tgz",
      "integrity": "sha512-lyuxPGr/Wfhrlem2CL/UcnUc1zcqKAImBDzukY7Y5F/yQiNdko6+fRLevlw1HgMySw7f611UIY408EtxRSoK3Q==",
      "requires": {
        "js-tokens": "^3.0.0 || ^4.0.0"
      }
    },
    "object-inspect": {
      "version": "1.7.0",
      "resolved": "https://registry.npmjs.org/object-inspect/-/object-inspect-1.7.0.tgz",
      "integrity": "sha512-a7pEHdh1xKIAgTySUGgLMx/xwDZskN1Ud6egYYN3EdRW4ZMPNEDUTF+hwy2LUC+Bl+SyLXANnwz/jyh/qutKUw==",
      "dev": true
    },
    "object-is": {
      "version": "1.0.2",
      "resolved": "https://registry.npmjs.org/object-is/-/object-is-1.0.2.tgz",
      "integrity": "sha512-Epah+btZd5wrrfjkJZq1AOB9O6OxUQto45hzFd7lXGrpHPGE0W1k+426yrZV+k6NJOzLNNW/nVsmZdIWsAqoOQ==",
      "dev": true
    },
    "object-keys": {
      "version": "1.1.1",
      "resolved": "https://registry.npmjs.org/object-keys/-/object-keys-1.1.1.tgz",
      "integrity": "sha512-NuAESUOUMrlIXOfHKzD6bpPu3tYt3xvjNdRIQ+FeT0lNb4K8WR70CaDxhuNguS2XG+GjkyMwOzsN5ZktImfhLA==",
      "dev": true
    },
    "object.assign": {
      "version": "4.1.0",
      "resolved": "https://registry.npmjs.org/object.assign/-/object.assign-4.1.0.tgz",
      "integrity": "sha512-exHJeq6kBKj58mqGyTQ9DFvrZC/eR6OwxzoM9YRoGBqrXYonaFyGiFMuc9VZrXf7DarreEwMpurG3dd+CNyW5w==",
      "dev": true,
      "requires": {
        "define-properties": "^1.1.2",
        "function-bind": "^1.1.1",
        "has-symbols": "^1.0.0",
        "object-keys": "^1.0.11"
      }
    },
    "objnest": {
      "version": "5.0.10",
      "resolved": "https://registry.npmjs.org/objnest/-/objnest-5.0.10.tgz",
      "integrity": "sha512-sIXiWbzbaOszhnaioxGyaLvBUF86nnEX/zgTrGskEJsXEqjBwLCsVy+a7Na93mW474lvtSIc3tOYiaXgHQw7Mg==",
      "requires": {
        "abind": "^1.0.4",
        "extend": "^3.0.2"
      }
    },
    "regexp.prototype.flags": {
      "version": "1.3.0",
      "resolved": "https://registry.npmjs.org/regexp.prototype.flags/-/regexp.prototype.flags-1.3.0.tgz",
      "integrity": "sha512-2+Q0C5g951OlYlJz6yu5/M33IcsESLlLfsyIaLJaG4FA2r4yP8MvVMJUUP/fVBkSpbbbZlS5gynbEWLipiiXiQ==",
      "dev": true,
      "requires": {
        "define-properties": "^1.1.3",
        "es-abstract": "^1.17.0-next.1"
      }
    },
    "string.prototype.trimleft": {
      "version": "2.1.1",
      "resolved": "https://registry.npmjs.org/string.prototype.trimleft/-/string.prototype.trimleft-2.1.1.tgz",
      "integrity": "sha512-iu2AGd3PuP5Rp7x2kEZCrB2Nf41ehzh+goo8TV7z8/XDBbsvc6HQIlUl9RjkZ4oyrW1XM5UwlGl1oVEaDjg6Ag==",
      "dev": true,
      "requires": {
        "define-properties": "^1.1.3",
        "function-bind": "^1.1.1"
      }
    },
    "string.prototype.trimright": {
      "version": "2.1.1",
      "resolved": "https://registry.npmjs.org/string.prototype.trimright/-/string.prototype.trimright-2.1.1.tgz",
      "integrity": "sha512-qFvWL3/+QIgZXVmJBfpHmxLB7xsUXz6HsUmP8+5dRaC3Q7oKUv9Vo6aMCRZC1smrtyECFsIT30PqBJ1gTjAs+g==",
      "dev": true,
      "requires": {
        "define-properties": "^1.1.3",
        "function-bind": "^1.1.1"
      }
    }
  }
}
