{
  "name": "@the-/check",
  "version": "15.0.3",
  "lockfileVersion": 1,
  "requires": true,
  "dependencies": {
    "@the-/script-build": {
      "version": "file:../script-build",
      "dev": true,
      "requires": {
        "@babel/core": "^7.4.0",
        "@babel/plugin-proposal-class-properties": "^7.4.0",
        "@babel/plugin-proposal-do-expressions": "^7.2.0",
        "@babel/plugin-proposal-object-rest-spread": "^7.4.0",
        "@babel/plugin-proposal-optional-chaining": "^7.2.0",
        "@babel/plugin-transform-runtime": "^7.4.0",
        "@babel/polyfill": "^7.4.0",
        "@babel/preset-env": "^7.4.1",
        "@babel/preset-react": "7.0.0",
        "@babel/runtime": "^7.4.0",
        "@okunishinishi/fixpack": "^3.0.1",
        "@the-/code": "^15.0.2",
        "ababel": "^5.0.12",
        "aglob": "^3.0.1",
        "argx": "^4.0.0",
        "asfs": "^2.2.3",
        "asleep": "^1.0.3",
        "awatch": "^2.0.1",
        "babel-loader": "^8.0.5",
        "commander": "^2.19.0",
        "coz": "^7.0.19",
        "filecopy": "^4.0.2",
        "lebab": "^3.0.4",
        "webpack": "^4.29.6"
      }
    },
    "@the-/script-doc": {
      "version": "file:../script-doc",
      "dev": true,
      "requires": {
        "aglob": "^3.0.1",
        "argx": "^4.0.0",
        "commander": "^2.19.0",
        "filedel": "^4.0.2",
        "findout": "^3.0.2",
        "jsdoc-to-markdown": "^4.0.1",
        "stringcase": "^4.3.1",
        "the-array": "^1.4.1",
        "writeout": "^2.2.4"
      }
    },
    "@the-/script-test": {
      "version": "file:../script-test",
      "dev": true,
      "requires": {
        "amocha": "^5.0.2",
        "argx": "^4.0.0",
        "commander": "^2.19.0"
      }
    },
    "@the-/templates": {
      "version": "file:../templates",
      "dev": true,
      "requires": {
        "aglob": "^3.0.1",
        "evaljson": "^6.0.4",
        "objnest": "^5.0.6",
        "reserved": "^0.1.2",
        "stringcase": "^4.3.1",
        "the-path-util": "^1.0.1"
      }
    },
    "@the-/window": {
      "version": "15.0.2",
      "resolved": "https://registry.npmjs.org/@the-/window/-/window-15.0.2.tgz",
      "integrity": "sha512-muLxlLIIHOLq2TOVOhadCF/JXc2UA2D2acE+iHKkavlKGQjlGel3XunXWiLZXQuW/1iRLQFCMrMZ+ndFc6qecA==",
      "requires": {
        "bwindow": "^2.0.2",
        "debug": "^4.1.1"
      }
    },
    "asenv": {
      "version": "3.0.1",
      "resolved": "https://registry.npmjs.org/asenv/-/asenv-3.0.1.tgz",
      "integrity": "sha512-KPZ99LeR+R18xR82g5w8kMjNdo0BMWTtYs+nIER/SKetBhl5sEHlVbgB/QKFJxLynRsDdgz6DNGdX6CWT+Tycg=="
    },
    "async": {
      "version": "1.5.2",
      "resolved": "https://registry.npmjs.org/async/-/async-1.5.2.tgz",
      "integrity": "sha1-7GphrlZIDAw8skHJVhjiCJL5Zyo="
    },
    "bowser": {
      "version": "2.1.0",
      "resolved": "https://registry.npmjs.org/bowser/-/bowser-2.1.0.tgz",
      "integrity": "sha512-tP90ci4QY8PRBQjU0+iTsoO3DMNYtXCM0aVxeKhjxXF8IH9xTXUmjcTECPN+y5v0BGeRDfMcSLeohPiUZuz37g=="
    },
    "bwindow": {
      "version": "2.0.2",
      "resolved": "https://registry.npmjs.org/bwindow/-/bwindow-2.0.2.tgz",
      "integrity": "sha512-OQAFo8AD9GCHuJU+XUAZyghMBfDLE4AXW9a9ExjGazZRbWs+lx80iG46DovrLeBBZzhEDJd2nlb9JwIab2ipkg=="
    },
    "debug": {
      "version": "4.1.1",
      "resolved": "https://registry.npmjs.org/debug/-/debug-4.1.1.tgz",
      "integrity": "sha512-pYAIzeRo8J6KPEaJ0VWOh5Pzkbw/RetuzehGM7QRRX5he4fPHx2rdKMB256ehJCkX+XRQm16eZLqLNS8RSZXZw==",
      "requires": {
        "ms": "^2.1.1"
      }
    },
    "hasbin": {
      "version": "1.2.3",
      "resolved": "https://registry.npmjs.org/hasbin/-/hasbin-1.2.3.tgz",
      "integrity": "sha1-eMWSaJPIAhXCtWiuH9P8q3omlrA=",
      "requires": {
        "async": "~1.5"
      }
    },
    "ms": {
      "version": "2.1.1",
      "resolved": "https://registry.npmjs.org/ms/-/ms-2.1.1.tgz",
      "integrity": "sha512-tgp+dl5cGk28utYktBsrFqA7HKgrhgPsg6Z/EfhWI4gl1Hwq8B/GmY/0oXZ6nF8hDVesS/FpnYaD/kOWhYQvyg=="
    },
    "os-browserify": {
      "version": "0.3.0",
      "resolved": "https://registry.npmjs.org/os-browserify/-/os-browserify-0.3.0.tgz",
      "integrity": "sha1-hUNzx/XCMVkU/Jv8a9gjj92h7Cc="
    },
    "path-browserify": {
      "version": "1.0.0",
      "resolved": "https://registry.npmjs.org/path-browserify/-/path-browserify-1.0.0.tgz",
      "integrity": "sha512-Hkavx/nY4/plImrZPHRk2CL9vpOymZLgEbMNX1U0bjcBL7QN9wODxyx0yaMZURSQaUtSEvDrfAvxa9oPb0at9g=="
    }
  }
}
