{
  "dependencies": {
    "eslint-config-standard-jsx": {
      "integrity": "sha512-D+YWAoXw+2GIdbMBRAzWwr1ZtvnSf4n4yL0gKGg7ShUOGXkSOLerI17K4F6LdQMJPNMoWYqepzQD/fKY+tXNSg==",
      "resolved": "https://registry.npmjs.org/eslint-config-standard-jsx/-/eslint-config-standard-jsx-6.0.2.tgz",
      "version": "6.0.2"
    }
  },
  "lockfileVersion": 1,
  "name": "@the-/eslint-config-standard-jsx",
  "requires": true,
  "version": "15.4.0"
}
