{
  "name": "@the-/demo-monorepo",
  "version": "15.4.12",
  "lockfileVersion": 1,
  "requires": true,
  "dependencies": {
    "@the-/eslint-config-react": {
      "version": "15.6.0",
      "resolved": "https://registry.npmjs.org/@the-/eslint-config-react/-/eslint-config-react-15.6.0.tgz",
      "integrity": "sha512-6v9xOqV2Uy89GPJDlhQ+E4HlT//q7GKMFdTswDkMbYoVJBo7gGNYwkg4W/9H+C9X4zr/mpw0BIIEtBhHKh7e1w==",
      "dev": true
    }
  }
}
