{
  "name": "@the-/demo-monorepo",
  "version": "15.4.12",
  "lockfileVersion": 1,
  "requires": true,
  "dependencies": {
    "@the-/eslint-config-react": {
      "version": "15.6.1",
      "resolved": "https://registry.npmjs.org/@the-/eslint-config-react/-/eslint-config-react-15.6.1.tgz",
      "integrity": "sha512-LItM6J7Ygruy9ZiEbaq0p4XQeJ9FUuq09SDTd4eW7djcBh89jt5k0/bSt5P0Rhh/j6ZPll4PA7WPVLTrMUWTBw==",
      "dev": true
    }
  }
}
