{
  "dependencies": {
    "@babel/parser": {
      "integrity": "sha512-5pCS4mOsL+ANsFZGdvNLybx4wtqAZJ0MJjMHxvzI3bvIsz6sQvzW8XX92EYIkiPtIvcfG3Aj+Ir5VNyjnZhP7w==",
      "resolved": "https://registry.npmjs.org/@babel/parser/-/parser-7.4.4.tgz",
      "version": "7.4.4"
    },
    "@babel/types": {
      "integrity": "sha512-dOllgYdnEFOebhkKCjzSVFqw/PmmB8pH6RGOWkY4GsboQNd47b1fBThBSwlHAq9alF9vc1M3+6oqR47R50L0tQ==",
      "requires": {
        "esutils": "^2.0.2",
        "lodash": "^4.17.11",
        "to-fast-properties": "^2.0.0"
      },
      "resolved": "https://registry.npmjs.org/@babel/types/-/types-7.4.4.tgz",
      "version": "7.4.4"
    },
    "esutils": {
      "integrity": "sha1-Cr9PHKpbyx96nYrMbepPqqBLrJs=",
      "resolved": "https://registry.npmjs.org/esutils/-/esutils-2.0.2.tgz",
      "version": "2.0.2"
    },
    "lodash": {
      "integrity": "sha512-cQKh8igo5QUhZ7lg38DYWAxMvjSAKG0A8wGSVimP07SIUEK2UO+arSRKbRZWtelMtN5V0Hkwh5ryOto/SshYIg==",
      "resolved": "https://registry.npmjs.org/lodash/-/lodash-4.17.11.tgz",
      "version": "4.17.11"
    },
    "lodash.clone": {
      "integrity": "sha1-GVhwRQ9aExkkeN9Lw9I9LeoZB7Y=",
      "resolved": "https://registry.npmjs.org/lodash.clone/-/lodash.clone-4.5.0.tgz",
      "version": "4.5.0"
    },
    "to-fast-properties": {
      "integrity": "sha1-3F5pjL0HkmW8c+A3doGk5Og/YW4=",
      "resolved": "https://registry.npmjs.org/to-fast-properties/-/to-fast-properties-2.0.0.tgz",
      "version": "2.0.0"
    }
  },
  "lockfileVersion": 1,
  "name": "@the-/ast",
  "requires": true,
  "version": "15.4.2"
}
