{
  "name": "@the-/store",
  "version": "15.2.3",
  "lockfileVersion": 1,
  "requires": true,
  "dependencies": {
    "@the-/assert": {
      "version": "15.2.0",
      "resolved": "https://registry.npmjs.org/@the-/assert/-/assert-15.2.0.tgz",
      "integrity": "sha512-QJzQAJMUcGdwWVkX+R1wlt/FRwBnywqAV43lyOY4AM2G8Ck/ZB+MnECUoNZQTOYm5kVjfUyhup7UoW92wczQlg==",
      "requires": {
        "invariant": "^2.2.4"
      }
    },
    "@the-/check": {
      "version": "15.2.5",
      "resolved": "https://registry.npmjs.org/@the-/check/-/check-15.2.5.tgz",
      "integrity": "sha512-TJ3eSq6uQp+B/uo0uudO7Lj3IUon9gLHKMWsfs3uBekg3Go+ykC/xS9j+IzWWoh67EUgVp4aXGCOUMpsIb89ng==",
      "requires": {
        "@the-/window": "^15.2.0",
        "asenv": "^3.0.2",
        "bowser": "^2.2.0",
        "hasbin": "^1.2.3",
        "os-browserify": "^0.3.0",
        "path-browserify": "^1.0.0"
      }
    },
    "@the-/scope": {
      "version": "15.2.0",
      "resolved": "https://registry.npmjs.org/@the-/scope/-/scope-15.2.0.tgz",
      "integrity": "sha512-JM3tXrB7FUivxXzHI6HBjKwB9XEEnvuuXwuuaMhAGWX77kDEiwg3abOdJmz3syi5PXmCrG/pnhexOHSoa0sv8w==",
      "requires": {
        "@the-/check": "^15.0.2",
        "asobj": "^3.0.1"
      }
    },
    "@the-/script-build": {
      "version": "file:../script-build",
      "dev": true,
      "requires": {
        "@babel/core": "^7.4.0",
        "@babel/plugin-proposal-class-properties": "^7.4.0",
        "@babel/plugin-proposal-do-expressions": "^7.2.0",
        "@babel/plugin-proposal-object-rest-spread": "^7.4.0",
        "@babel/plugin-proposal-optional-chaining": "^7.2.0",
        "@babel/plugin-transform-runtime": "^7.4.0",
        "@babel/polyfill": "^7.4.0",
        "@babel/preset-env": "^7.4.2",
        "@babel/preset-react": "7.0.0",
        "@babel/runtime": "^7.4.2",
        "@okunishinishi/fixpack": "^3.0.1",
        "@the-/code": "^15.1.3",
        "@the-/tmp": "^15.1.4",
        "ababel": "^6.0.0",
        "aglob": "^3.0.1",
        "argx": "^4.0.0",
        "asenv": "^3.0.1",
        "asfs": "^2.2.3",
        "asleep": "^1.0.3",
        "awatch": "^2.0.1",
        "babel-loader": "^8.0.5",
        "commander": "^2.19.0",
        "coz": "^7.0.19",
        "filecopy": "^4.0.2",
        "lebab": "^3.0.4",
        "webpack": "^4.29.6"
      }
    },
    "@the-/script-doc": {
      "version": "file:../script-doc",
      "dev": true,
      "requires": {
        "@the-/util-array": "^15.0.4",
        "aglob": "^3.0.1",
        "argx": "^4.0.0",
        "commander": "^2.19.0",
        "filedel": "^4.0.2",
        "findout": "^3.0.2",
        "jsdoc-to-markdown": "^4.0.1",
        "stringcase": "^4.3.1",
        "writeout": "^2.2.4"
      }
    },
    "@the-/script-test": {
      "version": "file:../script-test",
      "dev": true,
      "requires": {
        "amocha": "^6.0.0",
        "argx": "^4.0.0",
        "commander": "^2.19.0"
      }
    },
    "@the-/templates": {
      "version": "file:../templates",
      "dev": true,
      "requires": {
        "@the-/util-path": "^1.0.2",
        "aglob": "^3.0.1",
        "evaljson": "^6.0.4",
        "objnest": "^5.0.6",
        "reserved": "^0.1.2",
        "stringcase": "^4.3.1"
      }
    },
    "@the-/window": {
      "version": "15.2.0",
      "resolved": "https://registry.npmjs.org/@the-/window/-/window-15.2.0.tgz",
      "integrity": "sha512-KgHYIt53HFZ+Z3M05ZEAInbWMZzPBZeAqhRMjj2FiSAZas5jO3fge69XtHzTSNDM2plIZpGKcELYRjxkCIDDmA==",
      "requires": {
        "bwindow": "^2.0.3",
        "debug": "^4.1.1"
      },
      "dependencies": {
        "bwindow": {
          "version": "2.0.3",
          "resolved": "https://registry.npmjs.org/bwindow/-/bwindow-2.0.3.tgz",
          "integrity": "sha512-UfWQL9Zr9ORD2oTFNzzkGk4ve1GMd8iZ2AF/ozIordNtxkGs68Oa1QkemsVX0i7FWZE5T6mIR7LV9Pa3q+4d3w=="
        }
      }
    },
    "abind": {
      "version": "1.0.5",
      "resolved": "https://registry.npmjs.org/abind/-/abind-1.0.5.tgz",
      "integrity": "sha512-dbaEZphdPje0ihqSdWg36Sb8S20TuqQomiz2593oIx+enQ9Q4vDZRjIzhnkWltGRKVKqC28kTribkgRLBexWVQ=="
    },
    "argx": {
      "version": "4.0.0",
      "resolved": "https://registry.npmjs.org/argx/-/argx-4.0.0.tgz",
      "integrity": "sha512-4WvYYNIiaebHrhZnToPHiBqBPjERn8pSAL/jrDOEZfFHKUWo5EhZ3Jr5o0BXDLWI562N7Umq8i7TJxtrXkuelw==",
      "requires": {
        "iftype": "^4.0.1"
      }
    },
    "asenv": {
      "version": "3.0.2",
      "resolved": "https://registry.npmjs.org/asenv/-/asenv-3.0.2.tgz",
      "integrity": "sha512-I8jsgk723Dn7OAvbK1iaEqWcvldQSDsjxe45E3wj8ixLRLGY3SIAoZp9OXfAdEUjFO+g/hHp+1W8JZe4CvGUJQ=="
    },
    "asobj": {
      "version": "3.0.1",
      "resolved": "https://registry.npmjs.org/asobj/-/asobj-3.0.1.tgz",
      "integrity": "sha512-cIcpnl6/RU6n6LhdO2Cgno8FsAbncOxKmbG7oWvi2iO4nA7GwuYAmnVigugp5u6BYKwJxWc2/Z4NtVbGXQ6xcw==",
      "requires": {
        "deep-equal": "^1.0.1"
      }
    },
    "async": {
      "version": "1.5.2",
      "resolved": "https://registry.npmjs.org/async/-/async-1.5.2.tgz",
      "integrity": "sha1-7GphrlZIDAw8skHJVhjiCJL5Zyo="
    },
    "bowser": {
      "version": "2.2.0",
      "resolved": "https://registry.npmjs.org/bowser/-/bowser-2.2.0.tgz",
      "integrity": "sha512-5flcHjBFWx/ASfXcJHKA768HSSg+pIMaHPjuEdr6/rrQNu4s6/5KV4PoOk7jdTe6nMTY68+LI9UhqooI7VlBOw=="
    },
    "bredux": {
      "version": "3.0.7",
      "resolved": "https://registry.npmjs.org/bredux/-/bredux-3.0.7.tgz",
      "integrity": "sha512-nqaAl4EMwU2Xdza3D7w1XQRgZTMUwOU70s8wkUNmrjAK5i6DUnXckzxn4mFBC6AOyaviaMGwGD/f10NUcwbvgQ==",
      "requires": {
        "bstorage": "^2.0.3"
      }
    },
    "bstorage": {
      "version": "2.0.3",
      "resolved": "https://registry.npmjs.org/bstorage/-/bstorage-2.0.3.tgz",
      "integrity": "sha512-4OXG1t91AxwNQsavZOR4XU4P9yY73QI+y2G0jn6bkbshHoAe5iZBRlFK77X3gHYvaCBK0EJY03MklLZP0ebkUg==",
      "requires": {
        "bwindow": "^2.0.2",
        "qs": "^6.5.2"
      }
    },
    "bwindow": {
      "version": "2.0.2",
      "resolved": "https://registry.npmjs.org/bwindow/-/bwindow-2.0.2.tgz",
      "integrity": "sha512-OQAFo8AD9GCHuJU+XUAZyghMBfDLE4AXW9a9ExjGazZRbWs+lx80iG46DovrLeBBZzhEDJd2nlb9JwIab2ipkg=="
    },
    "debug": {
      "version": "4.1.1",
      "resolved": "https://registry.npmjs.org/debug/-/debug-4.1.1.tgz",
      "integrity": "sha512-pYAIzeRo8J6KPEaJ0VWOh5Pzkbw/RetuzehGM7QRRX5he4fPHx2rdKMB256ehJCkX+XRQm16eZLqLNS8RSZXZw==",
      "requires": {
        "ms": "^2.1.1"
      }
    },
    "deep-equal": {
      "version": "1.0.1",
      "resolved": "https://registry.npmjs.org/deep-equal/-/deep-equal-1.0.1.tgz",
      "integrity": "sha1-9dJgKStmDghO/0zbyfCK0yR0SLU="
    },
    "extend": {
      "version": "3.0.2",
      "resolved": "https://registry.npmjs.org/extend/-/extend-3.0.2.tgz",
      "integrity": "sha512-fjquC59cD7CyW6urNXK0FBufkZcoiGG80wTuPujX590cB5Ttln20E2UB4S/WARVqhXffZl2LNgS+gQdPIIim/g=="
    },
    "flux-standard-action": {
      "version": "2.0.3",
      "resolved": "https://registry.npmjs.org/flux-standard-action/-/flux-standard-action-2.0.3.tgz",
      "integrity": "sha512-HR2IjMkqJreoFm1Hx7hmMAtUFeo+ad8hPMYPo8o3YSWjbSq0sMwuXMbv4giB3TXngYB7+svkAJewQwwvwsE6xw==",
      "requires": {
        "lodash": "^4.0.0"
      }
    },
    "foreach": {
      "version": "2.0.5",
      "resolved": "https://registry.npmjs.org/foreach/-/foreach-2.0.5.tgz",
      "integrity": "sha1-C+4AUBiusmDQo6865ljdATbsG5k="
    },
    "hasbin": {
      "version": "1.2.3",
      "resolved": "https://registry.npmjs.org/hasbin/-/hasbin-1.2.3.tgz",
      "integrity": "sha1-eMWSaJPIAhXCtWiuH9P8q3omlrA=",
      "requires": {
        "async": "~1.5"
      }
    },
    "iftype": {
      "version": "4.0.2",
      "resolved": "https://registry.npmjs.org/iftype/-/iftype-4.0.2.tgz",
      "integrity": "sha512-PEPbC208d0CuiUb71XF+MY+xhDZp82od8aWOMOV5XP9b18l4RIrcl+FwBLq3I+aHpg5K3YJNUL6so5+6DFbONQ=="
    },
    "invariant": {
      "version": "2.2.4",
      "resolved": "https://registry.npmjs.org/invariant/-/invariant-2.2.4.tgz",
      "integrity": "sha512-phJfQVBuaJM5raOpJjSfkiD6BpbCE4Ns//LaXl6wGYtUBY83nWS6Rf9tXm2e8VaK60JEjYldbPif/A2B1C2gNA==",
      "requires": {
        "loose-envify": "^1.0.0"
      }
    },
    "is-promise": {
      "version": "2.1.0",
      "resolved": "https://registry.npmjs.org/is-promise/-/is-promise-2.1.0.tgz",
      "integrity": "sha1-eaKp7OfwlugPNtKy87wWwf9L8/o="
    },
    "js-tokens": {
      "version": "3.0.2",
      "resolved": "https://registry.npmjs.org/js-tokens/-/js-tokens-3.0.2.tgz",
      "integrity": "sha1-mGbfOVECEw449/mWvOtlRDIJwls="
    },
    "json-pointer": {
      "version": "0.6.0",
      "resolved": "https://registry.npmjs.org/json-pointer/-/json-pointer-0.6.0.tgz",
      "integrity": "sha1-jlAFUKaqxUZKRzN32leqbMIoKNc=",
      "requires": {
        "foreach": "^2.0.4"
      }
    },
    "just-curry-it": {
      "version": "3.1.0",
      "resolved": "https://registry.npmjs.org/just-curry-it/-/just-curry-it-3.1.0.tgz",
      "integrity": "sha512-mjzgSOFzlrurlURaHVjnQodyPNvrHrf1TbQP2XU9NSqBtHQPuHZ+Eb6TAJP7ASeJN9h9K0KXoRTs8u6ouHBKvg=="
    },
    "lodash": {
      "version": "4.17.4",
      "resolved": "https://registry.npmjs.org/lodash/-/lodash-4.17.4.tgz",
      "integrity": "sha1-eCA6TRwyiuHYbcpkYONptX9AVa4="
    },
    "loose-envify": {
      "version": "1.4.0",
      "resolved": "https://registry.npmjs.org/loose-envify/-/loose-envify-1.4.0.tgz",
      "integrity": "sha512-lyuxPGr/Wfhrlem2CL/UcnUc1zcqKAImBDzukY7Y5F/yQiNdko6+fRLevlw1HgMySw7f611UIY408EtxRSoK3Q==",
      "requires": {
        "js-tokens": "^3.0.0 || ^4.0.0"
      }
    },
    "ms": {
      "version": "2.1.1",
      "resolved": "https://registry.npmjs.org/ms/-/ms-2.1.1.tgz",
      "integrity": "sha512-tgp+dl5cGk28utYktBsrFqA7HKgrhgPsg6Z/EfhWI4gl1Hwq8B/GmY/0oXZ6nF8hDVesS/FpnYaD/kOWhYQvyg=="
    },
    "object-assign": {
      "version": "4.1.1",
      "resolved": "https://registry.npmjs.org/object-assign/-/object-assign-4.1.1.tgz",
      "integrity": "sha1-IQmtx5ZYh8/AXLvUQsrIv7s2CGM=",
      "dev": true
    },
    "objnest": {
      "version": "5.0.6",
      "resolved": "https://registry.npmjs.org/objnest/-/objnest-5.0.6.tgz",
      "integrity": "sha512-KmL5Ah+xJG9+y6Xpm1IQ9EqS9EMEy49ylvhM99+iGFZ7tEErzKW5eRoCSc2cEwjYk9Vkvtu+fOTrR1CiAJfs0w==",
      "requires": {
        "abind": "^1.0.4",
        "extend": "^3.0.2"
      }
    },
    "os-browserify": {
      "version": "0.3.0",
      "resolved": "https://registry.npmjs.org/os-browserify/-/os-browserify-0.3.0.tgz",
      "integrity": "sha1-hUNzx/XCMVkU/Jv8a9gjj92h7Cc="
    },
    "path-browserify": {
      "version": "1.0.0",
      "resolved": "https://registry.npmjs.org/path-browserify/-/path-browserify-1.0.0.tgz",
      "integrity": "sha512-Hkavx/nY4/plImrZPHRk2CL9vpOymZLgEbMNX1U0bjcBL7QN9wODxyx0yaMZURSQaUtSEvDrfAvxa9oPb0at9g=="
    },
    "prop-types": {
      "version": "15.7.2",
      "resolved": "https://registry.npmjs.org/prop-types/-/prop-types-15.7.2.tgz",
      "integrity": "sha512-8QQikdH7//R2vurIJSutZ1smHYTcLpRWEOlHnzcWHmBYrOGUysKwSsrC89BCiFj3CbrfJ/nXFdJepOVrY1GCHQ==",
      "dev": true,
      "requires": {
        "loose-envify": "^1.4.0",
        "object-assign": "^4.1.1",
        "react-is": "^16.8.1"
      }
    },
    "qs": {
      "version": "6.6.0",
      "resolved": "https://registry.npmjs.org/qs/-/qs-6.6.0.tgz",
      "integrity": "sha512-KIJqT9jQJDQx5h5uAVPimw6yVg2SekOKu959OCtktD3FjzbpvaPr8i4zzg07DOMz+igA4W/aNM7OV8H37pFYfA=="
    },
    "react": {
      "version": "16.8.6",
      "resolved": "https://registry.npmjs.org/react/-/react-16.8.6.tgz",
      "integrity": "sha512-pC0uMkhLaHm11ZSJULfOBqV4tIZkx87ZLvbbQYunNixAAvjnC+snJCg0XQXn9VIsttVsbZP/H/ewzgsd5fxKXw==",
      "dev": true,
      "requires": {
        "loose-envify": "^1.1.0",
        "object-assign": "^4.1.1",
        "prop-types": "^15.6.2",
        "scheduler": "^0.13.6"
      }
    },
    "react-dom": {
      "version": "16.8.6",
      "resolved": "https://registry.npmjs.org/react-dom/-/react-dom-16.8.6.tgz",
      "integrity": "sha512-1nL7PIq9LTL3fthPqwkvr2zY7phIPjYrT0jp4HjyEQrEROnw4dG41VVwi/wfoCneoleqrNX7iAD+pXebJZwrwA==",
      "dev": true,
      "requires": {
        "loose-envify": "^1.1.0",
        "object-assign": "^4.1.1",
        "prop-types": "^15.6.2",
        "scheduler": "^0.13.6"
      }
    },
    "react-is": {
      "version": "16.8.6",
      "resolved": "https://registry.npmjs.org/react-is/-/react-is-16.8.6.tgz",
      "integrity": "sha512-aUk3bHfZ2bRSVFFbbeVS4i+lNPZr3/WM5jT2J5omUVV1zzcs1nAaf3l51ctA5FFvCRbhrH0bdAsRRQddFJZPtA==",
      "dev": true
    },
    "reduce-reducers": {
      "version": "0.4.3",
      "resolved": "https://registry.npmjs.org/reduce-reducers/-/reduce-reducers-0.4.3.tgz",
      "integrity": "sha512-+CNMnI8QhgVMtAt54uQs3kUxC3Sybpa7Y63HR14uGLgI9/QR5ggHvpxwhGGe3wmx5V91YwqQIblN9k5lspAmGw=="
    },
    "redux": {
      "version": "4.0.1",
      "resolved": "https://registry.npmjs.org/redux/-/redux-4.0.1.tgz",
      "integrity": "sha512-R7bAtSkk7nY6O/OYMVR9RiBI+XghjF9rlbl5806HJbQph0LJVHZrU5oaO4q70eUKiqMRqm4y07KLTlMZ2BlVmg==",
      "requires": {
        "loose-envify": "^1.4.0",
        "symbol-observable": "^1.2.0"
      },
      "dependencies": {
        "loose-envify": {
          "version": "1.4.0",
          "resolved": "https://registry.npmjs.org/loose-envify/-/loose-envify-1.4.0.tgz",
          "integrity": "sha512-lyuxPGr/Wfhrlem2CL/UcnUc1zcqKAImBDzukY7Y5F/yQiNdko6+fRLevlw1HgMySw7f611UIY408EtxRSoK3Q==",
          "requires": {
            "js-tokens": "^3.0.0 || ^4.0.0"
          }
        }
      }
    },
    "redux-actions": {
      "version": "2.6.5",
      "resolved": "https://registry.npmjs.org/redux-actions/-/redux-actions-2.6.5.tgz",
      "integrity": "sha512-pFhEcWFTYNk7DhQgxMGnbsB1H2glqhQJRQrtPb96kD3hWiZRzXHwwmFPswg6V2MjraXRXWNmuP9P84tvdLAJmw==",
      "requires": {
        "invariant": "^2.2.4",
        "just-curry-it": "^3.1.0",
        "loose-envify": "^1.4.0",
        "reduce-reducers": "^0.4.3",
        "to-camel-case": "^1.0.0"
      }
    },
    "redux-promise": {
      "version": "0.6.0",
      "resolved": "https://registry.npmjs.org/redux-promise/-/redux-promise-0.6.0.tgz",
      "integrity": "sha512-R2mGxJbPFgXyCNbFDE6LjTZhCEuACF54g1bxld3nqBhnRMX0OsUyWk77moF7UMGkUdl5WOAwc4BC5jOd1dunqQ==",
      "requires": {
        "flux-standard-action": "^2.0.3",
        "is-promise": "^2.1.0"
      }
    },
    "scheduler": {
      "version": "0.13.6",
      "resolved": "https://registry.npmjs.org/scheduler/-/scheduler-0.13.6.tgz",
      "integrity": "sha512-IWnObHt413ucAYKsD9J1QShUKkbKLQQHdxRyw73sw4FN26iWr3DY/H34xGPe4nmL1DwXyWmSWmMrA9TfQbE/XQ==",
      "dev": true,
      "requires": {
        "loose-envify": "^1.1.0",
        "object-assign": "^4.1.1"
      }
    },
    "symbol-observable": {
      "version": "1.2.0",
      "resolved": "https://registry.npmjs.org/symbol-observable/-/symbol-observable-1.2.0.tgz",
      "integrity": "sha512-e900nM8RRtGhlV36KGEU9k65K3mPb1WV70OdjfxlG2EAuM1noi/E/BaW/uMhL7bPEssK8QV57vN3esixjUvcXQ=="
    },
    "to-camel-case": {
      "version": "1.0.0",
      "resolved": "https://registry.npmjs.org/to-camel-case/-/to-camel-case-1.0.0.tgz",
      "integrity": "sha1-GlYFSy+daWKYzmamCJcyK29CPkY=",
      "requires": {
        "to-space-case": "^1.0.0"
      }
    },
    "to-no-case": {
      "version": "1.0.2",
      "resolved": "https://registry.npmjs.org/to-no-case/-/to-no-case-1.0.2.tgz",
      "integrity": "sha1-xyKQcWTvaxeBMsjmmTAhLRtKoWo="
    },
    "to-space-case": {
      "version": "1.0.0",
      "resolved": "https://registry.npmjs.org/to-space-case/-/to-space-case-1.0.0.tgz",
      "integrity": "sha1-sFLar7Gysp3HcM6gFj5ewOvJ/Bc=",
      "requires": {
        "to-no-case": "^1.0.0"
      }
    }
  }
}
