{
  "name": "@the-/lock",
  "version": "15.4.12",
  "lockfileVersion": 1,
  "requires": true,
  "dependencies": {
    "asleep": {
      "version": "1.0.3",
      "resolved": "https://registry.npmjs.org/asleep/-/asleep-1.0.3.tgz",
      "integrity": "sha1-oQTiSsIpVjxCXk6n51tXihnuIY4=",
      "dev": true
    },
    "async-lock": {
      "version": "1.2.2",
      "resolved": "https://registry.npmjs.org/async-lock/-/async-lock-1.2.2.tgz",
      "integrity": "sha512-uczz62z2fMWOFbyo6rG4NlV2SdxugJT6sZA2QcfB1XaSjEiOh8CuOb/TttyMnYQCda6nkWecJe465tGQDPJiKw=="
    }
  }
}
