{
  "name": "@the-/lock",
  "version": "15.4.16",
  "lockfileVersion": 2,
  "requires": true,
  "packages": {
    "": {
      "name": "@the-/lock",
      "version": "15.4.16",
      "license": "MIT",
      "devDependencies": {
        "asleep": "^1.0.3"
      },
      "engines": {
        "node": ">=10",
        "npm": ">=6"
      }
    },
    "node_modules/asleep": {
      "version": "1.0.3",
      "resolved": "https://registry.npmjs.org/asleep/-/asleep-1.0.3.tgz",
      "integrity": "sha1-oQTiSsIpVjxCXk6n51tXihnuIY4=",
      "dev": true,
      "engines": {
        "node": ">=4.0"
      }
    }
  },
  "dependencies": {
    "asleep": {
      "version": "1.0.3",
      "resolved": "https://registry.npmjs.org/asleep/-/asleep-1.0.3.tgz",
      "integrity": "sha1-oQTiSsIpVjxCXk6n51tXihnuIY4=",
      "dev": true
    }
  }
}
