{
  "name": "@the-/eslint-config-jsdoc",
  "version": "15.4.13",
  "lockfileVersion": 1,
  "requires": true,
  "dependencies": {
    "@the-/const-code": {
      "version": "15.5.1",
      "resolved": "https://registry.npmjs.org/@the-/const-code/-/const-code-15.5.1.tgz",
      "integrity": "sha512-kbml2jIpOyolNB5Wh9dWgxr4svRusfM5Nl7H/2NEjbnOaYnv7/2wBnsLfsU0x9kDVhQGbw2DgbdqTJ7bxPQl+w=="
    },
    "globals": {
      "version": "12.0.0",
      "resolved": "https://registry.npmjs.org/globals/-/globals-12.0.0.tgz",
      "integrity": "sha512-c9xoi32iDwlETiyYfO0pd3M8GcEuytJinSoqq7k3fz4H8p2p31NyfKr7JVd7Y0QvmtWcWXcwqW4L33eeDYgh1A==",
      "requires": {
        "type-fest": "^0.6.0"
      }
    },
    "type-fest": {
      "version": "0.6.0",
      "resolved": "https://registry.npmjs.org/type-fest/-/type-fest-0.6.0.tgz",
      "integrity": "sha512-q+MB8nYR1KDLrgr4G5yemftpMC7/QLqVndBmEEdqzmNj5dcFOO4Oo8qlwZE3ULT3+Zim1F8Kq4cBnikNhlCMlg=="
    }
  }
}
