{
  "name": "@the-/date",
  "version": "15.1.4",
  "lockfileVersion": 1,
  "requires": true,
  "dependencies": {
    "@the-/script-build": {
      "version": "file:../script-build",
      "dev": true
    },
    "@the-/script-doc": {
      "version": "file:../script-doc",
      "dev": true
    },
    "@the-/script-test": {
      "version": "file:../script-test",
      "dev": true
    },
    "@the-/templates": {
      "version": "file:../templates",
      "dev": true
    },
    "@the-/util-array": {
      "version": "15.1.4",
      "resolved": "https://registry.npmjs.org/@the-/util-array/-/util-array-15.1.4.tgz",
      "integrity": "sha512-mbp/fLM/fQUqzfakpb2aRxHrIJ/UVuRIDFJe+3Rmu411D4nJ609n5iV8x1Yt0n9m6IPFKaV5KcnrzvwrbDWV0w=="
    },
    "abind": {
      "version": "1.0.5",
      "resolved": "https://registry.npmjs.org/abind/-/abind-1.0.5.tgz",
      "integrity": "sha512-dbaEZphdPje0ihqSdWg36Sb8S20TuqQomiz2593oIx+enQ9Q4vDZRjIzhnkWltGRKVKqC28kTribkgRLBexWVQ=="
    },
    "moment": {
      "version": "2.24.0",
      "resolved": "https://registry.npmjs.org/moment/-/moment-2.24.0.tgz",
      "integrity": "sha512-bV7f+6l2QigeBBZSM/6yTNq4P2fNpSWj/0e7jQcy87A8e7o2nAfP/34/2ky5Vw4B9S446EtIhodAzkFCcR4dQg=="
    },
    "moment-timezone": {
      "version": "0.5.23",
      "resolved": "https://registry.npmjs.org/moment-timezone/-/moment-timezone-0.5.23.tgz",
      "integrity": "sha512-WHFH85DkCfiNMDX5D3X7hpNH3/PUhjTGcD0U1SgfBGZxJ3qUmJh5FdvaFjcClxOvB3rzdfj4oRffbI38jEnC1w==",
      "requires": {
        "moment": ">= 2.9.0"
      }
    }
  }
}
