{
  "dependencies": {
    "injectmock": {
      "dev": true,
      "integrity": "sha1-pNaHYIf11NZqbA3JBylZzf4U5wQ=",
      "resolved": "https://registry.npmjs.org/injectmock/-/injectmock-2.0.0.tgz",
      "version": "2.0.0"
    }
  },
  "lockfileVersion": 1,
  "name": "@the-/const-ui",
  "requires": true,
  "version": "15.4.0"
}
