{
  "name": "@the-/util-ui",
  "version": "16.0.2",
  "lockfileVersion": 1,
  "requires": true,
  "dependencies": {
    "@the-/const-ui": {
      "version": "15.4.5",
      "resolved": "https://registry.npmjs.org/@the-/const-ui/-/const-ui-15.4.5.tgz",
      "integrity": "sha512-4KjN+NOKqh2rAwsnQq79SyAZylVe3yTDgnUthsxhU2iFmBo2DTuTcAFpGAkYP0btc2IHosg55+GjBu4d8sBOfg=="
    },
    "argx": {
      "version": "4.0.4",
      "resolved": "https://registry.npmjs.org/argx/-/argx-4.0.4.tgz",
      "integrity": "sha512-XLWeRTNBJRzQkbMweLIxdtnvpE7iYUBraPwrIJX57FjL4D1RHLMJRM1AyEP6KZHgvjW7TSnxF8MpGic7YdTGOA==",
      "requires": {
        "iftype": "^4.0.9"
      }
    },
    "bwindow": {
      "version": "2.0.3",
      "resolved": "https://registry.npmjs.org/bwindow/-/bwindow-2.0.3.tgz",
      "integrity": "sha512-UfWQL9Zr9ORD2oTFNzzkGk4ve1GMd8iZ2AF/ozIordNtxkGs68Oa1QkemsVX0i7FWZE5T6mIR7LV9Pa3q+4d3w=="
    },
    "iftype": {
      "version": "4.0.9",
      "resolved": "https://registry.npmjs.org/iftype/-/iftype-4.0.9.tgz",
      "integrity": "sha512-01Klo+04dkDzY193D1GVfOdQzmpqaYFJTAlZKRztkT/BOaU7sSnvxGimSln+7DMqLUP4tpDTNFgxqVPLYZVypA=="
    },
    "keycode": {
      "version": "2.2.0",
      "resolved": "https://registry.npmjs.org/keycode/-/keycode-2.2.0.tgz",
      "integrity": "sha1-PQr1bce4uOXLqNCpfxByBO7CKwQ="
    },
    "uuid": {
      "version": "3.3.3",
      "resolved": "https://registry.npmjs.org/uuid/-/uuid-3.3.3.tgz",
      "integrity": "sha512-pW0No1RGHgzlpHJO1nsVrHKpOEIxkGg1xB+v0ZmdNH5OAeAwzAVrCnI2/6Mtx+Uys6iaylxa+D3g4j63IKKjSQ=="
    },
    "video-extensions": {
      "version": "1.1.0",
      "resolved": "https://registry.npmjs.org/video-extensions/-/video-extensions-1.1.0.tgz",
      "integrity": "sha1-6qhrRfKahTwrhz6djiO1E3Epl9Y="
    }
  }
}
