{
  "dependencies": {
    "asleep": {
      "integrity": "sha1-oQTiSsIpVjxCXk6n51tXihnuIY4=",
      "resolved": "https://registry.npmjs.org/asleep/-/asleep-1.0.3.tgz",
      "version": "1.0.3"
    },
    "debug": {
      "integrity": "sha512-pYAIzeRo8J6KPEaJ0VWOh5Pzkbw/RetuzehGM7QRRX5he4fPHx2rdKMB256ehJCkX+XRQm16eZLqLNS8RSZXZw==",
      "requires": {
        "ms": "^2.1.1"
      },
      "resolved": "https://registry.npmjs.org/debug/-/debug-4.1.1.tgz",
      "version": "4.1.1"
    },
    "ms": {
      "integrity": "sha512-tgp+dl5cGk28utYktBsrFqA7HKgrhgPsg6Z/EfhWI4gl1Hwq8B/GmY/0oXZ6nF8hDVesS/FpnYaD/kOWhYQvyg==",
      "resolved": "https://registry.npmjs.org/ms/-/ms-2.1.1.tgz",
      "version": "2.1.1"
    },
    "web-streams-polyfill": {
      "integrity": "sha512-pOqiHmL3RBAGS+SgOR42RbPU6nc8/n15N2rsOXFYHLnTfs2Z8QHs8AizOeOaYEnhwPN4+hu3M2D9XvAqzvt6MA==",
      "resolved": "https://registry.npmjs.org/web-streams-polyfill/-/web-streams-polyfill-2.0.3.tgz",
      "version": "2.0.3"
    }
  },
  "lockfileVersion": 1,
  "name": "@the-/stream",
  "requires": true,
  "version": "15.4.1"
}
