{
  "name": "@the-/handle",
  "version": "15.4.8",
  "lockfileVersion": 1,
  "requires": true,
  "dependencies": {
    "@the-/assert": {
      "version": "15.4.1",
      "resolved": "https://registry.npmjs.org/@the-/assert/-/assert-15.4.1.tgz",
      "integrity": "sha512-N90x/kUjXGGEL7jWtC1+byFXo1PYxbuuIrOxgofba9Y6LsEESiozLZ/b54tglWQhBRQlFo5Zlsb57kJlF9cBlw==",
      "requires": {
        "invariant": "^2.2.4"
      }
    },
    "@the-/check": {
      "version": "15.5.6",
      "resolved": "https://registry.npmjs.org/@the-/check/-/check-15.5.6.tgz",
      "integrity": "sha512-9xOYF/2rJ/6uAm3c27T528fNuQXGlv/HDrRkTn3VukiCWsZz10csHKTOtVgpJAyS1zrnbZAQb6GTbyzdT82jOQ==",
      "requires": {
        "@the-/window": "^15.5.5",
        "bowser": "^2.5.3",
        "os-browserify": "^0.3.0",
        "path-browserify": "^1.0.0"
      }
    },
    "@the-/scene": {
      "version": "file:../scene",
      "dev": true,
      "requires": {
        "@the-/error": "^15.4.0",
        "@the-/url": "^15.4.4",
        "@the-/window": "^15.5.0",
        "asleep": "^1.0.3",
        "asobj": "^3.0.1",
        "objnest": "^5.0.6",
        "qs": "^6.7.0"
      },
      "dependencies": {
        "@the-/check": {
          "version": "15.5.6",
          "resolved": "https://registry.npmjs.org/@the-/check/-/check-15.5.6.tgz",
          "integrity": "sha512-9xOYF/2rJ/6uAm3c27T528fNuQXGlv/HDrRkTn3VukiCWsZz10csHKTOtVgpJAyS1zrnbZAQb6GTbyzdT82jOQ==",
          "dev": true,
          "requires": {
            "@the-/window": "^15.5.5",
            "bowser": "^2.5.3",
            "os-browserify": "^0.3.0",
            "path-browserify": "^1.0.0"
          }
        },
        "@the-/error": {
          "version": "15.4.0",
          "resolved": "https://registry.npmjs.org/@the-/error/-/error-15.4.0.tgz",
          "integrity": "sha512-LbkZIBEzXXxKRCkcaHNONe253sNOBFmbtfxw5jqviNWUOR2hRIthJFdjC/+P20RvVzllKbEXx2jiVFLb5N3YCQ==",
          "dev": true
        },
        "@the-/url": {
          "version": "15.4.9",
          "resolved": "https://registry.npmjs.org/@the-/url/-/url-15.4.9.tgz",
          "integrity": "sha512-029+kXMXlu6u1i9Su7j0pAKdgUffkwgD8RGkhcUdbhN1KkMa5wYqo03jZJZb8UCsnGjSd6fJo8dBQP60bhM8vg==",
          "dev": true,
          "requires": {
            "@the-/check": "^15.5.6",
            "qs": "^6.7.0"
          }
        },
        "@the-/window": {
          "version": "15.5.5",
          "resolved": "https://registry.npmjs.org/@the-/window/-/window-15.5.5.tgz",
          "integrity": "sha512-9MWZ2PJmfFRmqIeYh+Nv5glBEAnKICYVnubzCIdOb2iHMoGQquGjRJwNOWdg00VomJHg8fkyyUS1JgWFE3NTvw==",
          "dev": true,
          "requires": {
            "bwindow": "^2.0.3",
            "debug": "^4.1.1"
          }
        },
        "abind": {
          "version": "1.0.5",
          "resolved": "https://registry.npmjs.org/abind/-/abind-1.0.5.tgz",
          "integrity": "sha512-dbaEZphdPje0ihqSdWg36Sb8S20TuqQomiz2593oIx+enQ9Q4vDZRjIzhnkWltGRKVKqC28kTribkgRLBexWVQ==",
          "dev": true
        },
        "asleep": {
          "version": "1.0.3",
          "resolved": "https://registry.npmjs.org/asleep/-/asleep-1.0.3.tgz",
          "integrity": "sha1-oQTiSsIpVjxCXk6n51tXihnuIY4=",
          "dev": true
        },
        "asobj": {
          "version": "3.0.1",
          "resolved": "https://registry.npmjs.org/asobj/-/asobj-3.0.1.tgz",
          "integrity": "sha512-cIcpnl6/RU6n6LhdO2Cgno8FsAbncOxKmbG7oWvi2iO4nA7GwuYAmnVigugp5u6BYKwJxWc2/Z4NtVbGXQ6xcw==",
          "dev": true,
          "requires": {
            "deep-equal": "^1.0.1"
          }
        },
        "bowser": {
          "version": "2.5.3",
          "resolved": "https://registry.npmjs.org/bowser/-/bowser-2.5.3.tgz",
          "integrity": "sha512-aWCA+CKfKNL/WGzNgjmK+Whp57JMzboZMwJ5gy2jDj2bEIjbMCb3ImGX+V++5wsJftyFiDIbOjRXl60ycniVqg==",
          "dev": true
        },
        "bwindow": {
          "version": "2.0.3",
          "resolved": "https://registry.npmjs.org/bwindow/-/bwindow-2.0.3.tgz",
          "integrity": "sha512-UfWQL9Zr9ORD2oTFNzzkGk4ve1GMd8iZ2AF/ozIordNtxkGs68Oa1QkemsVX0i7FWZE5T6mIR7LV9Pa3q+4d3w==",
          "dev": true
        },
        "debug": {
          "version": "4.1.1",
          "resolved": "https://registry.npmjs.org/debug/-/debug-4.1.1.tgz",
          "integrity": "sha512-pYAIzeRo8J6KPEaJ0VWOh5Pzkbw/RetuzehGM7QRRX5he4fPHx2rdKMB256ehJCkX+XRQm16eZLqLNS8RSZXZw==",
          "dev": true,
          "requires": {
            "ms": "^2.1.1"
          }
        },
        "deep-equal": {
          "version": "1.0.1",
          "resolved": "https://registry.npmjs.org/deep-equal/-/deep-equal-1.0.1.tgz",
          "integrity": "sha1-9dJgKStmDghO/0zbyfCK0yR0SLU=",
          "dev": true
        },
        "extend": {
          "version": "3.0.2",
          "resolved": "https://registry.npmjs.org/extend/-/extend-3.0.2.tgz",
          "integrity": "sha512-fjquC59cD7CyW6urNXK0FBufkZcoiGG80wTuPujX590cB5Ttln20E2UB4S/WARVqhXffZl2LNgS+gQdPIIim/g==",
          "dev": true
        },
        "ms": {
          "version": "2.1.2",
          "resolved": "https://registry.npmjs.org/ms/-/ms-2.1.2.tgz",
          "integrity": "sha512-sGkPx+VjMtmA6MX27oA4FBFELFCZZ4S4XqeGOXCv68tT+jb3vk/RyaKWP0PTKyWtmLSM0b+adUTEvbs1PEaH2w==",
          "dev": true
        },
        "objnest": {
          "version": "5.0.6",
          "resolved": "https://registry.npmjs.org/objnest/-/objnest-5.0.6.tgz",
          "integrity": "sha512-KmL5Ah+xJG9+y6Xpm1IQ9EqS9EMEy49ylvhM99+iGFZ7tEErzKW5eRoCSc2cEwjYk9Vkvtu+fOTrR1CiAJfs0w==",
          "dev": true,
          "requires": {
            "abind": "^1.0.4",
            "extend": "^3.0.2"
          }
        },
        "os-browserify": {
          "version": "0.3.0",
          "resolved": "https://registry.npmjs.org/os-browserify/-/os-browserify-0.3.0.tgz",
          "integrity": "sha1-hUNzx/XCMVkU/Jv8a9gjj92h7Cc=",
          "dev": true
        },
        "path-browserify": {
          "version": "1.0.0",
          "resolved": "https://registry.npmjs.org/path-browserify/-/path-browserify-1.0.0.tgz",
          "integrity": "sha512-Hkavx/nY4/plImrZPHRk2CL9vpOymZLgEbMNX1U0bjcBL7QN9wODxyx0yaMZURSQaUtSEvDrfAvxa9oPb0at9g==",
          "dev": true
        },
        "qs": {
          "version": "6.8.0",
          "resolved": "https://registry.npmjs.org/qs/-/qs-6.8.0.tgz",
          "integrity": "sha512-tPSkj8y92PfZVbinY1n84i1Qdx75lZjMQYx9WZhnkofyxzw2r7Ho39G3/aEvSUdebxpnnM4LZJCtvE/Aq3+s9w==",
          "dev": true
        }
      }
    },
    "@the-/window": {
      "version": "15.5.5",
      "resolved": "https://registry.npmjs.org/@the-/window/-/window-15.5.5.tgz",
      "integrity": "sha512-9MWZ2PJmfFRmqIeYh+Nv5glBEAnKICYVnubzCIdOb2iHMoGQquGjRJwNOWdg00VomJHg8fkyyUS1JgWFE3NTvw==",
      "requires": {
        "bwindow": "^2.0.3",
        "debug": "^4.1.1"
      }
    },
    "abind": {
      "version": "1.0.5",
      "resolved": "https://registry.npmjs.org/abind/-/abind-1.0.5.tgz",
      "integrity": "sha512-dbaEZphdPje0ihqSdWg36Sb8S20TuqQomiz2593oIx+enQ9Q4vDZRjIzhnkWltGRKVKqC28kTribkgRLBexWVQ=="
    },
    "asenv": {
      "version": "3.0.2",
      "resolved": "https://registry.npmjs.org/asenv/-/asenv-3.0.2.tgz",
      "integrity": "sha512-I8jsgk723Dn7OAvbK1iaEqWcvldQSDsjxe45E3wj8ixLRLGY3SIAoZp9OXfAdEUjFO+g/hHp+1W8JZe4CvGUJQ=="
    },
    "asobj": {
      "version": "3.0.1",
      "resolved": "https://registry.npmjs.org/asobj/-/asobj-3.0.1.tgz",
      "integrity": "sha512-cIcpnl6/RU6n6LhdO2Cgno8FsAbncOxKmbG7oWvi2iO4nA7GwuYAmnVigugp5u6BYKwJxWc2/Z4NtVbGXQ6xcw==",
      "requires": {
        "deep-equal": "^1.0.1"
      }
    },
    "bowser": {
      "version": "2.5.3",
      "resolved": "https://registry.npmjs.org/bowser/-/bowser-2.5.3.tgz",
      "integrity": "sha512-aWCA+CKfKNL/WGzNgjmK+Whp57JMzboZMwJ5gy2jDj2bEIjbMCb3ImGX+V++5wsJftyFiDIbOjRXl60ycniVqg=="
    },
    "bwindow": {
      "version": "2.0.3",
      "resolved": "https://registry.npmjs.org/bwindow/-/bwindow-2.0.3.tgz",
      "integrity": "sha512-UfWQL9Zr9ORD2oTFNzzkGk4ve1GMd8iZ2AF/ozIordNtxkGs68Oa1QkemsVX0i7FWZE5T6mIR7LV9Pa3q+4d3w=="
    },
    "debug": {
      "version": "4.1.1",
      "resolved": "https://registry.npmjs.org/debug/-/debug-4.1.1.tgz",
      "integrity": "sha512-pYAIzeRo8J6KPEaJ0VWOh5Pzkbw/RetuzehGM7QRRX5he4fPHx2rdKMB256ehJCkX+XRQm16eZLqLNS8RSZXZw==",
      "requires": {
        "ms": "^2.1.1"
      }
    },
    "deep-equal": {
      "version": "1.0.1",
      "resolved": "https://registry.npmjs.org/deep-equal/-/deep-equal-1.0.1.tgz",
      "integrity": "sha1-9dJgKStmDghO/0zbyfCK0yR0SLU="
    },
    "invariant": {
      "version": "2.2.4",
      "resolved": "https://registry.npmjs.org/invariant/-/invariant-2.2.4.tgz",
      "integrity": "sha512-phJfQVBuaJM5raOpJjSfkiD6BpbCE4Ns//LaXl6wGYtUBY83nWS6Rf9tXm2e8VaK60JEjYldbPif/A2B1C2gNA==",
      "requires": {
        "loose-envify": "^1.0.0"
      }
    },
    "js-tokens": {
      "version": "4.0.0",
      "resolved": "https://registry.npmjs.org/js-tokens/-/js-tokens-4.0.0.tgz",
      "integrity": "sha512-RdJUflcE3cUzKiMqQgsCu06FPu9UdIJO0beYbPhHN4k6apgJtifcoCtT9bcxOpYBtpD2kCM6Sbzg4CausW/PKQ=="
    },
    "loose-envify": {
      "version": "1.4.0",
      "resolved": "https://registry.npmjs.org/loose-envify/-/loose-envify-1.4.0.tgz",
      "integrity": "sha512-lyuxPGr/Wfhrlem2CL/UcnUc1zcqKAImBDzukY7Y5F/yQiNdko6+fRLevlw1HgMySw7f611UIY408EtxRSoK3Q==",
      "requires": {
        "js-tokens": "^3.0.0 || ^4.0.0"
      }
    },
    "ms": {
      "version": "2.1.2",
      "resolved": "https://registry.npmjs.org/ms/-/ms-2.1.2.tgz",
      "integrity": "sha512-sGkPx+VjMtmA6MX27oA4FBFELFCZZ4S4XqeGOXCv68tT+jb3vk/RyaKWP0PTKyWtmLSM0b+adUTEvbs1PEaH2w=="
    },
    "os-browserify": {
      "version": "0.3.0",
      "resolved": "https://registry.npmjs.org/os-browserify/-/os-browserify-0.3.0.tgz",
      "integrity": "sha1-hUNzx/XCMVkU/Jv8a9gjj92h7Cc="
    },
    "path-browserify": {
      "version": "1.0.0",
      "resolved": "https://registry.npmjs.org/path-browserify/-/path-browserify-1.0.0.tgz",
      "integrity": "sha512-Hkavx/nY4/plImrZPHRk2CL9vpOymZLgEbMNX1U0bjcBL7QN9wODxyx0yaMZURSQaUtSEvDrfAvxa9oPb0at9g=="
    }
  }
}
