{
  "dependencies": {
    "@the-/assert": {
      "integrity": "sha512-N90x/kUjXGGEL7jWtC1+byFXo1PYxbuuIrOxgofba9Y6LsEESiozLZ/b54tglWQhBRQlFo5Zlsb57kJlF9cBlw==",
      "requires": {
        "invariant": "^2.2.4"
      },
      "resolved": "https://registry.npmjs.org/@the-/assert/-/assert-15.4.1.tgz",
      "version": "15.4.1"
    },
    "@the-/check": {
      "integrity": "sha512-pgFUYwSqKni6QFBmXz+Yj0voVIPScGWpZ2Qq2lZU5ZfevbZn81dXpGXl/5J+iOVHN/MQj+xewJooRy2EQSAbAA==",
      "requires": {
        "@the-/window": "^15.4.1",
        "asenv": "^3.0.2",
        "bowser": "^2.4.0",
        "os-browserify": "^0.3.0",
        "path-browserify": "^1.0.0"
      },
      "resolved": "https://registry.npmjs.org/@the-/check/-/check-15.5.1.tgz",
      "version": "15.5.1"
    },
    "@the-/scene": {
      "dev": true,
      "requires": {
        "@the-/error": "^15.4.0",
        "@the-/url": "^15.4.1",
        "asleep": "^1.0.3",
        "asobj": "^3.0.1",
        "bwindow": "^2.0.3",
        "objnest": "^5.0.6",
        "qs": "^6.7.0"
      },
      "version": "file:../scene"
    },
    "@the-/window": {
      "integrity": "sha512-Vok/8QKwaxz/n6qvkK9TA88gi/KlIsjFfMKT4MikFSjUqlEGjfgX+sG9jZB/mgZ4XsCWwkfz4ZAIVT7+5LDJAQ==",
      "requires": {
        "bwindow": "^2.0.3",
        "debug": "^4.1.1"
      },
      "resolved": "https://registry.npmjs.org/@the-/window/-/window-15.4.1.tgz",
      "version": "15.4.1"
    },
    "abind": {
      "integrity": "sha512-dbaEZphdPje0ihqSdWg36Sb8S20TuqQomiz2593oIx+enQ9Q4vDZRjIzhnkWltGRKVKqC28kTribkgRLBexWVQ==",
      "resolved": "https://registry.npmjs.org/abind/-/abind-1.0.5.tgz",
      "version": "1.0.5"
    },
    "asenv": {
      "integrity": "sha512-I8jsgk723Dn7OAvbK1iaEqWcvldQSDsjxe45E3wj8ixLRLGY3SIAoZp9OXfAdEUjFO+g/hHp+1W8JZe4CvGUJQ==",
      "resolved": "https://registry.npmjs.org/asenv/-/asenv-3.0.2.tgz",
      "version": "3.0.2"
    },
    "asobj": {
      "integrity": "sha512-cIcpnl6/RU6n6LhdO2Cgno8FsAbncOxKmbG7oWvi2iO4nA7GwuYAmnVigugp5u6BYKwJxWc2/Z4NtVbGXQ6xcw==",
      "requires": {
        "deep-equal": "^1.0.1"
      },
      "resolved": "https://registry.npmjs.org/asobj/-/asobj-3.0.1.tgz",
      "version": "3.0.1"
    },
    "bowser": {
      "integrity": "sha512-DA9Opnb8S8TBLPPszrHDtCCATbAMkrxF+AxPs/d95r99frBioGpNwL1cbG3AHeV3FnoZW655vEvEryBHFeGrMg==",
      "resolved": "https://registry.npmjs.org/bowser/-/bowser-2.4.0.tgz",
      "version": "2.4.0"
    },
    "bwindow": {
      "integrity": "sha512-UfWQL9Zr9ORD2oTFNzzkGk4ve1GMd8iZ2AF/ozIordNtxkGs68Oa1QkemsVX0i7FWZE5T6mIR7LV9Pa3q+4d3w==",
      "resolved": "https://registry.npmjs.org/bwindow/-/bwindow-2.0.3.tgz",
      "version": "2.0.3"
    },
    "debug": {
      "integrity": "sha512-pYAIzeRo8J6KPEaJ0VWOh5Pzkbw/RetuzehGM7QRRX5he4fPHx2rdKMB256ehJCkX+XRQm16eZLqLNS8RSZXZw==",
      "requires": {
        "ms": "^2.1.1"
      },
      "resolved": "https://registry.npmjs.org/debug/-/debug-4.1.1.tgz",
      "version": "4.1.1"
    },
    "deep-equal": {
      "integrity": "sha1-9dJgKStmDghO/0zbyfCK0yR0SLU=",
      "resolved": "https://registry.npmjs.org/deep-equal/-/deep-equal-1.0.1.tgz",
      "version": "1.0.1"
    },
    "invariant": {
      "integrity": "sha512-phJfQVBuaJM5raOpJjSfkiD6BpbCE4Ns//LaXl6wGYtUBY83nWS6Rf9tXm2e8VaK60JEjYldbPif/A2B1C2gNA==",
      "requires": {
        "loose-envify": "^1.0.0"
      },
      "resolved": "https://registry.npmjs.org/invariant/-/invariant-2.2.4.tgz",
      "version": "2.2.4"
    },
    "js-tokens": {
      "integrity": "sha512-RdJUflcE3cUzKiMqQgsCu06FPu9UdIJO0beYbPhHN4k6apgJtifcoCtT9bcxOpYBtpD2kCM6Sbzg4CausW/PKQ==",
      "resolved": "https://registry.npmjs.org/js-tokens/-/js-tokens-4.0.0.tgz",
      "version": "4.0.0"
    },
    "loose-envify": {
      "integrity": "sha512-lyuxPGr/Wfhrlem2CL/UcnUc1zcqKAImBDzukY7Y5F/yQiNdko6+fRLevlw1HgMySw7f611UIY408EtxRSoK3Q==",
      "requires": {
        "js-tokens": "^3.0.0 || ^4.0.0"
      },
      "resolved": "https://registry.npmjs.org/loose-envify/-/loose-envify-1.4.0.tgz",
      "version": "1.4.0"
    },
    "ms": {
      "integrity": "sha512-tgp+dl5cGk28utYktBsrFqA7HKgrhgPsg6Z/EfhWI4gl1Hwq8B/GmY/0oXZ6nF8hDVesS/FpnYaD/kOWhYQvyg==",
      "resolved": "https://registry.npmjs.org/ms/-/ms-2.1.1.tgz",
      "version": "2.1.1"
    },
    "os-browserify": {
      "integrity": "sha1-hUNzx/XCMVkU/Jv8a9gjj92h7Cc=",
      "resolved": "https://registry.npmjs.org/os-browserify/-/os-browserify-0.3.0.tgz",
      "version": "0.3.0"
    },
    "path-browserify": {
      "integrity": "sha512-Hkavx/nY4/plImrZPHRk2CL9vpOymZLgEbMNX1U0bjcBL7QN9wODxyx0yaMZURSQaUtSEvDrfAvxa9oPb0at9g==",
      "resolved": "https://registry.npmjs.org/path-browserify/-/path-browserify-1.0.0.tgz",
      "version": "1.0.0"
    }
  },
  "lockfileVersion": 1,
  "name": "@the-/handle",
  "requires": true,
  "version": "15.4.2"
}
