{
  "name": "@the-/resource",
  "version": "15.4.17",
  "lockfileVersion": 2,
  "requires": true,
  "packages": {
    "": {
      "name": "@the-/resource",
      "version": "15.4.17",
      "license": "MIT",
      "dependencies": {
        "@the-/check-env": "^15.6.0",
        "@the-/hash": "^15.4.10",
        "asleep": "^1.0.3",
        "clay-constants": "^3.5.1",
        "clay-resource": "^5.7.6",
        "clay-resource-name": "^4.0.5"
      },
      "devDependencies": {
        "@the-/db": "file:../db"
      },
      "engines": {
        "node": ">=10",
        "npm": ">=6"
      }
    },
    "../db": {
      "version": "21.0.5",
      "dev": true,
      "license": "MIT",
      "dependencies": {
        "@the-/assert": "^15.4.1",
        "@the-/check-env": "^15.6.0",
        "@the-/driver-sequelize": "^18.0.4",
        "@the-/hash": "^15.4.10",
        "@the-/refresher": "^15.4.0",
        "@the-/resource": "^15.4.16",
        "@the-/util-db": "^15.4.13",
        "asfs": "^2.3.0",
        "asleep": "^1.0.3",
        "aslogger": "^2.0.1",
        "asobj": "^3.0.1",
        "clay-constants": "^3.5.1",
        "clay-driver-json": "^4.0.17",
        "clay-driver-memory": "^4.1.24",
        "clay-lump": "^4.4.31",
        "clay-resource": "^5.7.6",
        "clay-resource-name": "^4.0.5",
        "clay-resource-ref": "^2.0.9",
        "clay-serial": "^2.1.4",
        "debug": "^4.3.1",
        "execcli": "^5.0.6",
        "is-class": "0.0.9",
        "mkdirp": "^1.0.4",
        "mysql2": "^2.2.5",
        "rotating-file-stream": "^2.1.4",
        "uuid": "^8.3.2"
      },
      "devDependencies": {
        "colorprint": "^6.1.1",
        "sqlite3": "^5.0.2"
      },
      "engines": {
        "node": ">=10",
        "npm": ">=6"
      }
    },
    "node_modules/@babel/runtime": {
      "version": "7.13.10",
      "resolved": "https://registry.npmjs.org/@babel/runtime/-/runtime-7.13.10.tgz",
      "integrity": "sha512-4QPkjJq6Ns3V/RgpEahRk+AGfL0eO6RHHtTWoNNr5mO49G6B5+X6d6THgWEAvTrznU5xYpbAlVKRYcsCgh/Akw==",
      "dependencies": {
        "regenerator-runtime": "^0.13.4"
      }
    },
    "node_modules/@the-/check-env": {
      "version": "15.6.0",
      "resolved": "https://registry.npmjs.org/@the-/check-env/-/check-env-15.6.0.tgz",
      "integrity": "sha512-V9V9rwKUAwDYbrIgdHp7J+jAoXswvj9vyYC7jIeJCHAD+V6fk/vcAYLulfg9rGIG8DT88GnRZlLtpOMlT/m6ww==",
      "engines": {
        "node": ">=10",
        "npm": ">=6"
      }
    },
    "node_modules/@the-/db": {
      "resolved": "../db",
      "link": true
    },
    "node_modules/@the-/hash": {
      "version": "15.4.10",
      "resolved": "https://registry.npmjs.org/@the-/hash/-/hash-15.4.10.tgz",
      "integrity": "sha512-pvvNCTrcLwPmhSM9KvKIjGb363RzusiVOyVfJURiSnwO/IpnpIQZ3biC7Vd4ZgxBi6Znzr26BQthSyiJACuNIA==",
      "engines": {
        "node": ">=10",
        "npm": ">=6"
      }
    },
    "node_modules/abind": {
      "version": "1.0.5",
      "resolved": "https://registry.npmjs.org/abind/-/abind-1.0.5.tgz",
      "integrity": "sha512-dbaEZphdPje0ihqSdWg36Sb8S20TuqQomiz2593oIx+enQ9Q4vDZRjIzhnkWltGRKVKqC28kTribkgRLBexWVQ==",
      "engines": {
        "node": ">=6",
        "npm": ">=3"
      }
    },
    "node_modules/adigest": {
      "version": "3.1.0",
      "resolved": "https://registry.npmjs.org/adigest/-/adigest-3.1.0.tgz",
      "integrity": "sha512-Yfmm1kZzF5ir3KdNnS9g3mmpxXjm8HOs8BQ9aizXPkzWiZCRbspS+LjTV0FKqDBbPme65prLL+01LRBa9TVZ3Q==",
      "dependencies": {
        "json-pointer": "^0.6.0"
      },
      "engines": {
        "node": ">=7.6",
        "npm": ">=4"
      }
    },
    "node_modules/asleep": {
      "version": "1.0.3",
      "resolved": "https://registry.npmjs.org/asleep/-/asleep-1.0.3.tgz",
      "integrity": "sha1-oQTiSsIpVjxCXk6n51tXihnuIY4=",
      "engines": {
        "node": ">=4.0"
      }
    },
    "node_modules/asobj": {
      "version": "3.0.1",
      "resolved": "https://registry.npmjs.org/asobj/-/asobj-3.0.1.tgz",
      "integrity": "sha512-cIcpnl6/RU6n6LhdO2Cgno8FsAbncOxKmbG7oWvi2iO4nA7GwuYAmnVigugp5u6BYKwJxWc2/Z4NtVbGXQ6xcw==",
      "dependencies": {
        "deep-equal": "^1.0.1"
      },
      "engines": {
        "node": ">=8",
        "npm": ">=5"
      }
    },
    "node_modules/call-bind": {
      "version": "1.0.2",
      "resolved": "https://registry.npmjs.org/call-bind/-/call-bind-1.0.2.tgz",
      "integrity": "sha512-7O+FbCihrB5WGbFYesctwmTKae6rOiIzmz1icreWJ+0aA7LJfuqhEso2T9ncpcFtzMQtzXf2QGGueWJGTYsqrA==",
      "dependencies": {
        "function-bind": "^1.1.1",
        "get-intrinsic": "^1.0.2"
      },
      "funding": {
        "url": "https://github.com/sponsors/ljharb"
      }
    },
    "node_modules/clay-collection": {
      "version": "3.1.5",
      "resolved": "https://registry.npmjs.org/clay-collection/-/clay-collection-3.1.5.tgz",
      "integrity": "sha512-OWjkbM0FvO4GAfXSKMrPxWBGS+lf9tAVwPALmZVQzcnBrzibiLND5GROslM8smJKHP5tUk6COI0opz4XFr2pzA==",
      "dependencies": {
        "clay-id": "^3.0.2"
      },
      "engines": {
        "node": ">=6",
        "npm": ">=4"
      }
    },
    "node_modules/clay-constants": {
      "version": "3.5.1",
      "resolved": "https://registry.npmjs.org/clay-constants/-/clay-constants-3.5.1.tgz",
      "integrity": "sha512-n5zWPP7yizGZIK9vj8DnI1fOEsBbQ/xXLj5c0ZSsNkgNCg8D/j3NshfwQVYMiMyqVrblcCP/PVRIuJx5CuvcRQ==",
      "engines": {
        "node": ">=8",
        "npm": ">=4"
      }
    },
    "node_modules/clay-crypto": {
      "version": "4.0.5",
      "resolved": "https://registry.npmjs.org/clay-crypto/-/clay-crypto-4.0.5.tgz",
      "integrity": "sha512-YF2vWzKvpuxRQTyyEcFIEG1i1gW2ViWdBjjwrfTZVfKiaxWNSPX99Mw8FDnBFP38cQWJrhbv8+oaoX4WrrrYDw==",
      "dependencies": {
        "clay-constants": "^3.5.1",
        "debug": "^4.1.1",
        "keypair": "^1.0.1",
        "objnest": "^5.0.6",
        "uuid": "^3.3.2"
      },
      "engines": {
        "node": ">=8",
        "npm": ">=5"
      }
    },
    "node_modules/clay-crypto/node_modules/uuid": {
      "version": "3.4.0",
      "resolved": "https://registry.npmjs.org/uuid/-/uuid-3.4.0.tgz",
      "integrity": "sha512-HjSDRw6gZE5JMggctHBcjVak08+KEVhSIiDzFnT9S9aegmp85S/bReBVTb4QTFaRNptJ9kuYaNhnbNEOkbKb/A==",
      "bin": {
        "uuid": "bin/uuid"
      }
    },
    "node_modules/clay-driver-base": {
      "version": "4.1.9",
      "resolved": "https://registry.npmjs.org/clay-driver-base/-/clay-driver-base-4.1.9.tgz",
      "integrity": "sha512-vhFlYJi8u3sV9J7nNAoOoNMnHf5R0SfWSWySzXuHuHWrKOzODUxjF5vI7/wllTfNV6bZs5TuCeAK+ND2EQqIAA==",
      "dependencies": {
        "clay-constants": "^3.5.1"
      },
      "engines": {
        "node": ">=7.6",
        "npm": ">=4"
      }
    },
    "node_modules/clay-entity": {
      "version": "2.1.11",
      "resolved": "https://registry.npmjs.org/clay-entity/-/clay-entity-2.1.11.tgz",
      "integrity": "sha512-ATnb6c2zJUGpNODtCP1v7LOAcBs6LAngeIovvLN1zA2U/KTQDKxWGnlgA3CaL5QW0JEowaMCjOuJGnsoEWo9jw==",
      "dependencies": {
        "asobj": "^3.0.1",
        "clay-constants": "^3.5.1",
        "clay-crypto": "^4.0.5",
        "clay-id": "^3.1.1"
      },
      "engines": {
        "node": ">=6",
        "npm": ">=4"
      }
    },
    "node_modules/clay-errors": {
      "version": "3.1.1",
      "resolved": "https://registry.npmjs.org/clay-errors/-/clay-errors-3.1.1.tgz",
      "integrity": "sha1-iKKdJRWqeb0CEgNmDTkgsBpzTcA=",
      "engines": {
        "node": ">=6",
        "npm": ">=4"
      }
    },
    "node_modules/clay-id": {
      "version": "3.1.1",
      "resolved": "https://registry.npmjs.org/clay-id/-/clay-id-3.1.1.tgz",
      "integrity": "sha512-0IiTKxk2yiDCvIYxC+IdPXecdGYQCtrhSu0eDemmgTOL9QlDmmGYfcuOekKZqw8zocQfkccJWFMiWzQgUz1WyQ==",
      "dependencies": {
        "clay-constants": "^3.5.1",
        "uuid": "^3.0.1"
      },
      "engines": {
        "node": ">=8",
        "npm": ">=5"
      }
    },
    "node_modules/clay-id/node_modules/uuid": {
      "version": "3.4.0",
      "resolved": "https://registry.npmjs.org/uuid/-/uuid-3.4.0.tgz",
      "integrity": "sha512-HjSDRw6gZE5JMggctHBcjVak08+KEVhSIiDzFnT9S9aegmp85S/bReBVTb4QTFaRNptJ9kuYaNhnbNEOkbKb/A==",
      "bin": {
        "uuid": "bin/uuid"
      }
    },
    "node_modules/clay-policy": {
      "version": "2.1.13",
      "resolved": "https://registry.npmjs.org/clay-policy/-/clay-policy-2.1.13.tgz",
      "integrity": "sha512-Bo9yVR8azVHQB7brh2BXPtjATLa3O1I0+MpL5jRMheOQfL05BNvrDJof9azxepr2sOJCJeZGYI9tqkYTu8r7eA==",
      "dependencies": {
        "adigest": "^3.0.1",
        "asobj": "^3.0.1",
        "clay-constants": "^3.4.4",
        "clay-entity": "^2.1.10",
        "clay-errors": "^3.0.1",
        "clay-schemas": "^4.1.1",
        "clay-serial": "^2.1.4",
        "tv4": "^1.3.0"
      },
      "engines": {
        "node": ">=8",
        "npm": ">=5"
      }
    },
    "node_modules/clay-resource": {
      "version": "5.7.6",
      "resolved": "https://registry.npmjs.org/clay-resource/-/clay-resource-5.7.6.tgz",
      "integrity": "sha512-3X4Cll8LUabORh7/RMN7XXPbCHv14mv3xPTv5N2vDj3xfAssMFUSGPhuTPVdf8qFysewYeEkR0WcAxxr9XRE5Q==",
      "dependencies": {
        "asleep": "^1.0.3",
        "asobj": "^3.0.1",
        "clay-collection": "^3.1.5",
        "clay-constants": "^3.5.1",
        "clay-driver-base": "^4.1.9",
        "clay-entity": "^2.1.11",
        "clay-errors": "^3.1.1",
        "clay-policy": "^2.1.13",
        "clay-resource-cache": "^2.0.3",
        "clay-resource-collection": "^2.0.6",
        "clay-resource-entity": "^2.6.7",
        "clay-resource-name": "^4.0.5",
        "clay-resource-ref": "^2.0.9",
        "clay-schemas": "^4.0.5",
        "debug": "^4.1.1",
        "objnest": "^5.0.10",
        "uuid": "^8.0.0"
      },
      "engines": {
        "node": ">=8",
        "npm": ">=5"
      }
    },
    "node_modules/clay-resource-cache": {
      "version": "2.0.3",
      "resolved": "https://registry.npmjs.org/clay-resource-cache/-/clay-resource-cache-2.0.3.tgz",
      "integrity": "sha512-yDehKYdINR11vY6g3OksiguWWRUBXSyhxb5fkeGY01s6iYbqnsBZjXB/qZMcr+04cmg5GiFzrLOolthWOgQF1A==",
      "dependencies": {
        "lru-cache": "^5.1.1"
      },
      "engines": {
        "node": ">=8",
        "npm": ">=5"
      }
    },
    "node_modules/clay-resource-collection": {
      "version": "2.0.6",
      "resolved": "https://registry.npmjs.org/clay-resource-collection/-/clay-resource-collection-2.0.6.tgz",
      "integrity": "sha512-dqlEUHqLkeM3HpCLX7KEzfj25Ki6k2Es7q/3fw1yf7CUPKx7FHbHa+30q2pas7RkiPcUXZt06Vz4c9j3Sc7suQ==",
      "dependencies": {
        "asobj": "^3.0.1",
        "clay-collection": "^3.1.5",
        "clay-resource-name": "^4.0.5",
        "debug": "^4.1.1"
      },
      "engines": {
        "node": ">=8",
        "npm": ">=4"
      }
    },
    "node_modules/clay-resource-entity": {
      "version": "2.6.7",
      "resolved": "https://registry.npmjs.org/clay-resource-entity/-/clay-resource-entity-2.6.7.tgz",
      "integrity": "sha512-wdul5ref/0qIfAVRHojkJiufog17PqdV5Nd3qJ5lZ1E4atAJGDZ/pfKhjmsQlXM5Vq6w300TAcNkJKib+q2qdA==",
      "dependencies": {
        "clay-entity": "^2.1.9",
        "clay-resource-name": "^4.0.5",
        "clay-resource-ref": "^2.0.7"
      },
      "engines": {
        "node": ">=7.6",
        "npm": ">=4"
      }
    },
    "node_modules/clay-resource-name": {
      "version": "4.0.5",
      "resolved": "https://registry.npmjs.org/clay-resource-name/-/clay-resource-name-4.0.5.tgz",
      "integrity": "sha512-qZcbQYlEKhIQbn7F+vkjwhsX5M9H53njiIk9iiysXU4dufjL0b83tKReSrOuiwY5dUT63G05mBkM1/wFzlkHhw==",
      "dependencies": {
        "clay-constants": "^3.4.4"
      },
      "engines": {
        "node": ">=8",
        "npm": ">=5"
      }
    },
    "node_modules/clay-resource-ref": {
      "version": "2.0.9",
      "resolved": "https://registry.npmjs.org/clay-resource-ref/-/clay-resource-ref-2.0.9.tgz",
      "integrity": "sha512-EKbdyjQ3FCnnbR/1F29+gFPpc2d33w3ZISSe6CDcL8i29borLEgeFde+xV8HMOvB243RXQV9eGQUA2LegDHBgg==",
      "dependencies": {
        "clay-entity": "^2.1.10",
        "clay-id": "^3.1.1",
        "clay-resource-name": "^4.0.5"
      },
      "engines": {
        "node": ">=8",
        "npm": ">=5"
      }
    },
    "node_modules/clay-schemas": {
      "version": "4.1.1",
      "resolved": "https://registry.npmjs.org/clay-schemas/-/clay-schemas-4.1.1.tgz",
      "integrity": "sha1-mWjXc6KkKqRVgdCbN4sWwO+xyNc=",
      "engines": {
        "node": ">=6",
        "npm": ">=4"
      }
    },
    "node_modules/clay-serial": {
      "version": "2.1.4",
      "resolved": "https://registry.npmjs.org/clay-serial/-/clay-serial-2.1.4.tgz",
      "integrity": "sha512-G8i/7uoLcekbXl31Lm4t8JAdOB8MsDlcbXMscoGO7IE8GvR+oROnE29wiQLpFQ+ABwqyM/qz9i1uDX8i0W7oTw==",
      "dependencies": {
        "clay-constants": "^3.0.2",
        "clay-entity": "^2.1.10",
        "clay-id": "^3.0.1",
        "clay-resource-ref": "^2.0.8"
      },
      "engines": {
        "node": ">=8",
        "npm": ">=5"
      }
    },
    "node_modules/debug": {
      "version": "4.3.1",
      "resolved": "https://registry.npmjs.org/debug/-/debug-4.3.1.tgz",
      "integrity": "sha512-doEwdvm4PCeK4K3RQN2ZC2BYUBaxwLARCqZmMjtF8a51J2Rb0xpVloFRnCODwqjpwnAoao4pelN8l3RJdv3gRQ==",
      "dependencies": {
        "ms": "2.1.2"
      },
      "engines": {
        "node": ">=6.0"
      },
      "peerDependenciesMeta": {
        "supports-color": {
          "optional": true
        }
      }
    },
    "node_modules/deep-equal": {
      "version": "1.1.1",
      "resolved": "https://registry.npmjs.org/deep-equal/-/deep-equal-1.1.1.tgz",
      "integrity": "sha512-yd9c5AdiqVcR+JjcwUQb9DkhJc8ngNr0MahEBGvDiJw8puWab2yZlh+nkasOnZP+EGTAP6rRp2JzJhJZzvNF8g==",
      "dependencies": {
        "is-arguments": "^1.0.4",
        "is-date-object": "^1.0.1",
        "is-regex": "^1.0.4",
        "object-is": "^1.0.1",
        "object-keys": "^1.1.1",
        "regexp.prototype.flags": "^1.2.0"
      },
      "funding": {
        "url": "https://github.com/sponsors/ljharb"
      }
    },
    "node_modules/define-properties": {
      "version": "1.1.3",
      "resolved": "https://registry.npmjs.org/define-properties/-/define-properties-1.1.3.tgz",
      "integrity": "sha512-3MqfYKj2lLzdMSf8ZIZE/V+Zuy+BgD6f164e8K2w7dgnpKArBDerGYpM46IYYcjnkdPNMjPk9A6VFB8+3SKlXQ==",
      "dependencies": {
        "object-keys": "^1.0.12"
      },
      "engines": {
        "node": ">= 0.4"
      }
    },
    "node_modules/extend": {
      "version": "3.0.2",
      "resolved": "https://registry.npmjs.org/extend/-/extend-3.0.2.tgz",
      "integrity": "sha512-fjquC59cD7CyW6urNXK0FBufkZcoiGG80wTuPujX590cB5Ttln20E2UB4S/WARVqhXffZl2LNgS+gQdPIIim/g=="
    },
    "node_modules/foreach": {
      "version": "2.0.5",
      "resolved": "https://registry.npmjs.org/foreach/-/foreach-2.0.5.tgz",
      "integrity": "sha1-C+4AUBiusmDQo6865ljdATbsG5k="
    },
    "node_modules/function-bind": {
      "version": "1.1.1",
      "resolved": "https://registry.npmjs.org/function-bind/-/function-bind-1.1.1.tgz",
      "integrity": "sha512-yIovAzMX49sF8Yl58fSCWJ5svSLuaibPxXQJFLmBObTuCr0Mf1KiPopGM9NiFjiYBCbfaa2Fh6breQ6ANVTI0A=="
    },
    "node_modules/get-intrinsic": {
      "version": "1.1.1",
      "resolved": "https://registry.npmjs.org/get-intrinsic/-/get-intrinsic-1.1.1.tgz",
      "integrity": "sha512-kWZrnVM42QCiEA2Ig1bG8zjoIMOgxWwYCEeNdwY6Tv/cOSeGpcoX4pXHfKUxNKVoArnrEr2e9srnAxxGIraS9Q==",
      "dependencies": {
        "function-bind": "^1.1.1",
        "has": "^1.0.3",
        "has-symbols": "^1.0.1"
      },
      "funding": {
        "url": "https://github.com/sponsors/ljharb"
      }
    },
    "node_modules/has": {
      "version": "1.0.3",
      "resolved": "https://registry.npmjs.org/has/-/has-1.0.3.tgz",
      "integrity": "sha512-f2dvO0VU6Oej7RkWJGrehjbzMAjFp5/VKPp5tTpWIV4JHHZK1/BxbFRtf/siA2SWTe09caDmVtYYzWEIbBS4zw==",
      "dependencies": {
        "function-bind": "^1.1.1"
      },
      "engines": {
        "node": ">= 0.4.0"
      }
    },
    "node_modules/has-symbols": {
      "version": "1.0.2",
      "resolved": "https://registry.npmjs.org/has-symbols/-/has-symbols-1.0.2.tgz",
      "integrity": "sha512-chXa79rL/UC2KlX17jo3vRGz0azaWEx5tGqZg5pO3NUyEJVB17dMruQlzCCOfUvElghKcm5194+BCRvi2Rv/Gw==",
      "engines": {
        "node": ">= 0.4"
      },
      "funding": {
        "url": "https://github.com/sponsors/ljharb"
      }
    },
    "node_modules/is-arguments": {
      "version": "1.1.0",
      "resolved": "https://registry.npmjs.org/is-arguments/-/is-arguments-1.1.0.tgz",
      "integrity": "sha512-1Ij4lOMPl/xB5kBDn7I+b2ttPMKa8szhEIrXDuXQD/oe3HJLTLhqhgGspwgyGd6MOywBUqVvYicF72lkgDnIHg==",
      "dependencies": {
        "call-bind": "^1.0.0"
      },
      "engines": {
        "node": ">= 0.4"
      },
      "funding": {
        "url": "https://github.com/sponsors/ljharb"
      }
    },
    "node_modules/is-date-object": {
      "version": "1.0.2",
      "resolved": "https://registry.npmjs.org/is-date-object/-/is-date-object-1.0.2.tgz",
      "integrity": "sha512-USlDT524woQ08aoZFzh3/Z6ch9Y/EWXEHQ/AaRN0SkKq4t2Jw2R2339tSXmwuVoY7LLlBCbOIlx2myP/L5zk0g==",
      "engines": {
        "node": ">= 0.4"
      },
      "funding": {
        "url": "https://github.com/sponsors/ljharb"
      }
    },
    "node_modules/is-regex": {
      "version": "1.1.2",
      "resolved": "https://registry.npmjs.org/is-regex/-/is-regex-1.1.2.tgz",
      "integrity": "sha512-axvdhb5pdhEVThqJzYXwMlVuZwC+FF2DpcOhTS+y/8jVq4trxyPgfcwIxIKiyeuLlSQYKkmUaPQJ8ZE4yNKXDg==",
      "dependencies": {
        "call-bind": "^1.0.2",
        "has-symbols": "^1.0.1"
      },
      "engines": {
        "node": ">= 0.4"
      },
      "funding": {
        "url": "https://github.com/sponsors/ljharb"
      }
    },
    "node_modules/json-pointer": {
      "version": "0.6.1",
      "resolved": "https://registry.npmjs.org/json-pointer/-/json-pointer-0.6.1.tgz",
      "integrity": "sha512-3OvjqKdCBvH41DLpV4iSt6v2XhZXV1bPB4OROuknvUXI7ZQNofieCPkmE26stEJ9zdQuvIxDHCuYhfgxFAAs+Q==",
      "dependencies": {
        "foreach": "^2.0.4"
      }
    },
    "node_modules/keypair": {
      "version": "1.0.3",
      "resolved": "https://registry.npmjs.org/keypair/-/keypair-1.0.3.tgz",
      "integrity": "sha512-0wjZ2z/SfZZq01+3/8jYLd8aEShSa+aat1zyPGQY3IuKoEAp6DJGvu2zt6snELrQU9jbCkIlCyNOD7RdQbHhkQ=="
    },
    "node_modules/lru-cache": {
      "version": "5.1.1",
      "resolved": "https://registry.npmjs.org/lru-cache/-/lru-cache-5.1.1.tgz",
      "integrity": "sha512-KpNARQA3Iwv+jTA0utUVVbrh+Jlrr1Fv0e56GGzAFOXN7dk/FviaDW8LHmK52DlcH4WP2n6gI8vN1aesBFgo9w==",
      "dependencies": {
        "yallist": "^3.0.2"
      }
    },
    "node_modules/ms": {
      "version": "2.1.2",
      "resolved": "https://registry.npmjs.org/ms/-/ms-2.1.2.tgz",
      "integrity": "sha512-sGkPx+VjMtmA6MX27oA4FBFELFCZZ4S4XqeGOXCv68tT+jb3vk/RyaKWP0PTKyWtmLSM0b+adUTEvbs1PEaH2w=="
    },
    "node_modules/object-is": {
      "version": "1.1.5",
      "resolved": "https://registry.npmjs.org/object-is/-/object-is-1.1.5.tgz",
      "integrity": "sha512-3cyDsyHgtmi7I7DfSSI2LDp6SK2lwvtbg0p0R1e0RvTqF5ceGx+K2dfSjm1bKDMVCFEDAQvy+o8c6a7VujOddw==",
      "dependencies": {
        "call-bind": "^1.0.2",
        "define-properties": "^1.1.3"
      },
      "engines": {
        "node": ">= 0.4"
      },
      "funding": {
        "url": "https://github.com/sponsors/ljharb"
      }
    },
    "node_modules/object-keys": {
      "version": "1.1.1",
      "resolved": "https://registry.npmjs.org/object-keys/-/object-keys-1.1.1.tgz",
      "integrity": "sha512-NuAESUOUMrlIXOfHKzD6bpPu3tYt3xvjNdRIQ+FeT0lNb4K8WR70CaDxhuNguS2XG+GjkyMwOzsN5ZktImfhLA==",
      "engines": {
        "node": ">= 0.4"
      }
    },
    "node_modules/objnest": {
      "version": "5.1.1",
      "resolved": "https://registry.npmjs.org/objnest/-/objnest-5.1.1.tgz",
      "integrity": "sha512-C4fjNlHhUQbHiiFpgzvZse3/WUHq356Da3P8NZazg9JpPHFiQP2Y9lmYvpLU06midap0YpNz/MuA8GGSL8G0YQ==",
      "dependencies": {
        "@babel/runtime": "^7.12.5",
        "abind": "^1.0.5",
        "extend": "^3.0.2"
      },
      "engines": {
        "node": ">=8",
        "npm": ">=5"
      }
    },
    "node_modules/regenerator-runtime": {
      "version": "0.13.7",
      "resolved": "https://registry.npmjs.org/regenerator-runtime/-/regenerator-runtime-0.13.7.tgz",
      "integrity": "sha512-a54FxoJDIr27pgf7IgeQGxmqUNYrcV338lf/6gH456HZ/PhX+5BcwHXG9ajESmwe6WRO0tAzRUrRmNONWgkrew=="
    },
    "node_modules/regexp.prototype.flags": {
      "version": "1.3.1",
      "resolved": "https://registry.npmjs.org/regexp.prototype.flags/-/regexp.prototype.flags-1.3.1.tgz",
      "integrity": "sha512-JiBdRBq91WlY7uRJ0ds7R+dU02i6LKi8r3BuQhNXn+kmeLN+EfHhfjqMRis1zJxnlu88hq/4dx0P2OP3APRTOA==",
      "dependencies": {
        "call-bind": "^1.0.2",
        "define-properties": "^1.1.3"
      },
      "engines": {
        "node": ">= 0.4"
      },
      "funding": {
        "url": "https://github.com/sponsors/ljharb"
      }
    },
    "node_modules/tv4": {
      "version": "1.3.0",
      "resolved": "https://registry.npmjs.org/tv4/-/tv4-1.3.0.tgz",
      "integrity": "sha1-0CDIRvrdUMhVq7JeuuzGj8EPeWM=",
      "engines": {
        "node": ">= 0.8.0"
      }
    },
    "node_modules/uuid": {
      "version": "8.3.2",
      "resolved": "https://registry.npmjs.org/uuid/-/uuid-8.3.2.tgz",
      "integrity": "sha512-+NYs2QeMWy+GWFOEm9xnn6HCDp0l7QBD7ml8zLUmJ+93Q5NF0NocErnwkTkXVFNiX3/fpC6afS8Dhb/gz7R7eg==",
      "bin": {
        "uuid": "dist/bin/uuid"
      }
    },
    "node_modules/yallist": {
      "version": "3.1.1",
      "resolved": "https://registry.npmjs.org/yallist/-/yallist-3.1.1.tgz",
      "integrity": "sha512-a4UGQaWPH59mOXUYnAG2ewncQS4i4F43Tv3JoAM+s2VDAmS9NsK8GpDMLrCHPksFT7h3K6TOoUNn2pb7RoXx4g=="
    }
  },
  "dependencies": {
    "@babel/runtime": {
      "version": "7.13.10",
      "resolved": "https://registry.npmjs.org/@babel/runtime/-/runtime-7.13.10.tgz",
      "integrity": "sha512-4QPkjJq6Ns3V/RgpEahRk+AGfL0eO6RHHtTWoNNr5mO49G6B5+X6d6THgWEAvTrznU5xYpbAlVKRYcsCgh/Akw==",
      "requires": {
        "regenerator-runtime": "^0.13.4"
      }
    },
    "@the-/check-env": {
      "version": "15.6.0",
      "resolved": "https://registry.npmjs.org/@the-/check-env/-/check-env-15.6.0.tgz",
      "integrity": "sha512-V9V9rwKUAwDYbrIgdHp7J+jAoXswvj9vyYC7jIeJCHAD+V6fk/vcAYLulfg9rGIG8DT88GnRZlLtpOMlT/m6ww=="
    },
    "@the-/db": {
      "version": "file:../db",
      "requires": {
        "@the-/assert": "^15.4.1",
        "@the-/check-env": "^15.6.0",
        "@the-/driver-sequelize": "^18.0.4",
        "@the-/hash": "^15.4.10",
        "@the-/refresher": "^15.4.0",
        "@the-/resource": "^15.4.16",
        "@the-/util-db": "^15.4.13",
        "asfs": "^2.3.0",
        "asleep": "^1.0.3",
        "aslogger": "^2.0.1",
        "asobj": "^3.0.1",
        "clay-constants": "^3.5.1",
        "clay-driver-json": "^4.0.17",
        "clay-driver-memory": "^4.1.24",
        "clay-lump": "^4.4.31",
        "clay-resource": "^5.7.6",
        "clay-resource-name": "^4.0.5",
        "clay-resource-ref": "^2.0.9",
        "clay-serial": "^2.1.4",
        "colorprint": "^6.1.1",
        "debug": "^4.3.1",
        "execcli": "^5.0.6",
        "is-class": "0.0.9",
        "mkdirp": "^1.0.4",
        "mysql2": "^2.2.5",
        "rotating-file-stream": "^2.1.4",
        "sqlite3": "^5.0.2",
        "uuid": "^8.3.2"
      }
    },
    "@the-/hash": {
      "version": "15.4.10",
      "resolved": "https://registry.npmjs.org/@the-/hash/-/hash-15.4.10.tgz",
      "integrity": "sha512-pvvNCTrcLwPmhSM9KvKIjGb363RzusiVOyVfJURiSnwO/IpnpIQZ3biC7Vd4ZgxBi6Znzr26BQthSyiJACuNIA=="
    },
    "abind": {
      "version": "1.0.5",
      "resolved": "https://registry.npmjs.org/abind/-/abind-1.0.5.tgz",
      "integrity": "sha512-dbaEZphdPje0ihqSdWg36Sb8S20TuqQomiz2593oIx+enQ9Q4vDZRjIzhnkWltGRKVKqC28kTribkgRLBexWVQ=="
    },
    "adigest": {
      "version": "3.1.0",
      "resolved": "https://registry.npmjs.org/adigest/-/adigest-3.1.0.tgz",
      "integrity": "sha512-Yfmm1kZzF5ir3KdNnS9g3mmpxXjm8HOs8BQ9aizXPkzWiZCRbspS+LjTV0FKqDBbPme65prLL+01LRBa9TVZ3Q==",
      "requires": {
        "json-pointer": "^0.6.0"
      }
    },
    "asleep": {
      "version": "1.0.3",
      "resolved": "https://registry.npmjs.org/asleep/-/asleep-1.0.3.tgz",
      "integrity": "sha1-oQTiSsIpVjxCXk6n51tXihnuIY4="
    },
    "asobj": {
      "version": "3.0.1",
      "resolved": "https://registry.npmjs.org/asobj/-/asobj-3.0.1.tgz",
      "integrity": "sha512-cIcpnl6/RU6n6LhdO2Cgno8FsAbncOxKmbG7oWvi2iO4nA7GwuYAmnVigugp5u6BYKwJxWc2/Z4NtVbGXQ6xcw==",
      "requires": {
        "deep-equal": "^1.0.1"
      }
    },
    "call-bind": {
      "version": "1.0.2",
      "resolved": "https://registry.npmjs.org/call-bind/-/call-bind-1.0.2.tgz",
      "integrity": "sha512-7O+FbCihrB5WGbFYesctwmTKae6rOiIzmz1icreWJ+0aA7LJfuqhEso2T9ncpcFtzMQtzXf2QGGueWJGTYsqrA==",
      "requires": {
        "function-bind": "^1.1.1",
        "get-intrinsic": "^1.0.2"
      }
    },
    "clay-collection": {
      "version": "3.1.5",
      "resolved": "https://registry.npmjs.org/clay-collection/-/clay-collection-3.1.5.tgz",
      "integrity": "sha512-OWjkbM0FvO4GAfXSKMrPxWBGS+lf9tAVwPALmZVQzcnBrzibiLND5GROslM8smJKHP5tUk6COI0opz4XFr2pzA==",
      "requires": {
        "clay-id": "^3.0.2"
      }
    },
    "clay-constants": {
      "version": "3.5.1",
      "resolved": "https://registry.npmjs.org/clay-constants/-/clay-constants-3.5.1.tgz",
      "integrity": "sha512-n5zWPP7yizGZIK9vj8DnI1fOEsBbQ/xXLj5c0ZSsNkgNCg8D/j3NshfwQVYMiMyqVrblcCP/PVRIuJx5CuvcRQ=="
    },
    "clay-crypto": {
      "version": "4.0.5",
      "resolved": "https://registry.npmjs.org/clay-crypto/-/clay-crypto-4.0.5.tgz",
      "integrity": "sha512-YF2vWzKvpuxRQTyyEcFIEG1i1gW2ViWdBjjwrfTZVfKiaxWNSPX99Mw8FDnBFP38cQWJrhbv8+oaoX4WrrrYDw==",
      "requires": {
        "clay-constants": "^3.5.1",
        "debug": "^4.1.1",
        "keypair": "^1.0.1",
        "objnest": "^5.0.6",
        "uuid": "^3.3.2"
      },
      "dependencies": {
        "uuid": {
          "version": "3.4.0",
          "resolved": "https://registry.npmjs.org/uuid/-/uuid-3.4.0.tgz",
          "integrity": "sha512-HjSDRw6gZE5JMggctHBcjVak08+KEVhSIiDzFnT9S9aegmp85S/bReBVTb4QTFaRNptJ9kuYaNhnbNEOkbKb/A=="
        }
      }
    },
    "clay-driver-base": {
      "version": "4.1.9",
      "resolved": "https://registry.npmjs.org/clay-driver-base/-/clay-driver-base-4.1.9.tgz",
      "integrity": "sha512-vhFlYJi8u3sV9J7nNAoOoNMnHf5R0SfWSWySzXuHuHWrKOzODUxjF5vI7/wllTfNV6bZs5TuCeAK+ND2EQqIAA==",
      "requires": {
        "clay-constants": "^3.5.1"
      }
    },
    "clay-entity": {
      "version": "2.1.11",
      "resolved": "https://registry.npmjs.org/clay-entity/-/clay-entity-2.1.11.tgz",
      "integrity": "sha512-ATnb6c2zJUGpNODtCP1v7LOAcBs6LAngeIovvLN1zA2U/KTQDKxWGnlgA3CaL5QW0JEowaMCjOuJGnsoEWo9jw==",
      "requires": {
        "asobj": "^3.0.1",
        "clay-constants": "^3.5.1",
        "clay-crypto": "^4.0.5",
        "clay-id": "^3.1.1"
      }
    },
    "clay-errors": {
      "version": "3.1.1",
      "resolved": "https://registry.npmjs.org/clay-errors/-/clay-errors-3.1.1.tgz",
      "integrity": "sha1-iKKdJRWqeb0CEgNmDTkgsBpzTcA="
    },
    "clay-id": {
      "version": "3.1.1",
      "resolved": "https://registry.npmjs.org/clay-id/-/clay-id-3.1.1.tgz",
      "integrity": "sha512-0IiTKxk2yiDCvIYxC+IdPXecdGYQCtrhSu0eDemmgTOL9QlDmmGYfcuOekKZqw8zocQfkccJWFMiWzQgUz1WyQ==",
      "requires": {
        "clay-constants": "^3.5.1",
        "uuid": "^3.0.1"
      },
      "dependencies": {
        "uuid": {
          "version": "3.4.0",
          "resolved": "https://registry.npmjs.org/uuid/-/uuid-3.4.0.tgz",
          "integrity": "sha512-HjSDRw6gZE5JMggctHBcjVak08+KEVhSIiDzFnT9S9aegmp85S/bReBVTb4QTFaRNptJ9kuYaNhnbNEOkbKb/A=="
        }
      }
    },
    "clay-policy": {
      "version": "2.1.13",
      "resolved": "https://registry.npmjs.org/clay-policy/-/clay-policy-2.1.13.tgz",
      "integrity": "sha512-Bo9yVR8azVHQB7brh2BXPtjATLa3O1I0+MpL5jRMheOQfL05BNvrDJof9azxepr2sOJCJeZGYI9tqkYTu8r7eA==",
      "requires": {
        "adigest": "^3.0.1",
        "asobj": "^3.0.1",
        "clay-constants": "^3.4.4",
        "clay-entity": "^2.1.10",
        "clay-errors": "^3.0.1",
        "clay-schemas": "^4.1.1",
        "clay-serial": "^2.1.4",
        "tv4": "^1.3.0"
      }
    },
    "clay-resource": {
      "version": "5.7.6",
      "resolved": "https://registry.npmjs.org/clay-resource/-/clay-resource-5.7.6.tgz",
      "integrity": "sha512-3X4Cll8LUabORh7/RMN7XXPbCHv14mv3xPTv5N2vDj3xfAssMFUSGPhuTPVdf8qFysewYeEkR0WcAxxr9XRE5Q==",
      "requires": {
        "asleep": "^1.0.3",
        "asobj": "^3.0.1",
        "clay-collection": "^3.1.5",
        "clay-constants": "^3.5.1",
        "clay-driver-base": "^4.1.9",
        "clay-entity": "^2.1.11",
        "clay-errors": "^3.1.1",
        "clay-policy": "^2.1.13",
        "clay-resource-cache": "^2.0.3",
        "clay-resource-collection": "^2.0.6",
        "clay-resource-entity": "^2.6.7",
        "clay-resource-name": "^4.0.5",
        "clay-resource-ref": "^2.0.9",
        "clay-schemas": "^4.0.5",
        "debug": "^4.1.1",
        "objnest": "^5.0.10",
        "uuid": "^8.0.0"
      }
    },
    "clay-resource-cache": {
      "version": "2.0.3",
      "resolved": "https://registry.npmjs.org/clay-resource-cache/-/clay-resource-cache-2.0.3.tgz",
      "integrity": "sha512-yDehKYdINR11vY6g3OksiguWWRUBXSyhxb5fkeGY01s6iYbqnsBZjXB/qZMcr+04cmg5GiFzrLOolthWOgQF1A==",
      "requires": {
        "lru-cache": "^5.1.1"
      }
    },
    "clay-resource-collection": {
      "version": "2.0.6",
      "resolved": "https://registry.npmjs.org/clay-resource-collection/-/clay-resource-collection-2.0.6.tgz",
      "integrity": "sha512-dqlEUHqLkeM3HpCLX7KEzfj25Ki6k2Es7q/3fw1yf7CUPKx7FHbHa+30q2pas7RkiPcUXZt06Vz4c9j3Sc7suQ==",
      "requires": {
        "asobj": "^3.0.1",
        "clay-collection": "^3.1.5",
        "clay-resource-name": "^4.0.5",
        "debug": "^4.1.1"
      }
    },
    "clay-resource-entity": {
      "version": "2.6.7",
      "resolved": "https://registry.npmjs.org/clay-resource-entity/-/clay-resource-entity-2.6.7.tgz",
      "integrity": "sha512-wdul5ref/0qIfAVRHojkJiufog17PqdV5Nd3qJ5lZ1E4atAJGDZ/pfKhjmsQlXM5Vq6w300TAcNkJKib+q2qdA==",
      "requires": {
        "clay-entity": "^2.1.9",
        "clay-resource-name": "^4.0.5",
        "clay-resource-ref": "^2.0.7"
      }
    },
    "clay-resource-name": {
      "version": "4.0.5",
      "resolved": "https://registry.npmjs.org/clay-resource-name/-/clay-resource-name-4.0.5.tgz",
      "integrity": "sha512-qZcbQYlEKhIQbn7F+vkjwhsX5M9H53njiIk9iiysXU4dufjL0b83tKReSrOuiwY5dUT63G05mBkM1/wFzlkHhw==",
      "requires": {
        "clay-constants": "^3.4.4"
      }
    },
    "clay-resource-ref": {
      "version": "2.0.9",
      "resolved": "https://registry.npmjs.org/clay-resource-ref/-/clay-resource-ref-2.0.9.tgz",
      "integrity": "sha512-EKbdyjQ3FCnnbR/1F29+gFPpc2d33w3ZISSe6CDcL8i29borLEgeFde+xV8HMOvB243RXQV9eGQUA2LegDHBgg==",
      "requires": {
        "clay-entity": "^2.1.10",
        "clay-id": "^3.1.1",
        "clay-resource-name": "^4.0.5"
      }
    },
    "clay-schemas": {
      "version": "4.1.1",
      "resolved": "https://registry.npmjs.org/clay-schemas/-/clay-schemas-4.1.1.tgz",
      "integrity": "sha1-mWjXc6KkKqRVgdCbN4sWwO+xyNc="
    },
    "clay-serial": {
      "version": "2.1.4",
      "resolved": "https://registry.npmjs.org/clay-serial/-/clay-serial-2.1.4.tgz",
      "integrity": "sha512-G8i/7uoLcekbXl31Lm4t8JAdOB8MsDlcbXMscoGO7IE8GvR+oROnE29wiQLpFQ+ABwqyM/qz9i1uDX8i0W7oTw==",
      "requires": {
        "clay-constants": "^3.0.2",
        "clay-entity": "^2.1.10",
        "clay-id": "^3.0.1",
        "clay-resource-ref": "^2.0.8"
      }
    },
    "debug": {
      "version": "4.3.1",
      "resolved": "https://registry.npmjs.org/debug/-/debug-4.3.1.tgz",
      "integrity": "sha512-doEwdvm4PCeK4K3RQN2ZC2BYUBaxwLARCqZmMjtF8a51J2Rb0xpVloFRnCODwqjpwnAoao4pelN8l3RJdv3gRQ==",
      "requires": {
        "ms": "2.1.2"
      }
    },
    "deep-equal": {
      "version": "1.1.1",
      "resolved": "https://registry.npmjs.org/deep-equal/-/deep-equal-1.1.1.tgz",
      "integrity": "sha512-yd9c5AdiqVcR+JjcwUQb9DkhJc8ngNr0MahEBGvDiJw8puWab2yZlh+nkasOnZP+EGTAP6rRp2JzJhJZzvNF8g==",
      "requires": {
        "is-arguments": "^1.0.4",
        "is-date-object": "^1.0.1",
        "is-regex": "^1.0.4",
        "object-is": "^1.0.1",
        "object-keys": "^1.1.1",
        "regexp.prototype.flags": "^1.2.0"
      }
    },
    "define-properties": {
      "version": "1.1.3",
      "resolved": "https://registry.npmjs.org/define-properties/-/define-properties-1.1.3.tgz",
      "integrity": "sha512-3MqfYKj2lLzdMSf8ZIZE/V+Zuy+BgD6f164e8K2w7dgnpKArBDerGYpM46IYYcjnkdPNMjPk9A6VFB8+3SKlXQ==",
      "requires": {
        "object-keys": "^1.0.12"
      }
    },
    "extend": {
      "version": "3.0.2",
      "resolved": "https://registry.npmjs.org/extend/-/extend-3.0.2.tgz",
      "integrity": "sha512-fjquC59cD7CyW6urNXK0FBufkZcoiGG80wTuPujX590cB5Ttln20E2UB4S/WARVqhXffZl2LNgS+gQdPIIim/g=="
    },
    "foreach": {
      "version": "2.0.5",
      "resolved": "https://registry.npmjs.org/foreach/-/foreach-2.0.5.tgz",
      "integrity": "sha1-C+4AUBiusmDQo6865ljdATbsG5k="
    },
    "function-bind": {
      "version": "1.1.1",
      "resolved": "https://registry.npmjs.org/function-bind/-/function-bind-1.1.1.tgz",
      "integrity": "sha512-yIovAzMX49sF8Yl58fSCWJ5svSLuaibPxXQJFLmBObTuCr0Mf1KiPopGM9NiFjiYBCbfaa2Fh6breQ6ANVTI0A=="
    },
    "get-intrinsic": {
      "version": "1.1.1",
      "resolved": "https://registry.npmjs.org/get-intrinsic/-/get-intrinsic-1.1.1.tgz",
      "integrity": "sha512-kWZrnVM42QCiEA2Ig1bG8zjoIMOgxWwYCEeNdwY6Tv/cOSeGpcoX4pXHfKUxNKVoArnrEr2e9srnAxxGIraS9Q==",
      "requires": {
        "function-bind": "^1.1.1",
        "has": "^1.0.3",
        "has-symbols": "^1.0.1"
      }
    },
    "has": {
      "version": "1.0.3",
      "resolved": "https://registry.npmjs.org/has/-/has-1.0.3.tgz",
      "integrity": "sha512-f2dvO0VU6Oej7RkWJGrehjbzMAjFp5/VKPp5tTpWIV4JHHZK1/BxbFRtf/siA2SWTe09caDmVtYYzWEIbBS4zw==",
      "requires": {
        "function-bind": "^1.1.1"
      }
    },
    "has-symbols": {
      "version": "1.0.2",
      "resolved": "https://registry.npmjs.org/has-symbols/-/has-symbols-1.0.2.tgz",
      "integrity": "sha512-chXa79rL/UC2KlX17jo3vRGz0azaWEx5tGqZg5pO3NUyEJVB17dMruQlzCCOfUvElghKcm5194+BCRvi2Rv/Gw=="
    },
    "is-arguments": {
      "version": "1.1.0",
      "resolved": "https://registry.npmjs.org/is-arguments/-/is-arguments-1.1.0.tgz",
      "integrity": "sha512-1Ij4lOMPl/xB5kBDn7I+b2ttPMKa8szhEIrXDuXQD/oe3HJLTLhqhgGspwgyGd6MOywBUqVvYicF72lkgDnIHg==",
      "requires": {
        "call-bind": "^1.0.0"
      }
    },
    "is-date-object": {
      "version": "1.0.2",
      "resolved": "https://registry.npmjs.org/is-date-object/-/is-date-object-1.0.2.tgz",
      "integrity": "sha512-USlDT524woQ08aoZFzh3/Z6ch9Y/EWXEHQ/AaRN0SkKq4t2Jw2R2339tSXmwuVoY7LLlBCbOIlx2myP/L5zk0g=="
    },
    "is-regex": {
      "version": "1.1.2",
      "resolved": "https://registry.npmjs.org/is-regex/-/is-regex-1.1.2.tgz",
      "integrity": "sha512-axvdhb5pdhEVThqJzYXwMlVuZwC+FF2DpcOhTS+y/8jVq4trxyPgfcwIxIKiyeuLlSQYKkmUaPQJ8ZE4yNKXDg==",
      "requires": {
        "call-bind": "^1.0.2",
        "has-symbols": "^1.0.1"
      }
    },
    "json-pointer": {
      "version": "0.6.1",
      "resolved": "https://registry.npmjs.org/json-pointer/-/json-pointer-0.6.1.tgz",
      "integrity": "sha512-3OvjqKdCBvH41DLpV4iSt6v2XhZXV1bPB4OROuknvUXI7ZQNofieCPkmE26stEJ9zdQuvIxDHCuYhfgxFAAs+Q==",
      "requires": {
        "foreach": "^2.0.4"
      }
    },
    "keypair": {
      "version": "1.0.3",
      "resolved": "https://registry.npmjs.org/keypair/-/keypair-1.0.3.tgz",
      "integrity": "sha512-0wjZ2z/SfZZq01+3/8jYLd8aEShSa+aat1zyPGQY3IuKoEAp6DJGvu2zt6snELrQU9jbCkIlCyNOD7RdQbHhkQ=="
    },
    "lru-cache": {
      "version": "5.1.1",
      "resolved": "https://registry.npmjs.org/lru-cache/-/lru-cache-5.1.1.tgz",
      "integrity": "sha512-KpNARQA3Iwv+jTA0utUVVbrh+Jlrr1Fv0e56GGzAFOXN7dk/FviaDW8LHmK52DlcH4WP2n6gI8vN1aesBFgo9w==",
      "requires": {
        "yallist": "^3.0.2"
      }
    },
    "ms": {
      "version": "2.1.2",
      "resolved": "https://registry.npmjs.org/ms/-/ms-2.1.2.tgz",
      "integrity": "sha512-sGkPx+VjMtmA6MX27oA4FBFELFCZZ4S4XqeGOXCv68tT+jb3vk/RyaKWP0PTKyWtmLSM0b+adUTEvbs1PEaH2w=="
    },
    "object-is": {
      "version": "1.1.5",
      "resolved": "https://registry.npmjs.org/object-is/-/object-is-1.1.5.tgz",
      "integrity": "sha512-3cyDsyHgtmi7I7DfSSI2LDp6SK2lwvtbg0p0R1e0RvTqF5ceGx+K2dfSjm1bKDMVCFEDAQvy+o8c6a7VujOddw==",
      "requires": {
        "call-bind": "^1.0.2",
        "define-properties": "^1.1.3"
      }
    },
    "object-keys": {
      "version": "1.1.1",
      "resolved": "https://registry.npmjs.org/object-keys/-/object-keys-1.1.1.tgz",
      "integrity": "sha512-NuAESUOUMrlIXOfHKzD6bpPu3tYt3xvjNdRIQ+FeT0lNb4K8WR70CaDxhuNguS2XG+GjkyMwOzsN5ZktImfhLA=="
    },
    "objnest": {
      "version": "5.1.1",
      "resolved": "https://registry.npmjs.org/objnest/-/objnest-5.1.1.tgz",
      "integrity": "sha512-C4fjNlHhUQbHiiFpgzvZse3/WUHq356Da3P8NZazg9JpPHFiQP2Y9lmYvpLU06midap0YpNz/MuA8GGSL8G0YQ==",
      "requires": {
        "@babel/runtime": "^7.12.5",
        "abind": "^1.0.5",
        "extend": "^3.0.2"
      }
    },
    "regenerator-runtime": {
      "version": "0.13.7",
      "resolved": "https://registry.npmjs.org/regenerator-runtime/-/regenerator-runtime-0.13.7.tgz",
      "integrity": "sha512-a54FxoJDIr27pgf7IgeQGxmqUNYrcV338lf/6gH456HZ/PhX+5BcwHXG9ajESmwe6WRO0tAzRUrRmNONWgkrew=="
    },
    "regexp.prototype.flags": {
      "version": "1.3.1",
      "resolved": "https://registry.npmjs.org/regexp.prototype.flags/-/regexp.prototype.flags-1.3.1.tgz",
      "integrity": "sha512-JiBdRBq91WlY7uRJ0ds7R+dU02i6LKi8r3BuQhNXn+kmeLN+EfHhfjqMRis1zJxnlu88hq/4dx0P2OP3APRTOA==",
      "requires": {
        "call-bind": "^1.0.2",
        "define-properties": "^1.1.3"
      }
    },
    "tv4": {
      "version": "1.3.0",
      "resolved": "https://registry.npmjs.org/tv4/-/tv4-1.3.0.tgz",
      "integrity": "sha1-0CDIRvrdUMhVq7JeuuzGj8EPeWM="
    },
    "uuid": {
      "version": "8.3.2",
      "resolved": "https://registry.npmjs.org/uuid/-/uuid-8.3.2.tgz",
      "integrity": "sha512-+NYs2QeMWy+GWFOEm9xnn6HCDp0l7QBD7ml8zLUmJ+93Q5NF0NocErnwkTkXVFNiX3/fpC6afS8Dhb/gz7R7eg=="
    },
    "yallist": {
      "version": "3.1.1",
      "resolved": "https://registry.npmjs.org/yallist/-/yallist-3.1.1.tgz",
      "integrity": "sha512-a4UGQaWPH59mOXUYnAG2ewncQS4i4F43Tv3JoAM+s2VDAmS9NsK8GpDMLrCHPksFT7h3K6TOoUNn2pb7RoXx4g=="
    }
  }
}
