{
  "name": "@the-/driver-mongo",
  "version": "15.4.7",
  "lockfileVersion": 1,
  "requires": true,
  "dependencies": {
    "@the-/check": {
      "version": "15.5.2",
      "resolved": "https://registry.npmjs.org/@the-/check/-/check-15.5.2.tgz",
      "integrity": "sha512-hJueJNruzRtNyBnRZMLFK6ecZc4ncH0qD4/lEvPkpDA29mJszklD3upYc3imD6IhRT6ZRIK8zUMm7mqoKnGv8w==",
      "requires": {
        "@the-/window": "^15.4.1",
        "asenv": "^3.0.2",
        "bowser": "^2.4.0",
        "os-browserify": "^0.3.0",
        "path-browserify": "^1.0.0"
      }
    },
    "@the-/window": {
      "version": "15.4.1",
      "resolved": "https://registry.npmjs.org/@the-/window/-/window-15.4.1.tgz",
      "integrity": "sha512-Vok/8QKwaxz/n6qvkK9TA88gi/KlIsjFfMKT4MikFSjUqlEGjfgX+sG9jZB/mgZ4XsCWwkfz4ZAIVT7+5LDJAQ==",
      "requires": {
        "bwindow": "^2.0.3",
        "debug": "^4.1.1"
      }
    },
    "abind": {
      "version": "1.0.5",
      "resolved": "https://registry.npmjs.org/abind/-/abind-1.0.5.tgz",
      "integrity": "sha512-dbaEZphdPje0ihqSdWg36Sb8S20TuqQomiz2593oIx+enQ9Q4vDZRjIzhnkWltGRKVKqC28kTribkgRLBexWVQ=="
    },
    "adigest": {
      "version": "3.0.1",
      "resolved": "https://registry.npmjs.org/adigest/-/adigest-3.0.1.tgz",
      "integrity": "sha512-6aoDEW0zHuouo5lGtiCJ+0HbmQKb7KSd3lBRMo3mgPM7VMahZfpLEL8DlrqTYd+dPYDOQ49Lkhz+CZG0t4j8Lw==",
      "dev": true,
      "requires": {
        "json-pointer": "^0.6.0"
      }
    },
    "ansi-regex": {
      "version": "2.1.1",
      "resolved": "https://registry.npmjs.org/ansi-regex/-/ansi-regex-2.1.1.tgz",
      "integrity": "sha1-w7M6te42DYbg5ijwRorn7yfWVN8=",
      "dev": true
    },
    "aschema": {
      "version": "2.0.4",
      "resolved": "https://registry.npmjs.org/aschema/-/aschema-2.0.4.tgz",
      "integrity": "sha1-3BaymZKl3D2SW+OjWC136lMwTf4=",
      "dev": true,
      "requires": {
        "iftype": "^3.0.0",
        "tv4": "^1.2.7",
        "uuid": "^2.0.2"
      },
      "dependencies": {
        "uuid": {
          "version": "2.0.3",
          "resolved": "https://registry.npmjs.org/uuid/-/uuid-2.0.3.tgz",
          "integrity": "sha1-Z+LoY3lyFVMN/zGOW/nc6/1Hsho=",
          "dev": true
        }
      }
    },
    "asenv": {
      "version": "3.0.2",
      "resolved": "https://registry.npmjs.org/asenv/-/asenv-3.0.2.tgz",
      "integrity": "sha512-I8jsgk723Dn7OAvbK1iaEqWcvldQSDsjxe45E3wj8ixLRLGY3SIAoZp9OXfAdEUjFO+g/hHp+1W8JZe4CvGUJQ=="
    },
    "asleep": {
      "version": "1.0.3",
      "resolved": "https://registry.npmjs.org/asleep/-/asleep-1.0.3.tgz",
      "integrity": "sha1-oQTiSsIpVjxCXk6n51tXihnuIY4="
    },
    "asobj": {
      "version": "3.0.1",
      "resolved": "https://registry.npmjs.org/asobj/-/asobj-3.0.1.tgz",
      "integrity": "sha512-cIcpnl6/RU6n6LhdO2Cgno8FsAbncOxKmbG7oWvi2iO4nA7GwuYAmnVigugp5u6BYKwJxWc2/Z4NtVbGXQ6xcw==",
      "requires": {
        "deep-equal": "^1.0.1"
      }
    },
    "babel-runtime": {
      "version": "6.26.0",
      "resolved": "https://registry.npmjs.org/babel-runtime/-/babel-runtime-6.26.0.tgz",
      "integrity": "sha1-llxwWGaOgrVde/4E/yM3vItWR/4=",
      "dev": true,
      "requires": {
        "core-js": "^2.4.0",
        "regenerator-runtime": "^0.11.0"
      }
    },
    "bowser": {
      "version": "2.4.0",
      "resolved": "https://registry.npmjs.org/bowser/-/bowser-2.4.0.tgz",
      "integrity": "sha512-DA9Opnb8S8TBLPPszrHDtCCATbAMkrxF+AxPs/d95r99frBioGpNwL1cbG3AHeV3FnoZW655vEvEryBHFeGrMg=="
    },
    "bson": {
      "version": "1.1.1",
      "resolved": "https://registry.npmjs.org/bson/-/bson-1.1.1.tgz",
      "integrity": "sha512-jCGVYLoYMHDkOsbwJZBCqwMHyH4c+wzgI9hG7Z6SZJRXWr+x58pdIbm2i9a/jFGCkRJqRUr8eoI7lDWa0hTkxg=="
    },
    "bwindow": {
      "version": "2.0.3",
      "resolved": "https://registry.npmjs.org/bwindow/-/bwindow-2.0.3.tgz",
      "integrity": "sha512-UfWQL9Zr9ORD2oTFNzzkGk4ve1GMd8iZ2AF/ozIordNtxkGs68Oa1QkemsVX0i7FWZE5T6mIR7LV9Pa3q+4d3w=="
    },
    "clay-collection": {
      "version": "3.1.5",
      "resolved": "https://registry.npmjs.org/clay-collection/-/clay-collection-3.1.5.tgz",
      "integrity": "sha512-OWjkbM0FvO4GAfXSKMrPxWBGS+lf9tAVwPALmZVQzcnBrzibiLND5GROslM8smJKHP5tUk6COI0opz4XFr2pzA==",
      "requires": {
        "clay-id": "^3.0.2"
      }
    },
    "clay-constants": {
      "version": "3.4.4",
      "resolved": "https://registry.npmjs.org/clay-constants/-/clay-constants-3.4.4.tgz",
      "integrity": "sha512-TBgGH+7vOiPs/Z9WJ7s1cdnhX4x0kuSUE0G8SBqURqujHg8nHQDlxNfF+EBfUIgLeEl3DnpU7Wd0Z8g8MLKccA=="
    },
    "clay-crypto": {
      "version": "4.0.4",
      "resolved": "https://registry.npmjs.org/clay-crypto/-/clay-crypto-4.0.4.tgz",
      "integrity": "sha512-S5lSMrBvP1IV1ASFxShnzKdxCr35GRknnAsXxFz/JJFdXMP8leen7JSWKrlFaCBCNku5ZNRFrqXHg3FXNhj76Q==",
      "requires": {
        "clay-constants": "^3.0.1",
        "debug": "^4.1.1",
        "keypair": "^1.0.1",
        "objnest": "^5.0.4",
        "uuid": "^3.3.2"
      }
    },
    "clay-driver-base": {
      "version": "4.1.7",
      "resolved": "https://registry.npmjs.org/clay-driver-base/-/clay-driver-base-4.1.7.tgz",
      "integrity": "sha512-p+OAUfI/kXQqH2fXSCUMwW/wLEM4/yEhcDL7eLKMXdeQXligWZuu/Fcxnv0z/lQwfkTUuGjqCWTfrv4zY8dpjA==",
      "requires": {
        "clay-constants": "^3.4.4"
      }
    },
    "clay-driver-tests": {
      "version": "3.0.1",
      "resolved": "https://registry.npmjs.org/clay-driver-tests/-/clay-driver-tests-3.0.1.tgz",
      "integrity": "sha512-xU0bYaG2cotx0N95dl8CetOhIBkXL9RNKHkFfRo7BvBgJPY/Y/PLg1nIqhSulY4+MT7+z3ZNrMO834STxw+c0A==",
      "dev": true,
      "requires": {
        "aschema": "^2.0.4",
        "clay-constants": "^3.4.4",
        "clay-schemas": "^4.1.1",
        "co": "^4.6.0",
        "colorprint": "^4.1.0"
      }
    },
    "clay-entity": {
      "version": "2.1.10",
      "resolved": "https://registry.npmjs.org/clay-entity/-/clay-entity-2.1.10.tgz",
      "integrity": "sha512-HyLOmIkLhamDU8pZXIDuopewfttZZ5wxg8bcWJyI24mQN9mJqUUmdVyHeMCq68MKx2hPupPzZoGR5WxCXnDflg==",
      "requires": {
        "asobj": "^3.0.0",
        "clay-constants": "^3.4.4",
        "clay-crypto": "^4.0.3",
        "clay-id": "^3.0.2"
      }
    },
    "clay-errors": {
      "version": "3.1.1",
      "resolved": "https://registry.npmjs.org/clay-errors/-/clay-errors-3.1.1.tgz",
      "integrity": "sha1-iKKdJRWqeb0CEgNmDTkgsBpzTcA=",
      "dev": true
    },
    "clay-id": {
      "version": "3.0.4",
      "resolved": "https://registry.npmjs.org/clay-id/-/clay-id-3.0.4.tgz",
      "integrity": "sha512-TvXZi7sb3eiRkXasKg7a9Q5QnIyoMVvUij/OsCwN3fKIYZgjQZCa4BRn9C3Jnfkg1XqXJ4bCRTXXyIrR70i0xA==",
      "requires": {
        "clay-constants": "^3.0.1",
        "uuid": "^3.0.1"
      }
    },
    "clay-list-pager": {
      "version": "3.0.1",
      "resolved": "https://registry.npmjs.org/clay-list-pager/-/clay-list-pager-3.0.1.tgz",
      "integrity": "sha512-PQIzL8IRNb58tjPhnByvak7BbYnkN4E1TUkOerNLfQObQuUvLqyfsUmjck71kiSVdxImd8JejyYmxyAT3Irpzw==",
      "requires": {
        "asenv": "^3.0.0"
      }
    },
    "clay-policy": {
      "version": "2.1.13",
      "resolved": "https://registry.npmjs.org/clay-policy/-/clay-policy-2.1.13.tgz",
      "integrity": "sha512-Bo9yVR8azVHQB7brh2BXPtjATLa3O1I0+MpL5jRMheOQfL05BNvrDJof9azxepr2sOJCJeZGYI9tqkYTu8r7eA==",
      "dev": true,
      "requires": {
        "adigest": "^3.0.1",
        "asobj": "^3.0.1",
        "clay-constants": "^3.4.4",
        "clay-entity": "^2.1.10",
        "clay-errors": "^3.0.1",
        "clay-schemas": "^4.1.1",
        "clay-serial": "^2.1.4",
        "tv4": "^1.3.0"
      }
    },
    "clay-resource": {
      "version": "5.6.3",
      "resolved": "https://registry.npmjs.org/clay-resource/-/clay-resource-5.6.3.tgz",
      "integrity": "sha512-h5l2vbCP4Neg+XQNMPXLI+AZpGHKn3R5GaL0wxzd91iqS1Y25oL0vw7q8PotTU12G9gg/UCfkBOGvt3xPcQd9w==",
      "dev": true,
      "requires": {
        "asleep": "^1.0.3",
        "asobj": "^3.0.1",
        "clay-collection": "^3.1.5",
        "clay-constants": "^3.4.4",
        "clay-driver-base": "^4.1.7",
        "clay-entity": "^2.1.10",
        "clay-errors": "^3.1.1",
        "clay-policy": "^2.1.13",
        "clay-resource-cache": "^2.0.2",
        "clay-resource-collection": "^2.0.6",
        "clay-resource-entity": "^2.6.7",
        "clay-resource-name": "^4.0.5",
        "clay-resource-ref": "^2.0.8",
        "clay-schemas": "^4.0.5",
        "debug": "^4.1.1",
        "objnest": "^5.0.6",
        "uuid": "^3.3.2"
      }
    },
    "clay-resource-cache": {
      "version": "2.0.2",
      "resolved": "https://registry.npmjs.org/clay-resource-cache/-/clay-resource-cache-2.0.2.tgz",
      "integrity": "sha512-9hZjJP7UlQ8uzS5D8Tf9T11031b3WunlsroVpkwNTDsWSYkBrNuy/0zaH6VQG7m72GC7fwlGtUTaWqnJibknUA==",
      "dev": true,
      "requires": {
        "lru-cache": "^5.1.1"
      }
    },
    "clay-resource-collection": {
      "version": "2.0.6",
      "resolved": "https://registry.npmjs.org/clay-resource-collection/-/clay-resource-collection-2.0.6.tgz",
      "integrity": "sha512-dqlEUHqLkeM3HpCLX7KEzfj25Ki6k2Es7q/3fw1yf7CUPKx7FHbHa+30q2pas7RkiPcUXZt06Vz4c9j3Sc7suQ==",
      "dev": true,
      "requires": {
        "asobj": "^3.0.1",
        "clay-collection": "^3.1.5",
        "clay-resource-name": "^4.0.5",
        "debug": "^4.1.1"
      }
    },
    "clay-resource-entity": {
      "version": "2.6.7",
      "resolved": "https://registry.npmjs.org/clay-resource-entity/-/clay-resource-entity-2.6.7.tgz",
      "integrity": "sha512-wdul5ref/0qIfAVRHojkJiufog17PqdV5Nd3qJ5lZ1E4atAJGDZ/pfKhjmsQlXM5Vq6w300TAcNkJKib+q2qdA==",
      "dev": true,
      "requires": {
        "clay-entity": "^2.1.9",
        "clay-resource-name": "^4.0.5",
        "clay-resource-ref": "^2.0.7"
      }
    },
    "clay-resource-name": {
      "version": "4.0.5",
      "resolved": "https://registry.npmjs.org/clay-resource-name/-/clay-resource-name-4.0.5.tgz",
      "integrity": "sha512-qZcbQYlEKhIQbn7F+vkjwhsX5M9H53njiIk9iiysXU4dufjL0b83tKReSrOuiwY5dUT63G05mBkM1/wFzlkHhw==",
      "requires": {
        "clay-constants": "^3.4.4"
      }
    },
    "clay-resource-ref": {
      "version": "2.0.8",
      "resolved": "https://registry.npmjs.org/clay-resource-ref/-/clay-resource-ref-2.0.8.tgz",
      "integrity": "sha512-SmF8oiBP5yEhSl0vAfpWaqZ1DyoJuHbxN3az0Sxr29Lhx4pU7EHep6a1MHk4Nfxh7WXzum1UsBfPj/IJwoho/A==",
      "requires": {
        "clay-entity": "^2.1.10",
        "clay-id": "^3.0.2",
        "clay-resource-name": "^4.0.5"
      }
    },
    "clay-schemas": {
      "version": "4.1.1",
      "resolved": "https://registry.npmjs.org/clay-schemas/-/clay-schemas-4.1.1.tgz",
      "integrity": "sha1-mWjXc6KkKqRVgdCbN4sWwO+xyNc=",
      "dev": true
    },
    "clay-serial": {
      "version": "2.1.4",
      "resolved": "https://registry.npmjs.org/clay-serial/-/clay-serial-2.1.4.tgz",
      "integrity": "sha512-G8i/7uoLcekbXl31Lm4t8JAdOB8MsDlcbXMscoGO7IE8GvR+oROnE29wiQLpFQ+ABwqyM/qz9i1uDX8i0W7oTw==",
      "requires": {
        "clay-constants": "^3.0.2",
        "clay-entity": "^2.1.10",
        "clay-id": "^3.0.1",
        "clay-resource-ref": "^2.0.8"
      }
    },
    "cli-color": {
      "version": "1.4.0",
      "resolved": "https://registry.npmjs.org/cli-color/-/cli-color-1.4.0.tgz",
      "integrity": "sha512-xu6RvQqqrWEo6MPR1eixqGPywhYBHRs653F9jfXB2Hx4jdM/3WxiNE1vppRmxtMIfl16SFYTpYlrnqH/HsK/2w==",
      "dev": true,
      "requires": {
        "ansi-regex": "^2.1.1",
        "d": "1",
        "es5-ext": "^0.10.46",
        "es6-iterator": "^2.0.3",
        "memoizee": "^0.4.14",
        "timers-ext": "^0.1.5"
      }
    },
    "co": {
      "version": "4.6.0",
      "resolved": "https://registry.npmjs.org/co/-/co-4.6.0.tgz",
      "integrity": "sha1-bqa989hTrlTMuOR7+gvz+QMfsYQ=",
      "dev": true
    },
    "colorprint": {
      "version": "4.1.0",
      "resolved": "https://registry.npmjs.org/colorprint/-/colorprint-4.1.0.tgz",
      "integrity": "sha1-BSroTEv9Ed7l7xvwfC9iVYT8CYk=",
      "dev": true,
      "requires": {
        "cli-color": "^1.1.0",
        "commander": "^2.9.0"
      }
    },
    "commander": {
      "version": "2.20.0",
      "resolved": "https://registry.npmjs.org/commander/-/commander-2.20.0.tgz",
      "integrity": "sha512-7j2y+40w61zy6YC2iRNpUe/NwhNyoXrYpHMrSunaMG64nRnaf96zO/KMQR4OyN/UnE5KLyEBnKHd4aG3rskjpQ==",
      "dev": true
    },
    "core-js": {
      "version": "2.6.5",
      "resolved": "https://registry.npmjs.org/core-js/-/core-js-2.6.5.tgz",
      "integrity": "sha512-klh/kDpwX8hryYL14M9w/xei6vrv6sE8gTHDG7/T/+SEovB/G4ejwcfE/CBzO6Edsu+OETZMZ3wcX/EjUkrl5A==",
      "dev": true
    },
    "d": {
      "version": "1.0.0",
      "resolved": "https://registry.npmjs.org/d/-/d-1.0.0.tgz",
      "integrity": "sha1-dUu1v+VUUdpppYuU1F9MWwRi1Y8=",
      "dev": true,
      "requires": {
        "es5-ext": "^0.10.9"
      }
    },
    "debug": {
      "version": "4.1.1",
      "resolved": "https://registry.npmjs.org/debug/-/debug-4.1.1.tgz",
      "integrity": "sha512-pYAIzeRo8J6KPEaJ0VWOh5Pzkbw/RetuzehGM7QRRX5he4fPHx2rdKMB256ehJCkX+XRQm16eZLqLNS8RSZXZw==",
      "requires": {
        "ms": "^2.1.1"
      }
    },
    "deep-equal": {
      "version": "1.0.1",
      "resolved": "https://registry.npmjs.org/deep-equal/-/deep-equal-1.0.1.tgz",
      "integrity": "sha1-9dJgKStmDghO/0zbyfCK0yR0SLU="
    },
    "es5-ext": {
      "version": "0.10.49",
      "resolved": "https://registry.npmjs.org/es5-ext/-/es5-ext-0.10.49.tgz",
      "integrity": "sha512-3NMEhi57E31qdzmYp2jwRArIUsj1HI/RxbQ4bgnSB+AIKIxsAmTiK83bYMifIcpWvEc3P1X30DhUKOqEtF/kvg==",
      "dev": true,
      "requires": {
        "es6-iterator": "~2.0.3",
        "es6-symbol": "~3.1.1",
        "next-tick": "^1.0.0"
      }
    },
    "es6-iterator": {
      "version": "2.0.3",
      "resolved": "https://registry.npmjs.org/es6-iterator/-/es6-iterator-2.0.3.tgz",
      "integrity": "sha1-p96IkUGgWpSwhUQDstCg+/qY87c=",
      "dev": true,
      "requires": {
        "d": "1",
        "es5-ext": "^0.10.35",
        "es6-symbol": "^3.1.1"
      }
    },
    "es6-symbol": {
      "version": "3.1.1",
      "resolved": "https://registry.npmjs.org/es6-symbol/-/es6-symbol-3.1.1.tgz",
      "integrity": "sha1-vwDvT9q2uhtG7Le2KbTH7VcVzHc=",
      "dev": true,
      "requires": {
        "d": "1",
        "es5-ext": "~0.10.14"
      }
    },
    "es6-weak-map": {
      "version": "2.0.2",
      "resolved": "https://registry.npmjs.org/es6-weak-map/-/es6-weak-map-2.0.2.tgz",
      "integrity": "sha1-XjqzIlH/0VOKH45f+hNXdy+S2W8=",
      "dev": true,
      "requires": {
        "d": "1",
        "es5-ext": "^0.10.14",
        "es6-iterator": "^2.0.1",
        "es6-symbol": "^3.1.1"
      }
    },
    "event-emitter": {
      "version": "0.3.5",
      "resolved": "https://registry.npmjs.org/event-emitter/-/event-emitter-0.3.5.tgz",
      "integrity": "sha1-34xp7vFkeSPHFXuc6DhAYQsCzDk=",
      "dev": true,
      "requires": {
        "d": "1",
        "es5-ext": "~0.10.14"
      }
    },
    "extend": {
      "version": "3.0.2",
      "resolved": "https://registry.npmjs.org/extend/-/extend-3.0.2.tgz",
      "integrity": "sha512-fjquC59cD7CyW6urNXK0FBufkZcoiGG80wTuPujX590cB5Ttln20E2UB4S/WARVqhXffZl2LNgS+gQdPIIim/g=="
    },
    "foreach": {
      "version": "2.0.5",
      "resolved": "https://registry.npmjs.org/foreach/-/foreach-2.0.5.tgz",
      "integrity": "sha1-C+4AUBiusmDQo6865ljdATbsG5k=",
      "dev": true
    },
    "iftype": {
      "version": "3.0.2",
      "resolved": "https://registry.npmjs.org/iftype/-/iftype-3.0.2.tgz",
      "integrity": "sha1-V3EmHmT7NaaA0yDTZox1Kfklq3Q=",
      "dev": true,
      "requires": {
        "babel-runtime": "^6.11.6"
      }
    },
    "is-promise": {
      "version": "2.1.0",
      "resolved": "https://registry.npmjs.org/is-promise/-/is-promise-2.1.0.tgz",
      "integrity": "sha1-eaKp7OfwlugPNtKy87wWwf9L8/o=",
      "dev": true
    },
    "json-pointer": {
      "version": "0.6.0",
      "resolved": "https://registry.npmjs.org/json-pointer/-/json-pointer-0.6.0.tgz",
      "integrity": "sha1-jlAFUKaqxUZKRzN32leqbMIoKNc=",
      "dev": true,
      "requires": {
        "foreach": "^2.0.4"
      }
    },
    "keypair": {
      "version": "1.0.1",
      "resolved": "https://registry.npmjs.org/keypair/-/keypair-1.0.1.tgz",
      "integrity": "sha1-dgNxknCvtlZO04oiCHoG/Jqk6hs="
    },
    "lru-cache": {
      "version": "5.1.1",
      "resolved": "https://registry.npmjs.org/lru-cache/-/lru-cache-5.1.1.tgz",
      "integrity": "sha512-KpNARQA3Iwv+jTA0utUVVbrh+Jlrr1Fv0e56GGzAFOXN7dk/FviaDW8LHmK52DlcH4WP2n6gI8vN1aesBFgo9w==",
      "dev": true,
      "requires": {
        "yallist": "^3.0.2"
      }
    },
    "lru-queue": {
      "version": "0.1.0",
      "resolved": "https://registry.npmjs.org/lru-queue/-/lru-queue-0.1.0.tgz",
      "integrity": "sha1-Jzi9nw089PhEkMVzbEhpmsYyzaM=",
      "dev": true,
      "requires": {
        "es5-ext": "~0.10.2"
      }
    },
    "memoizee": {
      "version": "0.4.14",
      "resolved": "https://registry.npmjs.org/memoizee/-/memoizee-0.4.14.tgz",
      "integrity": "sha512-/SWFvWegAIYAO4NQMpcX+gcra0yEZu4OntmUdrBaWrJncxOqAziGFlHxc7yjKVK2uu3lpPW27P27wkR82wA8mg==",
      "dev": true,
      "requires": {
        "d": "1",
        "es5-ext": "^0.10.45",
        "es6-weak-map": "^2.0.2",
        "event-emitter": "^0.3.5",
        "is-promise": "^2.1",
        "lru-queue": "0.1",
        "next-tick": "1",
        "timers-ext": "^0.1.5"
      }
    },
    "memory-pager": {
      "version": "1.5.0",
      "resolved": "https://registry.npmjs.org/memory-pager/-/memory-pager-1.5.0.tgz",
      "integrity": "sha512-ZS4Bp4r/Zoeq6+NLJpP+0Zzm0pR8whtGPf1XExKLJBAczGMnSi3It14OiNCStjQjM6NU1okjQGSxgEZN8eBYKg==",
      "optional": true
    },
    "mongo-escape": {
      "version": "2.0.6",
      "resolved": "https://registry.npmjs.org/mongo-escape/-/mongo-escape-2.0.6.tgz",
      "integrity": "sha1-AYD6jzfI443qgH5T6jaVFANmLJ4="
    },
    "mongo-uri-builder": {
      "version": "2.0.0",
      "resolved": "https://registry.npmjs.org/mongo-uri-builder/-/mongo-uri-builder-2.0.0.tgz",
      "integrity": "sha512-Il8pAVh+SKcv4rwIGyH/qunRjhz0FZZDVs/u0vlpgkiZ+T4dEajD90qIJJvX46/1pkJ47Z/BQLCaeefgyUSqAA=="
    },
    "mongodb": {
      "version": "3.2.6",
      "resolved": "https://registry.npmjs.org/mongodb/-/mongodb-3.2.6.tgz",
      "integrity": "sha512-qnHc4tjEkHKemuzBq9R7ycYnhFE0Dlpt6+n6suoZp2DcDdqviQ+teloJU24fsOw/PLmr75yGk4mRx/YabjDQEQ==",
      "requires": {
        "mongodb-core": "3.2.6",
        "safe-buffer": "^5.1.2"
      }
    },
    "mongodb-core": {
      "version": "3.2.6",
      "resolved": "https://registry.npmjs.org/mongodb-core/-/mongodb-core-3.2.6.tgz",
      "integrity": "sha512-i+XRVjur9D0ywGF7cFebOUnALnbvMHajdNhhl3TQuopW6QDE655G8CpPeERbqSqfa3rOKEUo08lENDIiBIuAvQ==",
      "requires": {
        "bson": "^1.1.1",
        "require_optional": "^1.0.1",
        "safe-buffer": "^5.1.2",
        "saslprep": "^1.0.0"
      }
    },
    "ms": {
      "version": "2.1.1",
      "resolved": "https://registry.npmjs.org/ms/-/ms-2.1.1.tgz",
      "integrity": "sha512-tgp+dl5cGk28utYktBsrFqA7HKgrhgPsg6Z/EfhWI4gl1Hwq8B/GmY/0oXZ6nF8hDVesS/FpnYaD/kOWhYQvyg=="
    },
    "next-tick": {
      "version": "1.0.0",
      "resolved": "https://registry.npmjs.org/next-tick/-/next-tick-1.0.0.tgz",
      "integrity": "sha1-yobR/ogoFpsBICCOPchCS524NCw=",
      "dev": true
    },
    "objnest": {
      "version": "5.0.6",
      "resolved": "https://registry.npmjs.org/objnest/-/objnest-5.0.6.tgz",
      "integrity": "sha512-KmL5Ah+xJG9+y6Xpm1IQ9EqS9EMEy49ylvhM99+iGFZ7tEErzKW5eRoCSc2cEwjYk9Vkvtu+fOTrR1CiAJfs0w==",
      "requires": {
        "abind": "^1.0.4",
        "extend": "^3.0.2"
      }
    },
    "os-browserify": {
      "version": "0.3.0",
      "resolved": "https://registry.npmjs.org/os-browserify/-/os-browserify-0.3.0.tgz",
      "integrity": "sha1-hUNzx/XCMVkU/Jv8a9gjj92h7Cc="
    },
    "path-browserify": {
      "version": "1.0.0",
      "resolved": "https://registry.npmjs.org/path-browserify/-/path-browserify-1.0.0.tgz",
      "integrity": "sha512-Hkavx/nY4/plImrZPHRk2CL9vpOymZLgEbMNX1U0bjcBL7QN9wODxyx0yaMZURSQaUtSEvDrfAvxa9oPb0at9g=="
    },
    "regenerator-runtime": {
      "version": "0.11.1",
      "resolved": "https://registry.npmjs.org/regenerator-runtime/-/regenerator-runtime-0.11.1.tgz",
      "integrity": "sha512-MguG95oij0fC3QV3URf4V2SDYGJhJnJGqvIIgdECeODCT98wSWDAJ94SSuVpYQUoTcGUIL6L4yNB7j1DFFHSBg==",
      "dev": true
    },
    "require_optional": {
      "version": "1.0.1",
      "resolved": "https://registry.npmjs.org/require_optional/-/require_optional-1.0.1.tgz",
      "integrity": "sha512-qhM/y57enGWHAe3v/NcwML6a3/vfESLe/sGM2dII+gEO0BpKRUkWZow/tyloNqJyN6kXSl3RyyM8Ll5D/sJP8g==",
      "requires": {
        "resolve-from": "^2.0.0",
        "semver": "^5.1.0"
      }
    },
    "resolve-from": {
      "version": "2.0.0",
      "resolved": "https://registry.npmjs.org/resolve-from/-/resolve-from-2.0.0.tgz",
      "integrity": "sha1-lICrIOlP+h2egKgEx+oUdhGWa1c="
    },
    "safe-buffer": {
      "version": "5.1.2",
      "resolved": "https://registry.npmjs.org/safe-buffer/-/safe-buffer-5.1.2.tgz",
      "integrity": "sha512-Gd2UZBJDkXlY7GbJxfsE8/nvKkUEU1G38c1siN6QP6a9PT9MmHB8GnpscSmMJSoF8LOIrt8ud/wPtojys4G6+g=="
    },
    "saslprep": {
      "version": "1.0.3",
      "resolved": "https://registry.npmjs.org/saslprep/-/saslprep-1.0.3.tgz",
      "integrity": "sha512-/MY/PEMbk2SuY5sScONwhUDsV2p77Znkb/q3nSVstq/yQzYJOH/Azh29p9oJLsl3LnQwSvZDKagDGBsBwSooag==",
      "optional": true,
      "requires": {
        "sparse-bitfield": "^3.0.3"
      }
    },
    "semver": {
      "version": "5.7.0",
      "resolved": "https://registry.npmjs.org/semver/-/semver-5.7.0.tgz",
      "integrity": "sha512-Ya52jSX2u7QKghxeoFGpLwCtGlt7j0oY9DYb5apt9nPlJ42ID+ulTXESnt/qAQcoSERyZ5sl3LDIOw0nAn/5DA=="
    },
    "sparse-bitfield": {
      "version": "3.0.3",
      "resolved": "https://registry.npmjs.org/sparse-bitfield/-/sparse-bitfield-3.0.3.tgz",
      "integrity": "sha1-/0rm5oZWBWuks+eSqzM004JzyhE=",
      "optional": true,
      "requires": {
        "memory-pager": "^1.0.2"
      }
    },
    "timers-ext": {
      "version": "0.1.7",
      "resolved": "https://registry.npmjs.org/timers-ext/-/timers-ext-0.1.7.tgz",
      "integrity": "sha512-b85NUNzTSdodShTIbky6ZF02e8STtVVfD+fu4aXXShEELpozH+bCpJLYMPZbsABN2wDH7fJpqIoXxJpzbf0NqQ==",
      "dev": true,
      "requires": {
        "es5-ext": "~0.10.46",
        "next-tick": "1"
      }
    },
    "tv4": {
      "version": "1.3.0",
      "resolved": "https://registry.npmjs.org/tv4/-/tv4-1.3.0.tgz",
      "integrity": "sha1-0CDIRvrdUMhVq7JeuuzGj8EPeWM=",
      "dev": true
    },
    "uuid": {
      "version": "3.3.2",
      "resolved": "https://registry.npmjs.org/uuid/-/uuid-3.3.2.tgz",
      "integrity": "sha512-yXJmeNaw3DnnKAOKJE51sL/ZaYfWJRl1pK9dr19YFCu0ObS231AB1/LbqTKRAQ5kw8A90rA6fr4riOUpTZvQZA=="
    },
    "yallist": {
      "version": "3.0.3",
      "resolved": "https://registry.npmjs.org/yallist/-/yallist-3.0.3.tgz",
      "integrity": "sha512-S+Zk8DEWE6oKpV+vI3qWkaK+jSbIK86pCwe2IF/xwIpQ8jEuxpw9NyaGjmp9+BoJv5FV2piqCDcoCtStppiq2A==",
      "dev": true
    }
  }
}
