{
  "dependencies": {
    "eslint-config-prettier": {
      "integrity": "sha512-y0uWc/FRfrHhpPZCYflWC8aE0KRJRY04rdZVfl8cL3sEZmOYyaBdhdlQPjKZBnuRMyLVK+JUZr7HaZFClQiH4w==",
      "requires": {
        "get-stdin": "^6.0.0"
      },
      "resolved": "https://registry.npmjs.org/eslint-config-prettier/-/eslint-config-prettier-4.2.0.tgz",
      "version": "4.2.0"
    },
    "get-stdin": {
      "integrity": "sha512-jp4tHawyV7+fkkSKyvjuLZswblUtz+SQKzSWnBbii16BuZksJlU1wuBYXY75r+duh/llF1ur6oNwi+2ZzjKZ7g==",
      "resolved": "https://registry.npmjs.org/get-stdin/-/get-stdin-6.0.0.tgz",
      "version": "6.0.0"
    }
  },
  "lockfileVersion": 1,
  "name": "@the-/eslint-config-prettier",
  "requires": true,
  "version": "15.4.0"
}
