{
  "name": "@the-/mixin-stream",
  "version": "15.1.4",
  "lockfileVersion": 1,
  "requires": true,
  "dependencies": {
    "@the-/check": {
      "version": "15.1.4",
      "resolved": "https://registry.npmjs.org/@the-/check/-/check-15.1.4.tgz",
      "integrity": "sha512-2cgy2z7MgTHY2pzW/EfSDP00CFuuMszWGl/FbNdNstyuvzpoDMp5f2C976Sr8CfT/GvZHu/lGfd+pKJ/k83yjg==",
      "requires": {
        "@the-/window": "^15.0.2",
        "asenv": "^3.0.1",
        "bowser": "^2.1.0",
        "hasbin": "^1.2.3",
        "os-browserify": "^0.3.0",
        "path-browserify": "^1.0.0"
      }
    },
    "@the-/script-build": {
      "version": "file:../script-build",
      "dev": true
    },
    "@the-/script-doc": {
      "version": "file:../script-doc",
      "dev": true
    },
    "@the-/script-test": {
      "version": "file:../script-test",
      "dev": true
    },
    "@the-/templates": {
      "version": "file:../templates",
      "dev": true
    },
    "@the-/window": {
      "version": "15.1.4",
      "resolved": "https://registry.npmjs.org/@the-/window/-/window-15.1.4.tgz",
      "integrity": "sha512-2b+A6pA7G3yxTVEFDPccH+dSQAY/1vTBOdcxFf6jREMfTweCgIIK1ws61IA92WzKlwiiyMWc+8u553lP43D5AQ==",
      "requires": {
        "bwindow": "^2.0.2",
        "debug": "^4.1.1"
      }
    },
    "asenv": {
      "version": "3.0.1",
      "resolved": "https://registry.npmjs.org/asenv/-/asenv-3.0.1.tgz",
      "integrity": "sha512-KPZ99LeR+R18xR82g5w8kMjNdo0BMWTtYs+nIER/SKetBhl5sEHlVbgB/QKFJxLynRsDdgz6DNGdX6CWT+Tycg=="
    },
    "async": {
      "version": "1.5.2",
      "resolved": "https://registry.npmjs.org/async/-/async-1.5.2.tgz",
      "integrity": "sha1-7GphrlZIDAw8skHJVhjiCJL5Zyo="
    },
    "bowser": {
      "version": "2.1.2",
      "resolved": "https://registry.npmjs.org/bowser/-/bowser-2.1.2.tgz",
      "integrity": "sha512-K64ZigDayqlptyKVEiCDPPKQ2/SyPT/jsgJPwZOcpR3WA2bYojlHLeTHN+IRc/vbMz3F6CV62nnAo01+0zYrsQ=="
    },
    "bwindow": {
      "version": "2.0.3",
      "resolved": "https://registry.npmjs.org/bwindow/-/bwindow-2.0.3.tgz",
      "integrity": "sha512-UfWQL9Zr9ORD2oTFNzzkGk4ve1GMd8iZ2AF/ozIordNtxkGs68Oa1QkemsVX0i7FWZE5T6mIR7LV9Pa3q+4d3w=="
    },
    "debug": {
      "version": "4.1.1",
      "resolved": "https://registry.npmjs.org/debug/-/debug-4.1.1.tgz",
      "integrity": "sha512-pYAIzeRo8J6KPEaJ0VWOh5Pzkbw/RetuzehGM7QRRX5he4fPHx2rdKMB256ehJCkX+XRQm16eZLqLNS8RSZXZw==",
      "requires": {
        "ms": "^2.1.1"
      }
    },
    "hasbin": {
      "version": "1.2.3",
      "resolved": "https://registry.npmjs.org/hasbin/-/hasbin-1.2.3.tgz",
      "integrity": "sha1-eMWSaJPIAhXCtWiuH9P8q3omlrA=",
      "requires": {
        "async": "~1.5"
      }
    },
    "ms": {
      "version": "2.1.1",
      "resolved": "https://registry.npmjs.org/ms/-/ms-2.1.1.tgz",
      "integrity": "sha512-tgp+dl5cGk28utYktBsrFqA7HKgrhgPsg6Z/EfhWI4gl1Hwq8B/GmY/0oXZ6nF8hDVesS/FpnYaD/kOWhYQvyg=="
    },
    "os-browserify": {
      "version": "0.3.0",
      "resolved": "https://registry.npmjs.org/os-browserify/-/os-browserify-0.3.0.tgz",
      "integrity": "sha1-hUNzx/XCMVkU/Jv8a9gjj92h7Cc="
    },
    "path-browserify": {
      "version": "1.0.0",
      "resolved": "https://registry.npmjs.org/path-browserify/-/path-browserify-1.0.0.tgz",
      "integrity": "sha512-Hkavx/nY4/plImrZPHRk2CL9vpOymZLgEbMNX1U0bjcBL7QN9wODxyx0yaMZURSQaUtSEvDrfAvxa9oPb0at9g=="
    }
  }
}
