{
  "name": "@the-/mixin-stream",
  "version": "15.4.2",
  "lockfileVersion": 1,
  "requires": true,
  "dependencies": {
    "@the-/check": {
      "version": "15.5.0",
      "resolved": "https://registry.npmjs.org/@the-/check/-/check-15.5.0.tgz",
      "integrity": "sha512-PIbAGEsT44eqaVT/Ph5NfJOzsw4X0mi0HVZzQq5QkBy5Vmh+g4ZvCQA5+l5AGkZu7KLqkufDfFiuAlX47qigyA==",
      "requires": {
        "@the-/window": "^15.4.1",
        "asenv": "^3.0.2",
        "bowser": "^2.4.0",
        "os-browserify": "^0.3.0",
        "path-browserify": "^1.0.0"
      }
    },
    "@the-/window": {
      "version": "15.4.1",
      "resolved": "https://registry.npmjs.org/@the-/window/-/window-15.4.1.tgz",
      "integrity": "sha512-Vok/8QKwaxz/n6qvkK9TA88gi/KlIsjFfMKT4MikFSjUqlEGjfgX+sG9jZB/mgZ4XsCWwkfz4ZAIVT7+5LDJAQ==",
      "requires": {
        "bwindow": "^2.0.3",
        "debug": "^4.1.1"
      }
    },
    "asenv": {
      "version": "3.0.2",
      "resolved": "https://registry.npmjs.org/asenv/-/asenv-3.0.2.tgz",
      "integrity": "sha512-I8jsgk723Dn7OAvbK1iaEqWcvldQSDsjxe45E3wj8ixLRLGY3SIAoZp9OXfAdEUjFO+g/hHp+1W8JZe4CvGUJQ=="
    },
    "bowser": {
      "version": "2.4.0",
      "resolved": "https://registry.npmjs.org/bowser/-/bowser-2.4.0.tgz",
      "integrity": "sha512-DA9Opnb8S8TBLPPszrHDtCCATbAMkrxF+AxPs/d95r99frBioGpNwL1cbG3AHeV3FnoZW655vEvEryBHFeGrMg=="
    },
    "bwindow": {
      "version": "2.0.3",
      "resolved": "https://registry.npmjs.org/bwindow/-/bwindow-2.0.3.tgz",
      "integrity": "sha512-UfWQL9Zr9ORD2oTFNzzkGk4ve1GMd8iZ2AF/ozIordNtxkGs68Oa1QkemsVX0i7FWZE5T6mIR7LV9Pa3q+4d3w=="
    },
    "debug": {
      "version": "4.1.1",
      "resolved": "https://registry.npmjs.org/debug/-/debug-4.1.1.tgz",
      "integrity": "sha512-pYAIzeRo8J6KPEaJ0VWOh5Pzkbw/RetuzehGM7QRRX5he4fPHx2rdKMB256ehJCkX+XRQm16eZLqLNS8RSZXZw==",
      "requires": {
        "ms": "^2.1.1"
      }
    },
    "ms": {
      "version": "2.1.1",
      "resolved": "https://registry.npmjs.org/ms/-/ms-2.1.1.tgz",
      "integrity": "sha512-tgp+dl5cGk28utYktBsrFqA7HKgrhgPsg6Z/EfhWI4gl1Hwq8B/GmY/0oXZ6nF8hDVesS/FpnYaD/kOWhYQvyg=="
    },
    "os-browserify": {
      "version": "0.3.0",
      "resolved": "https://registry.npmjs.org/os-browserify/-/os-browserify-0.3.0.tgz",
      "integrity": "sha1-hUNzx/XCMVkU/Jv8a9gjj92h7Cc="
    },
    "path-browserify": {
      "version": "1.0.0",
      "resolved": "https://registry.npmjs.org/path-browserify/-/path-browserify-1.0.0.tgz",
      "integrity": "sha512-Hkavx/nY4/plImrZPHRk2CL9vpOymZLgEbMNX1U0bjcBL7QN9wODxyx0yaMZURSQaUtSEvDrfAvxa9oPb0at9g=="
    }
  }
}
