{
  "name": "@the-/controller",
  "version": "15.2.2",
  "lockfileVersion": 1,
  "requires": true,
  "dependencies": {
    "@the-/check": {
      "version": "15.2.6",
      "resolved": "https://registry.npmjs.org/@the-/check/-/check-15.2.6.tgz",
      "integrity": "sha512-gRp6LenGXIY3Y7D3OtN0m5WuRrLvPwKnOf1/x+30cgT8E56citZDJnf6HFQ5Yfo+TaAEXLEN1u15m/H+2tI99g==",
      "requires": {
        "@the-/window": "^15.2.0",
        "asenv": "^3.0.2",
        "bowser": "^2.3.0",
        "hasbin": "^1.2.3",
        "os-browserify": "^0.3.0",
        "path-browserify": "^1.0.0"
      }
    },
    "@the-/error": {
      "version": "15.2.0",
      "resolved": "https://registry.npmjs.org/@the-/error/-/error-15.2.0.tgz",
      "integrity": "sha512-PiC456KnRYwZMIcPrIHcFdW8ZUOWqQYbW9cStXBp8OCY4KUjLtmdDDewaK0iCiYCkirwMIqr7QqyssZOhps/JA=="
    },
    "@the-/window": {
      "version": "15.2.0",
      "resolved": "https://registry.npmjs.org/@the-/window/-/window-15.2.0.tgz",
      "integrity": "sha512-KgHYIt53HFZ+Z3M05ZEAInbWMZzPBZeAqhRMjj2FiSAZas5jO3fge69XtHzTSNDM2plIZpGKcELYRjxkCIDDmA==",
      "requires": {
        "bwindow": "^2.0.3",
        "debug": "^4.1.1"
      }
    },
    "asenv": {
      "version": "3.0.2",
      "resolved": "https://registry.npmjs.org/asenv/-/asenv-3.0.2.tgz",
      "integrity": "sha512-I8jsgk723Dn7OAvbK1iaEqWcvldQSDsjxe45E3wj8ixLRLGY3SIAoZp9OXfAdEUjFO+g/hHp+1W8JZe4CvGUJQ=="
    },
    "asleep": {
      "version": "1.0.3",
      "resolved": "https://registry.npmjs.org/asleep/-/asleep-1.0.3.tgz",
      "integrity": "sha1-oQTiSsIpVjxCXk6n51tXihnuIY4="
    },
    "asobj": {
      "version": "3.0.1",
      "resolved": "https://registry.npmjs.org/asobj/-/asobj-3.0.1.tgz",
      "integrity": "sha512-cIcpnl6/RU6n6LhdO2Cgno8FsAbncOxKmbG7oWvi2iO4nA7GwuYAmnVigugp5u6BYKwJxWc2/Z4NtVbGXQ6xcw==",
      "requires": {
        "deep-equal": "^1.0.1"
      }
    },
    "async": {
      "version": "1.5.2",
      "resolved": "https://registry.npmjs.org/async/-/async-1.5.2.tgz",
      "integrity": "sha1-7GphrlZIDAw8skHJVhjiCJL5Zyo="
    },
    "bowser": {
      "version": "2.3.0",
      "resolved": "https://registry.npmjs.org/bowser/-/bowser-2.3.0.tgz",
      "integrity": "sha512-qaw3ZkREeT6HfHxr7HAY/xUdJHiopfktBUrctrlaLImZZYW82mLvHd04Fg3Zp/mnbt+YrMfX7PImZIL+65h7FQ=="
    },
    "bwindow": {
      "version": "2.0.3",
      "resolved": "https://registry.npmjs.org/bwindow/-/bwindow-2.0.3.tgz",
      "integrity": "sha512-UfWQL9Zr9ORD2oTFNzzkGk4ve1GMd8iZ2AF/ozIordNtxkGs68Oa1QkemsVX0i7FWZE5T6mIR7LV9Pa3q+4d3w=="
    },
    "debug": {
      "version": "4.1.1",
      "resolved": "https://registry.npmjs.org/debug/-/debug-4.1.1.tgz",
      "integrity": "sha512-pYAIzeRo8J6KPEaJ0VWOh5Pzkbw/RetuzehGM7QRRX5he4fPHx2rdKMB256ehJCkX+XRQm16eZLqLNS8RSZXZw==",
      "requires": {
        "ms": "^2.1.1"
      },
      "dependencies": {
        "ms": {
          "version": "2.1.1",
          "resolved": "https://registry.npmjs.org/ms/-/ms-2.1.1.tgz",
          "integrity": "sha512-tgp+dl5cGk28utYktBsrFqA7HKgrhgPsg6Z/EfhWI4gl1Hwq8B/GmY/0oXZ6nF8hDVesS/FpnYaD/kOWhYQvyg=="
        }
      }
    },
    "deep-equal": {
      "version": "1.0.1",
      "resolved": "https://registry.npmjs.org/deep-equal/-/deep-equal-1.0.1.tgz",
      "integrity": "sha1-9dJgKStmDghO/0zbyfCK0yR0SLU="
    },
    "hasbin": {
      "version": "1.2.3",
      "resolved": "https://registry.npmjs.org/hasbin/-/hasbin-1.2.3.tgz",
      "integrity": "sha1-eMWSaJPIAhXCtWiuH9P8q3omlrA=",
      "requires": {
        "async": "~1.5"
      }
    },
    "os-browserify": {
      "version": "0.3.0",
      "resolved": "https://registry.npmjs.org/os-browserify/-/os-browserify-0.3.0.tgz",
      "integrity": "sha1-hUNzx/XCMVkU/Jv8a9gjj92h7Cc="
    },
    "path-browserify": {
      "version": "1.0.0",
      "resolved": "https://registry.npmjs.org/path-browserify/-/path-browserify-1.0.0.tgz",
      "integrity": "sha512-Hkavx/nY4/plImrZPHRk2CL9vpOymZLgEbMNX1U0bjcBL7QN9wODxyx0yaMZURSQaUtSEvDrfAvxa9oPb0at9g=="
    },
    "qs": {
      "version": "6.7.0",
      "resolved": "https://registry.npmjs.org/qs/-/qs-6.7.0.tgz",
      "integrity": "sha512-VCdBRNFTX1fyE7Nb6FYoURo/SPe62QCaAyzJvUjwRaIsc+NePBEniHlvxFmmX56+HZphIGtV0XeCirBtpDrTyQ=="
    }
  }
}
